// !$*UTF8*$!
{
	archiveVersion = 1;
	classes = {
	};
	objectVersion = 77;
	objects = {

/* Begin PBXContainerItemProxy section */
		3C8194482CA6470B0076A5D0 /* PBXContainerItemProxy */ = {
			isa = PBXContainerItemProxy;
			containerPortal = 3C8194292CA6470A0076A5D0 /* Project object */;
			proxyType = 1;
			remoteGlobalIDString = 3C8194302CA6470A0076A5D0;
			remoteInfo = "iOS18-UITableView";
		};
		3C8194522CA6470B0076A5D0 /* PBXContainerItemProxy */ = {
			isa = PBXContainerItemProxy;
			containerPortal = 3C8194292CA6470A0076A5D0 /* Project object */;
			proxyType = 1;
			remoteGlobalIDString = 3C8194302CA6470A0076A5D0;
			remoteInfo = "iOS18-UITableView";
		};
/* End PBXContainerItemProxy section */

/* Begin PBXFileReference section */
		3C8194312CA6470A0076A5D0 /* iOS18-UITableView.app */ = {isa = PBXFileReference; explicitFileType = wrapper.application; includeInIndex = 0; path = "iOS18-UITableView.app"; sourceTree = BUILT_PRODUCTS_DIR; };
		3C8194472CA6470B0076A5D0 /* iOS18-UITableViewTests.xctest */ = {isa = PBXFileReference; explicitFileType = wrapper.cfbundle; includeInIndex = 0; path = "iOS18-UITableViewTests.xctest"; sourceTree = BUILT_PRODUCTS_DIR; };
		3C8194512CA6470B0076A5D0 /* iOS18-UITableViewUITests.xctest */ = {isa = PBXFileReference; explicitFileType = wrapper.cfbundle; includeInIndex = 0; path = "iOS18-UITableViewUITests.xctest"; sourceTree = BUILT_PRODUCTS_DIR; };
/* End PBXFileReference section */

/* Begin PBXFileSystemSynchronizedBuildFileExceptionSet section */
		3C8194592CA6470B0076A5D0 /* Exceptions for "iOS18-UITableView" folder in "iOS18-UITableView" target */ = {
			isa = PBXFileSystemSynchronizedBuildFileExceptionSet;
			membershipExceptions = (
				Info.plist,
			);
			target = 3C8194302CA6470A0076A5D0 /* iOS18-UITableView */;
		};
/* End PBXFileSystemSynchronizedBuildFileExceptionSet section */

/* Begin PBXFileSystemSynchronizedRootGroup section */
		3C8194332CA6470A0076A5D0 /* iOS18-UITableView */ = {
			isa = PBXFileSystemSynchronizedRootGroup;
			exceptions = (
				3C8194592CA6470B0076A5D0 /* Exceptions for "iOS18-UITableView" folder in "iOS18-UITableView" target */,
			);
			path = "iOS18-UITableView";
			sourceTree = "<group>";
		};
		3C81944A2CA6470B0076A5D0 /* iOS18-UITableViewTests */ = {
			isa = PBXFileSystemSynchronizedRootGroup;
			path = "iOS18-UITableViewTests";
			sourceTree = "<group>";
		};
		3C8194542CA6470B0076A5D0 /* iOS18-UITableViewUITests */ = {
			isa = PBXFileSystemSynchronizedRootGroup;
			path = "iOS18-UITableViewUITests";
			sourceTree = "<group>";
		};
/* End PBXFileSystemSynchronizedRootGroup section */

/* Begin PBXFrameworksBuildPhase section */
		3C81942E2CA6470A0076A5D0 /* Frameworks */ = {
			isa = PBXFrameworksBuildPhase;
			buildActionMask = 2147483647;
			files = (
			);
			runOnlyForDeploymentPostprocessing = 0;
		};
		3C8194442CA6470B0076A5D0 /* Frameworks */ = {
			isa = PBXFrameworksBuildPhase;
			buildActionMask = 2147483647;
			files = (
			);
			runOnlyForDeploymentPostprocessing = 0;
		};
		3C81944E2CA6470B0076A5D0 /* Frameworks */ = {
			isa = PBXFrameworksBuildPhase;
			buildActionMask = 2147483647;
			files = (
			);
			runOnlyForDeploymentPostprocessing = 0;
		};
/* End PBXFrameworksBuildPhase section */

/* Begin PBXGroup section */
		3C8194282CA6470A0076A5D0 = {
			isa = PBXGroup;
			children = (
				3C8194332CA6470A0076A5D0 /* iOS18-UITableView */,
				3C81944A2CA6470B0076A5D0 /* iOS18-UITableViewTests */,
				3C8194542CA6470B0076A5D0 /* iOS18-UITableViewUITests */,
				3C8194322CA6470A0076A5D0 /* Products */,
			);
			sourceTree = "<group>";
		};
		3C8194322CA6470A0076A5D0 /* Products */ = {
			isa = PBXGroup;
			children = (
				3C8194312CA6470A0076A5D0 /* iOS18-UITableView.app */,
				3C8194472CA6470B0076A5D0 /* iOS18-UITableViewTests.xctest */,
				3C8194512CA6470B0076A5D0 /* iOS18-UITableViewUITests.xctest */,
			);
			name = Products;
			sourceTree = "<group>";
		};
/* End PBXGroup section */

/* Begin PBXNativeTarget section */
		3C8194302CA6470A0076A5D0 /* iOS18-UITableView */ = {
			isa = PBXNativeTarget;
			buildConfigurationList = 3C81945A2CA6470B0076A5D0 /* Build configuration list for PBXNativeTarget "iOS18-UITableView" */;
			buildPhases = (
				3C81942D2CA6470A0076A5D0 /* Sources */,
				3C81942E2CA6470A0076A5D0 /* Frameworks */,
				3C81942F2CA6470A0076A5D0 /* Resources */,
			);
			buildRules = (
			);
			dependencies = (
			);
			fileSystemSynchronizedGroups = (
				3C8194332CA6470A0076A5D0 /* iOS18-UITableView */,
			);
			name = "iOS18-UITableView";
			packageProductDependencies = (
			);
			productName = "iOS18-UITableView";
			productReference = 3C8194312CA6470A0076A5D0 /* iOS18-UITableView.app */;
			productType = "com.apple.product-type.application";
		};
		3C8194462CA6470B0076A5D0 /* iOS18-UITableViewTests */ = {
			isa = PBXNativeTarget;
			buildConfigurationList = 3C81945F2CA6470B0076A5D0 /* Build configuration list for PBXNativeTarget "iOS18-UITableViewTests" */;
			buildPhases = (
				3C8194432CA6470B0076A5D0 /* Sources */,
				3C8194442CA6470B0076A5D0 /* Frameworks */,
				3C8194452CA6470B0076A5D0 /* Resources */,
			);
			buildRules = (
			);
			dependencies = (
				3C8194492CA6470B0076A5D0 /* PBXTargetDependency */,
			);
			fileSystemSynchronizedGroups = (
				3C81944A2CA6470B0076A5D0 /* iOS18-UITableViewTests */,
			);
			name = "iOS18-UITableViewTests";
			packageProductDependencies = (
			);
			productName = "iOS18-UITableViewTests";
			productReference = 3C8194472CA6470B0076A5D0 /* iOS18-UITableViewTests.xctest */;
			productType = "com.apple.product-type.bundle.unit-test";
		};
		3C8194502CA6470B0076A5D0 /* iOS18-UITableViewUITests */ = {
			isa = PBXNativeTarget;
			buildConfigurationList = 3C8194622CA6470B0076A5D0 /* Build configuration list for PBXNativeTarget "iOS18-UITableViewUITests" */;
			buildPhases = (
				3C81944D2CA6470B0076A5D0 /* Sources */,
				3C81944E2CA6470B0076A5D0 /* Frameworks */,
				3C81944F2CA6470B0076A5D0 /* Resources */,
			);
			buildRules = (
			);
			dependencies = (
				3C8194532CA6470B0076A5D0 /* PBXTargetDependency */,
			);
			fileSystemSynchronizedGroups = (
				3C8194542CA6470B0076A5D0 /* iOS18-UITableViewUITests */,
			);
			name = "iOS18-UITableViewUITests";
			packageProductDependencies = (
			);
			productName = "iOS18-UITableViewUITests";
			productReference = 3C8194512CA6470B0076A5D0 /* iOS18-UITableViewUITests.xctest */;
			productType = "com.apple.product-type.bundle.ui-testing";
		};
/* End PBXNativeTarget section */

/* Begin PBXProject section */
		3C8194292CA6470A0076A5D0 /* Project object */ = {
			isa = PBXProject;
			attributes = {
				BuildIndependentTargetsInParallel = 1;
				LastSwiftUpdateCheck = 1600;
				LastUpgradeCheck = 1600;
				TargetAttributes = {
					3C8194302CA6470A0076A5D0 = {
						CreatedOnToolsVersion = 16.0;
					};
					3C8194462CA6470B0076A5D0 = {
						CreatedOnToolsVersion = 16.0;
						TestTargetID = 3C8194302CA6470A0076A5D0;
					};
					3C8194502CA6470B0076A5D0 = {
						CreatedOnToolsVersion = 16.0;
						TestTargetID = 3C8194302CA6470A0076A5D0;
					};
				};
			};
			buildConfigurationList = 3C81942C2CA6470A0076A5D0 /* Build configuration list for PBXProject "iOS18-UITableView" */;
			developmentRegion = en;
			hasScannedForEncodings = 0;
			knownRegions = (
				en,
				Base,
			);
			mainGroup = 3C8194282CA6470A0076A5D0;
			minimizedProjectReferenceProxies = 1;
			preferredProjectObjectVersion = 77;
			productRefGroup = 3C8194322CA6470A0076A5D0 /* Products */;
			projectDirPath = "";
			projectRoot = "";
			targets = (
				3C8194302CA6470A0076A5D0 /* iOS18-UITableView */,
				3C8194462CA6470B0076A5D0 /* iOS18-UITableViewTests */,
				3C8194502CA6470B0076A5D0 /* iOS18-UITableViewUITests */,
			);
		};
/* End PBXProject section */

/* Begin PBXResourcesBuildPhase section */
		3C81942F2CA6470A0076A5D0 /* Resources */ = {
			isa = PBXResourcesBuildPhase;
			buildActionMask = 2147483647;
			files = (
			);
			runOnlyForDeploymentPostprocessing = 0;
		};
		3C8194452CA6470B0076A5D0 /* Resources */ = {
			isa = PBXResourcesBuildPhase;
			buildActionMask = 2147483647;
			files = (
			);
			runOnlyForDeploymentPostprocessing = 0;
		};
		3C81944F2CA6470B0076A5D0 /* Resources */ = {
			isa = PBXResourcesBuildPhase;
			buildActionMask = 2147483647;
			files = (
			);
			runOnlyForDeploymentPostprocessing = 0;
		};
/* End PBXResourcesBuildPhase section */

/* Begin PBXSourcesBuildPhase section */
		3C81942D2CA6470A0076A5D0 /* Sources */ = {
			isa = PBXSourcesBuildPhase;
			buildActionMask = 2147483647;
			files = (
			);
			runOnlyForDeploymentPostprocessing = 0;
		};
		3C8194432CA6470B0076A5D0 /* Sources */ = {
			isa = PBXSourcesBuildPhase;
			buildActionMask = 2147483647;
			files = (
			);
			runOnlyForDeploymentPostprocessing = 0;
		};
		3C81944D2CA6470B0076A5D0 /* Sources */ = {
			isa = PBXSourcesBuildPhase;
			buildActionMask = 2147483647;
			files = (
			);
			runOnlyForDeploymentPostprocessing = 0;
		};
/* End PBXSourcesBuildPhase section */

/* Begin PBXTargetDependency section */
		3C8194492CA6470B0076A5D0 /* PBXTargetDependency */ = {
			isa = PBXTargetDependency;
			target = 3C8194302CA6470A0076A5D0 /* iOS18-UITableView */;
			targetProxy = 3C8194482CA6470B0076A5D0 /* PBXContainerItemProxy */;
		};
		3C8194532CA6470B0076A5D0 /* PBXTargetDependency */ = {
			isa = PBXTargetDependency;
			target = 3C8194302CA6470A0076A5D0 /* iOS18-UITableView */;
			targetProxy = 3C8194522CA6470B0076A5D0 /* PBXContainerItemProxy */;
		};
/* End PBXTargetDependency section */

/* Begin XCBuildConfiguration section */
		3C81945B2CA6470B0076A5D0 /* Debug */ = {
			isa = XCBuildConfiguration;
			buildSettings = {
				ASSETCATALOG_COMPILER_APPICON_NAME = AppIcon;
				ASSETCATALOG_COMPILER_GLOBAL_ACCENT_COLOR_NAME = AccentColor;
				CODE_SIGN_STYLE = Automatic;
				CURRENT_PROJECT_VERSION = 1;
				GENERATE_INFOPLIST_FILE = YES;
				INFOPLIST_FILE = "iOS18-UITableView/Info.plist";
				INFOPLIST_KEY_UIApplicationSupportsIndirectInputEvents = YES;
				INFOPLIST_KEY_UILaunchStoryboardName = LaunchScreen;
				INFOPLIST_KEY_UIMainStoryboardFile = Main;
				INFOPLIST_KEY_UISupportedInterfaceOrientations_iPad = "UIInterfaceOrientationPortrait UIInterfaceOrientationPortraitUpsideDown UIInterfaceOrientationLandscapeLeft UIInterfaceOrientationLandscapeRight";
				INFOPLIST_KEY_UISupportedInterfaceOrientations_iPhone = "UIInterfaceOrientationPortrait UIInterfaceOrientationLandscapeLeft UIInterfaceOrientationLandscapeRight";
				LD_RUNPATH_SEARCH_PATHS = (
					"$(inherited)",
					"@executable_path/Frameworks",
				);
				MARKETING_VERSION = 1.0;
				PRODUCT_BUNDLE_IDENTIFIER = "com.abc.edu.yf.iOS18-UITableView";
				PRODUCT_NAME = "$(TARGET_NAME)";
				SWIFT_EMIT_LOC_STRINGS = YES;
				SWIFT_VERSION = 5.0;
				TARGETED_DEVICE_FAMILY = "1,2";
			};
			name = Debug;
		};
		3C81945C2CA6470B0076A5D0 /* Release */ = {
			isa = XCBuildConfiguration;
			buildSettings = {
				ASSETCATALOG_COMPILER_APPICON_NAME = AppIcon;
				ASSETCATALOG_COMPILER_GLOBAL_ACCENT_COLOR_NAME = AccentColor;
				CODE_SIGN_STYLE = Automatic;
				CURRENT_PROJECT_VERSION = 1;
				GENERATE_INFOPLIST_FILE = YES;
				INFOPLIST_FILE = "iOS18-UITableView/Info.plist";
				INFOPLIST_KEY_UIApplicationSupportsIndirectInputEvents = YES;
				INFOPLIST_KEY_UILaunchStoryboardName = LaunchScreen;
				INFOPLIST_KEY_UIMainStoryboardFile = Main;
				INFOPLIST_KEY_UISupportedInterfaceOrientations_iPad = "UIInterfaceOrientationPortrait UIInterfaceOrientationPortraitUpsideDown UIInterfaceOrientationLandscapeLeft UIInterfaceOrientationLandscapeRight";
				INFOPLIST_KEY_UISupportedInterfaceOrientations_iPhone = "UIInterfaceOrientationPortrait UIInterfaceOrientationLandscapeLeft UIInterfaceOrientationLandscapeRight";
				LD_RUNPATH_SEARCH_PATHS = (
					"$(inherited)",
					"@executable_path/Frameworks",
				);
				MARKETING_VERSION = 1.0;
				PRODUCT_BUNDLE_IDENTIFIER = "com.abc.edu.yf.iOS18-UITableView";
				PRODUCT_NAME = "$(TARGET_NAME)";
				SWIFT_EMIT_LOC_STRINGS = YES;
				SWIFT_VERSION = 5.0;
				TARGETED_DEVICE_FAMILY = "1,2";
			};
			name = Release;
		};
		3C81945D2CA6470B0076A5D0 /* Debug */ = {
			isa = XCBuildConfiguration;
			buildSettings = {
				ALWAYS_SEARCH_USER_PATHS = NO;
				ASSETCATALOG_COMPILER_GENERATE_SWIFT_ASSET_SYMBOL_EXTENSIONS = YES;
				CLANG_ANALYZER_NONNULL = YES;
				CLANG_ANALYZER_NUMBER_OBJECT_CONVERSION = YES_AGGRESSIVE;
				CLANG_CXX_LANGUAGE_STANDARD = "gnu++20";
				CLANG_ENABLE_MODULES = YES;
				CLANG_ENABLE_OBJC_ARC = YES;
				CLANG_ENABLE_OBJC_WEAK = YES;
				CLANG_WARN_BLOCK_CAPTURE_AUTORELEASING = YES;
				CLANG_WARN_BOOL_CONVERSION = YES;
				CLANG_WARN_COMMA = YES;
				CLANG_WARN_CONSTANT_CONVERSION = YES;
				CLANG_WARN_DEPRECATED_OBJC_IMPLEMENTATIONS = YES;
				CLANG_WARN_DIRECT_OBJC_ISA_USAGE = YES_ERROR;
				CLANG_WARN_DOCUMENTATION_COMMENTS = YES;
				CLANG_WARN_EMPTY_BODY = YES;
				CLANG_WARN_ENUM_CONVERSION = YES;
				CLANG_WARN_INFINITE_RECURSION = YES;
				CLANG_WARN_INT_CONVERSION = YES;
				CLANG_WARN_NON_LITERAL_NULL_CONVERSION = YES;
				CLANG_WARN_OBJC_IMPLICIT_RETAIN_SELF = YES;
				CLANG_WARN_OBJC_LITERAL_CONVERSION = YES;
				CLANG_WARN_OBJC_ROOT_CLASS = YES_ERROR;
				CLANG_WARN_QUOTED_INCLUDE_IN_FRAMEWORK_HEADER = YES;
				CLANG_WARN_RANGE_LOOP_ANALYSIS = YES;
				CLANG_WARN_STRICT_PROTOTYPES = YES;
				CLANG_WARN_SUSPICIOUS_MOVE = YES;
				CLANG_WARN_UNGUARDED_AVAILABILITY = YES_AGGRESSIVE;
				CLANG_WARN_UNREACHABLE_CODE = YES;
				CLANG_WARN__DUPLICATE_METHOD_MATCH = YES;
				COPY_PHASE_STRIP = NO;
				DEBUG_INFORMATION_FORMAT = dwarf;
				ENABLE_STRICT_OBJC_MSGSEND = YES;
				ENABLE_TESTABILITY = YES;
				ENABLE_USER_SCRIPT_SANDBOXING = YES;
				GCC_C_LANGUAGE_STANDARD = gnu17;
				GCC_DYNAMIC_NO_PIC = NO;
				GCC_NO_COMMON_BLOCKS = YES;
				GCC_OPTIMIZATION_LEVEL = 0;
				GCC_PREPROCESSOR_DEFINITIONS = (
					"DEBUG=1",
					"$(inherited)",
				);
				GCC_WARN_64_TO_32_BIT_CONVERSION = YES;
				GCC_WARN_ABOUT_RETURN_TYPE = YES_ERROR;
				GCC_WARN_UNDECLARED_SELECTOR = YES;
				GCC_WARN_UNINITIALIZED_AUTOS = YES_AGGRESSIVE;
				GCC_WARN_UNUSED_FUNCTION = YES;
				GCC_WARN_UNUSED_VARIABLE = YES;
				IPHONEOS_DEPLOYMENT_TARGET = 18.0;
				LOCALIZATION_PREFERS_STRING_CATALOGS = YES;
				MTL_ENABLE_DEBUG_INFO = INCLUDE_SOURCE;
				MTL_FAST_MATH = YES;
				ONLY_ACTIVE_ARCH = YES;
				SDKROOT = iphoneos;
				SWIFT_ACTIVE_COMPILATION_CONDITIONS = "DEBUG $(inherited)";
				SWIFT_OPTIMIZATION_LEVEL = "-Onone";
			};
			name = Debug;
		};
		3C81945E2CA6470B0076A5D0 /* Release */ = {
			isa = XCBuildConfiguration;
			buildSettings = {
				ALWAYS_SEARCH_USER_PATHS = NO;
				ASSETCATALOG_COMPILER_GENERATE_SWIFT_ASSET_SYMBOL_EXTENSIONS = YES;
				CLANG_ANALYZER_NONNULL = YES;
				CLANG_ANALYZER_NUMBER_OBJECT_CONVERSION = YES_AGGRESSIVE;
				CLANG_CXX_LANGUAGE_STANDARD = "gnu++20";
				CLANG_ENABLE_MODULES = YES;
				CLANG_ENABLE_OBJC_ARC = YES;
				CLANG_ENABLE_OBJC_WEAK = YES;
				CLANG_WARN_BLOCK_CAPTURE_AUTORELEASING = YES;
				CLANG_WARN_BOOL_CONVERSION = YES;
				CLANG_WARN_COMMA = YES;
				CLANG_WARN_CONSTANT_CONVERSION = YES;
				CLANG_WARN_DEPRECATED_OBJC_IMPLEMENTATIONS = YES;
				CLANG_WARN_DIRECT_OBJC_ISA_USAGE = YES_ERROR;
				CLANG_WARN_DOCUMENTATION_COMMENTS = YES;
				CLANG_WARN_EMPTY_BODY = YES;
				CLANG_WARN_ENUM_CONVERSION = YES;
				CLANG_WARN_INFINITE_RECURSION = YES;
				CLANG_WARN_INT_CONVERSION = YES;
				CLANG_WARN_NON_LITERAL_NULL_CONVERSION = YES;
				CLANG_WARN_OBJC_IMPLICIT_RETAIN_SELF = YES;
				CLANG_WARN_OBJC_LITERAL_CONVERSION = YES;
				CLANG_WARN_OBJC_ROOT_CLASS = YES_ERROR;
				CLANG_WARN_QUOTED_INCLUDE_IN_FRAMEWORK_HEADER = YES;
				CLANG_WARN_RANGE_LOOP_ANALYSIS = YES;
				CLANG_WARN_STRICT_PROTOTYPES = YES;
				CLANG_WARN_SUSPICIOUS_MOVE = YES;
				CLANG_WARN_UNGUARDED_AVAILABILITY = YES_AGGRESSIVE;
				CLANG_WARN_UNREACHABLE_CODE = YES;
				CLANG_WARN__DUPLICATE_METHOD_MATCH = YES;
				COPY_PHASE_STRIP = NO;
				DEBUG_INFORMATION_FORMAT = "dwarf-with-dsym";
				ENABLE_NS_ASSERTIONS = NO;
				ENABLE_STRICT_OBJC_MSGSEND = YES;
				ENABLE_USER_SCRIPT_SANDBOXING = YES;
				GCC_C_LANGUAGE_STANDARD = gnu17;
				GCC_NO_COMMON_BLOCKS = YES;
				GCC_WARN_64_TO_32_BIT_CONVERSION = YES;
				GCC_WARN_ABOUT_RETURN_TYPE = YES_ERROR;
				GCC_WARN_UNDECLARED_SELECTOR = YES;
				GCC_WARN_UNINITIALIZED_AUTOS = YES_AGGRESSIVE;
				GCC_WARN_UNUSED_FUNCTION = YES;
				GCC_WARN_UNUSED_VARIABLE = YES;
				IPHONEOS_DEPLOYMENT_TARGET = 18.0;
				LOCALIZATION_PREFERS_STRING_CATALOGS = YES;
				MTL_ENABLE_DEBUG_INFO = NO;
				MTL_FAST_MATH = YES;
				SDKROOT = iphoneos;
				SWIFT_COMPILATION_MODE = wholemodule;
				VALIDATE_PRODUCT = YES;
			};
			name = Release;
		};
		3C8194602CA6470B0076A5D0 /* Debug */ = {
			isa = XCBuildConfiguration;
			buildSettings = {
				BUNDLE_LOADER = "$(TEST_HOST)";
				CODE_SIGN_STYLE = Automatic;
				CURRENT_PROJECT_VERSION = 1;
				GENERATE_INFOPLIST_FILE = YES;
				IPHONEOS_DEPLOYMENT_TARGET = 18.0;
				MARKETING_VERSION = 1.0;
				PRODUCT_BUNDLE_IDENTIFIER = "com.abc.edu.yf.iOS18-UITableViewTests";
				PRODUCT_NAME = "$(TARGET_NAME)";
				SWIFT_EMIT_LOC_STRINGS = NO;
				SWIFT_VERSION = 5.0;
				TARGETED_DEVICE_FAMILY = "1,2";
				TEST_HOST = "$(BUILT_PRODUCTS_DIR)/iOS18-UITableView.app/$(BUNDLE_EXECUTABLE_FOLDER_PATH)/iOS18-UITableView";
			};
			name = Debug;
		};
		3C8194612CA6470B0076A5D0 /* Release */ = {
			isa = XCBuildConfiguration;
			buildSettings = {
				BUNDLE_LOADER = "$(TEST_HOST)";
				CODE_SIGN_STYLE = Automatic;
				CURRENT_PROJECT_VERSION = 1;
				GENERATE_INFOPLIST_FILE = YES;
				IPHONEOS_DEPLOYMENT_TARGET = 18.0;
				MARKETING_VERSION = 1.0;
				PRODUCT_BUNDLE_IDENTIFIER = "com.abc.edu.yf.iOS18-UITableViewTests";
				PRODUCT_NAME = "$(TARGET_NAME)";
				SWIFT_EMIT_LOC_STRINGS = NO;
				SWIFT_VERSION = 5.0;
				TARGETED_DEVICE_FAMILY = "1,2";
				TEST_HOST = "$(BUILT_PRODUCTS_DIR)/iOS18-UITableView.app/$(BUNDLE_EXECUTABLE_FOLDER_PATH)/iOS18-UITableView";
			};
			name = Release;
		};
		3C8194632CA6470B0076A5D0 /* Debug */ = {
			isa = XCBuildConfiguration;
			buildSettings = {
				CODE_SIGN_STYLE = Automatic;
				CURRENT_PROJECT_VERSION = 1;
				GENERATE_INFOPLIST_FILE = YES;
				MARKETING_VERSION = 1.0;
				PRODUCT_BUNDLE_IDENTIFIER = "com.abc.edu.yf.iOS18-UITableViewUITests";
				PRODUCT_NAME = "$(TARGET_NAME)";
				SWIFT_EMIT_LOC_STRINGS = NO;
				SWIFT_VERSION = 5.0;
				TARGETED_DEVICE_FAMILY = "1,2";
				TEST_TARGET_NAME = "iOS18-UITableView";
			};
			name = Debug;
		};
		3C8194642CA6470B0076A5D0 /* Release */ = {
			isa = XCBuildConfiguration;
			buildSettings = {
				CODE_SIGN_STYLE = Automatic;
				CURRENT_PROJECT_VERSION = 1;
				GENERATE_INFOPLIST_FILE = YES;
				MARKETING_VERSION = 1.0;
				PRODUCT_BUNDLE_IDENTIFIER = "com.abc.edu.yf.iOS18-UITableViewUITests";
				PRODUCT_NAME = "$(TARGET_NAME)";
				SWIFT_EMIT_LOC_STRINGS = NO;
				SWIFT_VERSION = 5.0;
				TARGETED_DEVICE_FAMILY = "1,2";
				TEST_TARGET_NAME = "iOS18-UITableView";
			};
			name = Release;
		};
/* End XCBuildConfiguration section */

/* Begin XCConfigurationList section */
		3C81942C2CA6470A0076A5D0 /* Build configuration list for PBXProject "iOS18-UITableView" */ = {
			isa = XCConfigurationList;
			buildConfigurations = (
				3C81945D2CA6470B0076A5D0 /* Debug */,
				3C81945E2CA6470B0076A5D0 /* Release */,
			);
			defaultConfigurationIsVisible = 0;
			defaultConfigurationName = Release;
		};
		3C81945A2CA6470B0076A5D0 /* Build configuration list for PBXNativeTarget "iOS18-UITableView" */ = {
			isa = XCConfigurationList;
			buildConfigurations = (
				3C81945B2CA6470B0076A5D0 /* Debug */,
				3C81945C2CA6470B0076A5D0 /* Release */,
			);
			defaultConfigurationIsVisible = 0;
			defaultConfigurationName = Release;
		};
		3C81945F2CA6470B0076A5D0 /* Build configuration list for PBXNativeTarget "iOS18-UITableViewTests" */ = {
			isa = XCConfigurationList;
			buildConfigurations = (
				3C8194602CA6470B0076A5D0 /* Debug */,
				3C8194612CA6470B0076A5D0 /* Release */,
			);
			defaultConfigurationIsVisible = 0;
			defaultConfigurationName = Release;
		};
		3C8194622CA6470B0076A5D0 /* Build configuration list for PBXNativeTarget "iOS18-UITableViewUITests" */ = {
			isa = XCConfigurationList;
			buildConfigurations = (
				3C8194632CA6470B0076A5D0 /* Debug */,
				3C8194642CA6470B0076A5D0 /* Release */,
			);
			defaultConfigurationIsVisible = 0;
			defaultConfigurationName = Release;
		};
/* End XCConfigurationList section */
	};
	rootObject = 3C8194292CA6470A0076A5D0 /* Project object */;
}
