// !$*UTF8*$!
{
	archiveVersion = 1;
	classes = {
	};
	objectVersion = 77;
	objects = {

/* Begin PBXContainerItemProxy section */
		3C15CAE52C7F21ED00200588 /* PBXContainerItemProxy */ = {
			isa = PBXContainerItemProxy;
			containerPortal = 3C15CAC62C7F21EC00200588 /* Project object */;
			proxyType = 1;
			remoteGlobalIDString = 3C15CACD2C7F21EC00200588;
			remoteInfo = "iOS18-UICalendarView";
		};
		3C15CAEF2C7F21ED00200588 /* PBXContainerItemProxy */ = {
			isa = PBXContainerItemProxy;
			containerPortal = 3C15CAC62C7F21EC00200588 /* Project object */;
			proxyType = 1;
			remoteGlobalIDString = 3C15CACD2C7F21EC00200588;
			remoteInfo = "iOS18-UICalendarView";
		};
/* End PBXContainerItemProxy section */

/* Begin PBXFileReference section */
		3C15CACE2C7F21EC00200588 /* iOS18-UICalendarView.app */ = {isa = PBXFileReference; explicitFileType = wrapper.application; includeInIndex = 0; path = "iOS18-UICalendarView.app"; sourceTree = BUILT_PRODUCTS_DIR; };
		3C15CAE42C7F21ED00200588 /* iOS18-UICalendarViewTests.xctest */ = {isa = PBXFileReference; explicitFileType = wrapper.cfbundle; includeInIndex = 0; path = "iOS18-UICalendarViewTests.xctest"; sourceTree = BUILT_PRODUCTS_DIR; };
		3C15CAEE2C7F21ED00200588 /* iOS18-UICalendarViewUITests.xctest */ = {isa = PBXFileReference; explicitFileType = wrapper.cfbundle; includeInIndex = 0; path = "iOS18-UICalendarViewUITests.xctest"; sourceTree = BUILT_PRODUCTS_DIR; };
/* End PBXFileReference section */

/* Begin PBXFileSystemSynchronizedBuildFileExceptionSet section */
		3C15CAF62C7F21ED00200588 /* Exceptions for "iOS18-UICalendarView" folder in "iOS18-UICalendarView" target */ = {
			isa = PBXFileSystemSynchronizedBuildFileExceptionSet;
			membershipExceptions = (
				Info.plist,
			);
			target = 3C15CACD2C7F21EC00200588 /* iOS18-UICalendarView */;
		};
/* End PBXFileSystemSynchronizedBuildFileExceptionSet section */

/* Begin PBXFileSystemSynchronizedRootGroup section */
		3C15CAD02C7F21EC00200588 /* iOS18-UICalendarView */ = {
			isa = PBXFileSystemSynchronizedRootGroup;
			exceptions = (
				3C15CAF62C7F21ED00200588 /* Exceptions for "iOS18-UICalendarView" folder in "iOS18-UICalendarView" target */,
			);
			path = "iOS18-UICalendarView";
			sourceTree = "<group>";
		};
		3C15CAE72C7F21ED00200588 /* iOS18-UICalendarViewTests */ = {
			isa = PBXFileSystemSynchronizedRootGroup;
			path = "iOS18-UICalendarViewTests";
			sourceTree = "<group>";
		};
		3C15CAF12C7F21ED00200588 /* iOS18-UICalendarViewUITests */ = {
			isa = PBXFileSystemSynchronizedRootGroup;
			path = "iOS18-UICalendarViewUITests";
			sourceTree = "<group>";
		};
/* End PBXFileSystemSynchronizedRootGroup section */

/* Begin PBXFrameworksBuildPhase section */
		3C15CACB2C7F21EC00200588 /* Frameworks */ = {
			isa = PBXFrameworksBuildPhase;
			buildActionMask = 2147483647;
			files = (
			);
			runOnlyForDeploymentPostprocessing = 0;
		};
		3C15CAE12C7F21ED00200588 /* Frameworks */ = {
			isa = PBXFrameworksBuildPhase;
			buildActionMask = 2147483647;
			files = (
			);
			runOnlyForDeploymentPostprocessing = 0;
		};
		3C15CAEB2C7F21ED00200588 /* Frameworks */ = {
			isa = PBXFrameworksBuildPhase;
			buildActionMask = 2147483647;
			files = (
			);
			runOnlyForDeploymentPostprocessing = 0;
		};
/* End PBXFrameworksBuildPhase section */

/* Begin PBXGroup section */
		3C15CAC52C7F21EC00200588 = {
			isa = PBXGroup;
			children = (
				3C15CAD02C7F21EC00200588 /* iOS18-UICalendarView */,
				3C15CAE72C7F21ED00200588 /* iOS18-UICalendarViewTests */,
				3C15CAF12C7F21ED00200588 /* iOS18-UICalendarViewUITests */,
				3C15CACF2C7F21EC00200588 /* Products */,
			);
			sourceTree = "<group>";
		};
		3C15CACF2C7F21EC00200588 /* Products */ = {
			isa = PBXGroup;
			children = (
				3C15CACE2C7F21EC00200588 /* iOS18-UICalendarView.app */,
				3C15CAE42C7F21ED00200588 /* iOS18-UICalendarViewTests.xctest */,
				3C15CAEE2C7F21ED00200588 /* iOS18-UICalendarViewUITests.xctest */,
			);
			name = Products;
			sourceTree = "<group>";
		};
/* End PBXGroup section */

/* Begin PBXNativeTarget section */
		3C15CACD2C7F21EC00200588 /* iOS18-UICalendarView */ = {
			isa = PBXNativeTarget;
			buildConfigurationList = 3C15CAF72C7F21ED00200588 /* Build configuration list for PBXNativeTarget "iOS18-UICalendarView" */;
			buildPhases = (
				3C15CACA2C7F21EC00200588 /* Sources */,
				3C15CACB2C7F21EC00200588 /* Frameworks */,
				3C15CACC2C7F21EC00200588 /* Resources */,
			);
			buildRules = (
			);
			dependencies = (
			);
			fileSystemSynchronizedGroups = (
				3C15CAD02C7F21EC00200588 /* iOS18-UICalendarView */,
			);
			name = "iOS18-UICalendarView";
			packageProductDependencies = (
			);
			productName = "iOS18-UICalendarView";
			productReference = 3C15CACE2C7F21EC00200588 /* iOS18-UICalendarView.app */;
			productType = "com.apple.product-type.application";
		};
		3C15CAE32C7F21ED00200588 /* iOS18-UICalendarViewTests */ = {
			isa = PBXNativeTarget;
			buildConfigurationList = 3C15CAFC2C7F21ED00200588 /* Build configuration list for PBXNativeTarget "iOS18-UICalendarViewTests" */;
			buildPhases = (
				3C15CAE02C7F21ED00200588 /* Sources */,
				3C15CAE12C7F21ED00200588 /* Frameworks */,
				3C15CAE22C7F21ED00200588 /* Resources */,
			);
			buildRules = (
			);
			dependencies = (
				3C15CAE62C7F21ED00200588 /* PBXTargetDependency */,
			);
			fileSystemSynchronizedGroups = (
				3C15CAE72C7F21ED00200588 /* iOS18-UICalendarViewTests */,
			);
			name = "iOS18-UICalendarViewTests";
			packageProductDependencies = (
			);
			productName = "iOS18-UICalendarViewTests";
			productReference = 3C15CAE42C7F21ED00200588 /* iOS18-UICalendarViewTests.xctest */;
			productType = "com.apple.product-type.bundle.unit-test";
		};
		3C15CAED2C7F21ED00200588 /* iOS18-UICalendarViewUITests */ = {
			isa = PBXNativeTarget;
			buildConfigurationList = 3C15CAFF2C7F21ED00200588 /* Build configuration list for PBXNativeTarget "iOS18-UICalendarViewUITests" */;
			buildPhases = (
				3C15CAEA2C7F21ED00200588 /* Sources */,
				3C15CAEB2C7F21ED00200588 /* Frameworks */,
				3C15CAEC2C7F21ED00200588 /* Resources */,
			);
			buildRules = (
			);
			dependencies = (
				3C15CAF02C7F21ED00200588 /* PBXTargetDependency */,
			);
			fileSystemSynchronizedGroups = (
				3C15CAF12C7F21ED00200588 /* iOS18-UICalendarViewUITests */,
			);
			name = "iOS18-UICalendarViewUITests";
			packageProductDependencies = (
			);
			productName = "iOS18-UICalendarViewUITests";
			productReference = 3C15CAEE2C7F21ED00200588 /* iOS18-UICalendarViewUITests.xctest */;
			productType = "com.apple.product-type.bundle.ui-testing";
		};
/* End PBXNativeTarget section */

/* Begin PBXProject section */
		3C15CAC62C7F21EC00200588 /* Project object */ = {
			isa = PBXProject;
			attributes = {
				BuildIndependentTargetsInParallel = 1;
				LastSwiftUpdateCheck = 1600;
				LastUpgradeCheck = 1600;
				TargetAttributes = {
					3C15CACD2C7F21EC00200588 = {
						CreatedOnToolsVersion = 16.0;
					};
					3C15CAE32C7F21ED00200588 = {
						CreatedOnToolsVersion = 16.0;
						TestTargetID = 3C15CACD2C7F21EC00200588;
					};
					3C15CAED2C7F21ED00200588 = {
						CreatedOnToolsVersion = 16.0;
						TestTargetID = 3C15CACD2C7F21EC00200588;
					};
				};
			};
			buildConfigurationList = 3C15CAC92C7F21EC00200588 /* Build configuration list for PBXProject "iOS18-UICalendarView" */;
			developmentRegion = en;
			hasScannedForEncodings = 0;
			knownRegions = (
				en,
				Base,
			);
			mainGroup = 3C15CAC52C7F21EC00200588;
			minimizedProjectReferenceProxies = 1;
			preferredProjectObjectVersion = 77;
			productRefGroup = 3C15CACF2C7F21EC00200588 /* Products */;
			projectDirPath = "";
			projectRoot = "";
			targets = (
				3C15CACD2C7F21EC00200588 /* iOS18-UICalendarView */,
				3C15CAE32C7F21ED00200588 /* iOS18-UICalendarViewTests */,
				3C15CAED2C7F21ED00200588 /* iOS18-UICalendarViewUITests */,
			);
		};
/* End PBXProject section */

/* Begin PBXResourcesBuildPhase section */
		3C15CACC2C7F21EC00200588 /* Resources */ = {
			isa = PBXResourcesBuildPhase;
			buildActionMask = 2147483647;
			files = (
			);
			runOnlyForDeploymentPostprocessing = 0;
		};
		3C15CAE22C7F21ED00200588 /* Resources */ = {
			isa = PBXResourcesBuildPhase;
			buildActionMask = 2147483647;
			files = (
			);
			runOnlyForDeploymentPostprocessing = 0;
		};
		3C15CAEC2C7F21ED00200588 /* Resources */ = {
			isa = PBXResourcesBuildPhase;
			buildActionMask = 2147483647;
			files = (
			);
			runOnlyForDeploymentPostprocessing = 0;
		};
/* End PBXResourcesBuildPhase section */

/* Begin PBXSourcesBuildPhase section */
		3C15CACA2C7F21EC00200588 /* Sources */ = {
			isa = PBXSourcesBuildPhase;
			buildActionMask = 2147483647;
			files = (
			);
			runOnlyForDeploymentPostprocessing = 0;
		};
		3C15CAE02C7F21ED00200588 /* Sources */ = {
			isa = PBXSourcesBuildPhase;
			buildActionMask = 2147483647;
			files = (
			);
			runOnlyForDeploymentPostprocessing = 0;
		};
		3C15CAEA2C7F21ED00200588 /* Sources */ = {
			isa = PBXSourcesBuildPhase;
			buildActionMask = 2147483647;
			files = (
			);
			runOnlyForDeploymentPostprocessing = 0;
		};
/* End PBXSourcesBuildPhase section */

/* Begin PBXTargetDependency section */
		3C15CAE62C7F21ED00200588 /* PBXTargetDependency */ = {
			isa = PBXTargetDependency;
			target = 3C15CACD2C7F21EC00200588 /* iOS18-UICalendarView */;
			targetProxy = 3C15CAE52C7F21ED00200588 /* PBXContainerItemProxy */;
		};
		3C15CAF02C7F21ED00200588 /* PBXTargetDependency */ = {
			isa = PBXTargetDependency;
			target = 3C15CACD2C7F21EC00200588 /* iOS18-UICalendarView */;
			targetProxy = 3C15CAEF2C7F21ED00200588 /* PBXContainerItemProxy */;
		};
/* End PBXTargetDependency section */

/* Begin XCBuildConfiguration section */
		3C15CAF82C7F21ED00200588 /* Debug */ = {
			isa = XCBuildConfiguration;
			buildSettings = {
				ASSETCATALOG_COMPILER_APPICON_NAME = AppIcon;
				ASSETCATALOG_COMPILER_GLOBAL_ACCENT_COLOR_NAME = AccentColor;
				CODE_SIGN_STYLE = Automatic;
				CURRENT_PROJECT_VERSION = 1;
				GENERATE_INFOPLIST_FILE = YES;
				INFOPLIST_FILE = "iOS18-UICalendarView/Info.plist";
				INFOPLIST_KEY_UIApplicationSupportsIndirectInputEvents = YES;
				INFOPLIST_KEY_UILaunchStoryboardName = LaunchScreen;
				INFOPLIST_KEY_UIMainStoryboardFile = Main;
				INFOPLIST_KEY_UISupportedInterfaceOrientations_iPad = "UIInterfaceOrientationPortrait UIInterfaceOrientationPortraitUpsideDown UIInterfaceOrientationLandscapeLeft UIInterfaceOrientationLandscapeRight";
				INFOPLIST_KEY_UISupportedInterfaceOrientations_iPhone = "UIInterfaceOrientationPortrait UIInterfaceOrientationLandscapeLeft UIInterfaceOrientationLandscapeRight";
				LD_RUNPATH_SEARCH_PATHS = (
					"$(inherited)",
					"@executable_path/Frameworks",
				);
				MARKETING_VERSION = 1.0;
				PRODUCT_BUNDLE_IDENTIFIER = "cn.abc.yf.iOS18-UICalendarView";
				PRODUCT_NAME = "$(TARGET_NAME)";
				SWIFT_EMIT_LOC_STRINGS = YES;
				SWIFT_VERSION = 5.0;
				TARGETED_DEVICE_FAMILY = "1,2";
			};
			name = Debug;
		};
		3C15CAF92C7F21ED00200588 /* Release */ = {
			isa = XCBuildConfiguration;
			buildSettings = {
				ASSETCATALOG_COMPILER_APPICON_NAME = AppIcon;
				ASSETCATALOG_COMPILER_GLOBAL_ACCENT_COLOR_NAME = AccentColor;
				CODE_SIGN_STYLE = Automatic;
				CURRENT_PROJECT_VERSION = 1;
				GENERATE_INFOPLIST_FILE = YES;
				INFOPLIST_FILE = "iOS18-UICalendarView/Info.plist";
				INFOPLIST_KEY_UIApplicationSupportsIndirectInputEvents = YES;
				INFOPLIST_KEY_UILaunchStoryboardName = LaunchScreen;
				INFOPLIST_KEY_UIMainStoryboardFile = Main;
				INFOPLIST_KEY_UISupportedInterfaceOrientations_iPad = "UIInterfaceOrientationPortrait UIInterfaceOrientationPortraitUpsideDown UIInterfaceOrientationLandscapeLeft UIInterfaceOrientationLandscapeRight";
				INFOPLIST_KEY_UISupportedInterfaceOrientations_iPhone = "UIInterfaceOrientationPortrait UIInterfaceOrientationLandscapeLeft UIInterfaceOrientationLandscapeRight";
				LD_RUNPATH_SEARCH_PATHS = (
					"$(inherited)",
					"@executable_path/Frameworks",
				);
				MARKETING_VERSION = 1.0;
				PRODUCT_BUNDLE_IDENTIFIER = "cn.abc.yf.iOS18-UICalendarView";
				PRODUCT_NAME = "$(TARGET_NAME)";
				SWIFT_EMIT_LOC_STRINGS = YES;
				SWIFT_VERSION = 5.0;
				TARGETED_DEVICE_FAMILY = "1,2";
			};
			name = Release;
		};
		3C15CAFA2C7F21ED00200588 /* Debug */ = {
			isa = XCBuildConfiguration;
			buildSettings = {
				ALWAYS_SEARCH_USER_PATHS = NO;
				ASSETCATALOG_COMPILER_GENERATE_SWIFT_ASSET_SYMBOL_EXTENSIONS = YES;
				CLANG_ANALYZER_NONNULL = YES;
				CLANG_ANALYZER_NUMBER_OBJECT_CONVERSION = YES_AGGRESSIVE;
				CLANG_CXX_LANGUAGE_STANDARD = "gnu++20";
				CLANG_ENABLE_MODULES = YES;
				CLANG_ENABLE_OBJC_ARC = YES;
				CLANG_ENABLE_OBJC_WEAK = YES;
				CLANG_WARN_BLOCK_CAPTURE_AUTORELEASING = YES;
				CLANG_WARN_BOOL_CONVERSION = YES;
				CLANG_WARN_COMMA = YES;
				CLANG_WARN_CONSTANT_CONVERSION = YES;
				CLANG_WARN_DEPRECATED_OBJC_IMPLEMENTATIONS = YES;
				CLANG_WARN_DIRECT_OBJC_ISA_USAGE = YES_ERROR;
				CLANG_WARN_DOCUMENTATION_COMMENTS = YES;
				CLANG_WARN_EMPTY_BODY = YES;
				CLANG_WARN_ENUM_CONVERSION = YES;
				CLANG_WARN_INFINITE_RECURSION = YES;
				CLANG_WARN_INT_CONVERSION = YES;
				CLANG_WARN_NON_LITERAL_NULL_CONVERSION = YES;
				CLANG_WARN_OBJC_IMPLICIT_RETAIN_SELF = YES;
				CLANG_WARN_OBJC_LITERAL_CONVERSION = YES;
				CLANG_WARN_OBJC_ROOT_CLASS = YES_ERROR;
				CLANG_WARN_QUOTED_INCLUDE_IN_FRAMEWORK_HEADER = YES;
				CLANG_WARN_RANGE_LOOP_ANALYSIS = YES;
				CLANG_WARN_STRICT_PROTOTYPES = YES;
				CLANG_WARN_SUSPICIOUS_MOVE = YES;
				CLANG_WARN_UNGUARDED_AVAILABILITY = YES_AGGRESSIVE;
				CLANG_WARN_UNREACHABLE_CODE = YES;
				CLANG_WARN__DUPLICATE_METHOD_MATCH = YES;
				COPY_PHASE_STRIP = NO;
				DEBUG_INFORMATION_FORMAT = dwarf;
				ENABLE_STRICT_OBJC_MSGSEND = YES;
				ENABLE_TESTABILITY = YES;
				ENABLE_USER_SCRIPT_SANDBOXING = YES;
				GCC_C_LANGUAGE_STANDARD = gnu17;
				GCC_DYNAMIC_NO_PIC = NO;
				GCC_NO_COMMON_BLOCKS = YES;
				GCC_OPTIMIZATION_LEVEL = 0;
				GCC_PREPROCESSOR_DEFINITIONS = (
					"DEBUG=1",
					"$(inherited)",
				);
				GCC_WARN_64_TO_32_BIT_CONVERSION = YES;
				GCC_WARN_ABOUT_RETURN_TYPE = YES_ERROR;
				GCC_WARN_UNDECLARED_SELECTOR = YES;
				GCC_WARN_UNINITIALIZED_AUTOS = YES_AGGRESSIVE;
				GCC_WARN_UNUSED_FUNCTION = YES;
				GCC_WARN_UNUSED_VARIABLE = YES;
				IPHONEOS_DEPLOYMENT_TARGET = 18.0;
				LOCALIZATION_PREFERS_STRING_CATALOGS = YES;
				MTL_ENABLE_DEBUG_INFO = INCLUDE_SOURCE;
				MTL_FAST_MATH = YES;
				ONLY_ACTIVE_ARCH = YES;
				SDKROOT = iphoneos;
				SWIFT_ACTIVE_COMPILATION_CONDITIONS = "DEBUG $(inherited)";
				SWIFT_OPTIMIZATION_LEVEL = "-Onone";
			};
			name = Debug;
		};
		3C15CAFB2C7F21ED00200588 /* Release */ = {
			isa = XCBuildConfiguration;
			buildSettings = {
				ALWAYS_SEARCH_USER_PATHS = NO;
				ASSETCATALOG_COMPILER_GENERATE_SWIFT_ASSET_SYMBOL_EXTENSIONS = YES;
				CLANG_ANALYZER_NONNULL = YES;
				CLANG_ANALYZER_NUMBER_OBJECT_CONVERSION = YES_AGGRESSIVE;
				CLANG_CXX_LANGUAGE_STANDARD = "gnu++20";
				CLANG_ENABLE_MODULES = YES;
				CLANG_ENABLE_OBJC_ARC = YES;
				CLANG_ENABLE_OBJC_WEAK = YES;
				CLANG_WARN_BLOCK_CAPTURE_AUTORELEASING = YES;
				CLANG_WARN_BOOL_CONVERSION = YES;
				CLANG_WARN_COMMA = YES;
				CLANG_WARN_CONSTANT_CONVERSION = YES;
				CLANG_WARN_DEPRECATED_OBJC_IMPLEMENTATIONS = YES;
				CLANG_WARN_DIRECT_OBJC_ISA_USAGE = YES_ERROR;
				CLANG_WARN_DOCUMENTATION_COMMENTS = YES;
				CLANG_WARN_EMPTY_BODY = YES;
				CLANG_WARN_ENUM_CONVERSION = YES;
				CLANG_WARN_INFINITE_RECURSION = YES;
				CLANG_WARN_INT_CONVERSION = YES;
				CLANG_WARN_NON_LITERAL_NULL_CONVERSION = YES;
				CLANG_WARN_OBJC_IMPLICIT_RETAIN_SELF = YES;
				CLANG_WARN_OBJC_LITERAL_CONVERSION = YES;
				CLANG_WARN_OBJC_ROOT_CLASS = YES_ERROR;
				CLANG_WARN_QUOTED_INCLUDE_IN_FRAMEWORK_HEADER = YES;
				CLANG_WARN_RANGE_LOOP_ANALYSIS = YES;
				CLANG_WARN_STRICT_PROTOTYPES = YES;
				CLANG_WARN_SUSPICIOUS_MOVE = YES;
				CLANG_WARN_UNGUARDED_AVAILABILITY = YES_AGGRESSIVE;
				CLANG_WARN_UNREACHABLE_CODE = YES;
				CLANG_WARN__DUPLICATE_METHOD_MATCH = YES;
				COPY_PHASE_STRIP = NO;
				DEBUG_INFORMATION_FORMAT = "dwarf-with-dsym";
				ENABLE_NS_ASSERTIONS = NO;
				ENABLE_STRICT_OBJC_MSGSEND = YES;
				ENABLE_USER_SCRIPT_SANDBOXING = YES;
				GCC_C_LANGUAGE_STANDARD = gnu17;
				GCC_NO_COMMON_BLOCKS = YES;
				GCC_WARN_64_TO_32_BIT_CONVERSION = YES;
				GCC_WARN_ABOUT_RETURN_TYPE = YES_ERROR;
				GCC_WARN_UNDECLARED_SELECTOR = YES;
				GCC_WARN_UNINITIALIZED_AUTOS = YES_AGGRESSIVE;
				GCC_WARN_UNUSED_FUNCTION = YES;
				GCC_WARN_UNUSED_VARIABLE = YES;
				IPHONEOS_DEPLOYMENT_TARGET = 18.0;
				LOCALIZATION_PREFERS_STRING_CATALOGS = YES;
				MTL_ENABLE_DEBUG_INFO = NO;
				MTL_FAST_MATH = YES;
				SDKROOT = iphoneos;
				SWIFT_COMPILATION_MODE = wholemodule;
				VALIDATE_PRODUCT = YES;
			};
			name = Release;
		};
		3C15CAFD2C7F21ED00200588 /* Debug */ = {
			isa = XCBuildConfiguration;
			buildSettings = {
				BUNDLE_LOADER = "$(TEST_HOST)";
				CODE_SIGN_STYLE = Automatic;
				CURRENT_PROJECT_VERSION = 1;
				GENERATE_INFOPLIST_FILE = YES;
				IPHONEOS_DEPLOYMENT_TARGET = 18.0;
				MARKETING_VERSION = 1.0;
				PRODUCT_BUNDLE_IDENTIFIER = "cn.abc.yf.iOS18-UICalendarViewTests";
				PRODUCT_NAME = "$(TARGET_NAME)";
				SWIFT_EMIT_LOC_STRINGS = NO;
				SWIFT_VERSION = 5.0;
				TARGETED_DEVICE_FAMILY = "1,2";
				TEST_HOST = "$(BUILT_PRODUCTS_DIR)/iOS18-UICalendarView.app/$(BUNDLE_EXECUTABLE_FOLDER_PATH)/iOS18-UICalendarView";
			};
			name = Debug;
		};
		3C15CAFE2C7F21ED00200588 /* Release */ = {
			isa = XCBuildConfiguration;
			buildSettings = {
				BUNDLE_LOADER = "$(TEST_HOST)";
				CODE_SIGN_STYLE = Automatic;
				CURRENT_PROJECT_VERSION = 1;
				GENERATE_INFOPLIST_FILE = YES;
				IPHONEOS_DEPLOYMENT_TARGET = 18.0;
				MARKETING_VERSION = 1.0;
				PRODUCT_BUNDLE_IDENTIFIER = "cn.abc.yf.iOS18-UICalendarViewTests";
				PRODUCT_NAME = "$(TARGET_NAME)";
				SWIFT_EMIT_LOC_STRINGS = NO;
				SWIFT_VERSION = 5.0;
				TARGETED_DEVICE_FAMILY = "1,2";
				TEST_HOST = "$(BUILT_PRODUCTS_DIR)/iOS18-UICalendarView.app/$(BUNDLE_EXECUTABLE_FOLDER_PATH)/iOS18-UICalendarView";
			};
			name = Release;
		};
		3C15CB002C7F21ED00200588 /* Debug */ = {
			isa = XCBuildConfiguration;
			buildSettings = {
				CODE_SIGN_STYLE = Automatic;
				CURRENT_PROJECT_VERSION = 1;
				GENERATE_INFOPLIST_FILE = YES;
				MARKETING_VERSION = 1.0;
				PRODUCT_BUNDLE_IDENTIFIER = "cn.abc.yf.iOS18-UICalendarViewUITests";
				PRODUCT_NAME = "$(TARGET_NAME)";
				SWIFT_EMIT_LOC_STRINGS = NO;
				SWIFT_VERSION = 5.0;
				TARGETED_DEVICE_FAMILY = "1,2";
				TEST_TARGET_NAME = "iOS18-UICalendarView";
			};
			name = Debug;
		};
		3C15CB012C7F21ED00200588 /* Release */ = {
			isa = XCBuildConfiguration;
			buildSettings = {
				CODE_SIGN_STYLE = Automatic;
				CURRENT_PROJECT_VERSION = 1;
				GENERATE_INFOPLIST_FILE = YES;
				MARKETING_VERSION = 1.0;
				PRODUCT_BUNDLE_IDENTIFIER = "cn.abc.yf.iOS18-UICalendarViewUITests";
				PRODUCT_NAME = "$(TARGET_NAME)";
				SWIFT_EMIT_LOC_STRINGS = NO;
				SWIFT_VERSION = 5.0;
				TARGETED_DEVICE_FAMILY = "1,2";
				TEST_TARGET_NAME = "iOS18-UICalendarView";
			};
			name = Release;
		};
/* End XCBuildConfiguration section */

/* Begin XCConfigurationList section */
		3C15CAC92C7F21EC00200588 /* Build configuration list for PBXProject "iOS18-UICalendarView" */ = {
			isa = XCConfigurationList;
			buildConfigurations = (
				3C15CAFA2C7F21ED00200588 /* Debug */,
				3C15CAFB2C7F21ED00200588 /* Release */,
			);
			defaultConfigurationIsVisible = 0;
			defaultConfigurationName = Release;
		};
		3C15CAF72C7F21ED00200588 /* Build configuration list for PBXNativeTarget "iOS18-UICalendarView" */ = {
			isa = XCConfigurationList;
			buildConfigurations = (
				3C15CAF82C7F21ED00200588 /* Debug */,
				3C15CAF92C7F21ED00200588 /* Release */,
			);
			defaultConfigurationIsVisible = 0;
			defaultConfigurationName = Release;
		};
		3C15CAFC2C7F21ED00200588 /* Build configuration list for PBXNativeTarget "iOS18-UICalendarViewTests" */ = {
			isa = XCConfigurationList;
			buildConfigurations = (
				3C15CAFD2C7F21ED00200588 /* Debug */,
				3C15CAFE2C7F21ED00200588 /* Release */,
			);
			defaultConfigurationIsVisible = 0;
			defaultConfigurationName = Release;
		};
		3C15CAFF2C7F21ED00200588 /* Build configuration list for PBXNativeTarget "iOS18-UICalendarViewUITests" */ = {
			isa = XCConfigurationList;
			buildConfigurations = (
				3C15CB002C7F21ED00200588 /* Debug */,
				3C15CB012C7F21ED00200588 /* Release */,
			);
			defaultConfigurationIsVisible = 0;
			defaultConfigurationName = Release;
		};
/* End XCConfigurationList section */
	};
	rootObject = 3C15CAC62C7F21EC00200588 /* Project object */;
}
