// !$*UTF8*$!
{
	archiveVersion = 1;
	classes = {
	};
	objectVersion = 56;
	objects = {

/* Begin PBXBuildFile section */
		3C02CC6E2A7FC7B3003ECEB1 /* AppDelegate.swift in Sources */ = {isa = PBXBuildFile; fileRef = 3C02CC6D2A7FC7B3003ECEB1 /* AppDelegate.swift */; };
		3C02CC702A7FC7B3003ECEB1 /* SceneDelegate.swift in Sources */ = {isa = PBXBuildFile; fileRef = 3C02CC6F2A7FC7B3003ECEB1 /* SceneDelegate.swift */; };
		3C02CC722A7FC7B3003ECEB1 /* ViewController.swift in Sources */ = {isa = PBXBuildFile; fileRef = 3C02CC712A7FC7B3003ECEB1 /* ViewController.swift */; };
		3C02CC752A7FC7B3003ECEB1 /* Main.storyboard in Resources */ = {isa = PBXBuildFile; fileRef = 3C02CC732A7FC7B3003ECEB1 /* Main.storyboard */; };
		3C02CC772A7FC7B5003ECEB1 /* Assets.xcassets in Resources */ = {isa = PBXBuildFile; fileRef = 3C02CC762A7FC7B5003ECEB1 /* Assets.xcassets */; };
		3C02CC7A2A7FC7B5003ECEB1 /* LaunchScreen.storyboard in Resources */ = {isa = PBXBuildFile; fileRef = 3C02CC782A7FC7B5003ECEB1 /* LaunchScreen.storyboard */; };
		3C02CC852A7FC7B6003ECEB1 /* iOS17_UIContentUnavailableView02Tests.swift in Sources */ = {isa = PBXBuildFile; fileRef = 3C02CC842A7FC7B6003ECEB1 /* iOS17_UIContentUnavailableView02Tests.swift */; };
		3C02CC8F2A7FC7B6003ECEB1 /* iOS17_UIContentUnavailableView02UITests.swift in Sources */ = {isa = PBXBuildFile; fileRef = 3C02CC8E2A7FC7B6003ECEB1 /* iOS17_UIContentUnavailableView02UITests.swift */; };
		3C02CC912A7FC7B6003ECEB1 /* iOS17_UIContentUnavailableView02UITestsLaunchTests.swift in Sources */ = {isa = PBXBuildFile; fileRef = 3C02CC902A7FC7B6003ECEB1 /* iOS17_UIContentUnavailableView02UITestsLaunchTests.swift */; };
/* End PBXBuildFile section */

/* Begin PBXContainerItemProxy section */
		3C02CC812A7FC7B6003ECEB1 /* PBXContainerItemProxy */ = {
			isa = PBXContainerItemProxy;
			containerPortal = 3C02CC622A7FC7B3003ECEB1 /* Project object */;
			proxyType = 1;
			remoteGlobalIDString = 3C02CC692A7FC7B3003ECEB1;
			remoteInfo = "iOS17-UIContentUnavailableView02";
		};
		3C02CC8B2A7FC7B6003ECEB1 /* PBXContainerItemProxy */ = {
			isa = PBXContainerItemProxy;
			containerPortal = 3C02CC622A7FC7B3003ECEB1 /* Project object */;
			proxyType = 1;
			remoteGlobalIDString = 3C02CC692A7FC7B3003ECEB1;
			remoteInfo = "iOS17-UIContentUnavailableView02";
		};
/* End PBXContainerItemProxy section */

/* Begin PBXFileReference section */
		3C02CC6A2A7FC7B3003ECEB1 /* iOS17-UIContentUnavailableView02.app */ = {isa = PBXFileReference; explicitFileType = wrapper.application; includeInIndex = 0; path = "iOS17-UIContentUnavailableView02.app"; sourceTree = BUILT_PRODUCTS_DIR; };
		3C02CC6D2A7FC7B3003ECEB1 /* AppDelegate.swift */ = {isa = PBXFileReference; lastKnownFileType = sourcecode.swift; path = AppDelegate.swift; sourceTree = "<group>"; };
		3C02CC6F2A7FC7B3003ECEB1 /* SceneDelegate.swift */ = {isa = PBXFileReference; lastKnownFileType = sourcecode.swift; path = SceneDelegate.swift; sourceTree = "<group>"; };
		3C02CC712A7FC7B3003ECEB1 /* ViewController.swift */ = {isa = PBXFileReference; lastKnownFileType = sourcecode.swift; path = ViewController.swift; sourceTree = "<group>"; };
		3C02CC742A7FC7B3003ECEB1 /* Base */ = {isa = PBXFileReference; lastKnownFileType = file.storyboard; name = Base; path = Base.lproj/Main.storyboard; sourceTree = "<group>"; };
		3C02CC762A7FC7B5003ECEB1 /* Assets.xcassets */ = {isa = PBXFileReference; lastKnownFileType = folder.assetcatalog; path = Assets.xcassets; sourceTree = "<group>"; };
		3C02CC792A7FC7B5003ECEB1 /* Base */ = {isa = PBXFileReference; lastKnownFileType = file.storyboard; name = Base; path = Base.lproj/LaunchScreen.storyboard; sourceTree = "<group>"; };
		3C02CC7B2A7FC7B5003ECEB1 /* Info.plist */ = {isa = PBXFileReference; lastKnownFileType = text.plist.xml; path = Info.plist; sourceTree = "<group>"; };
		3C02CC802A7FC7B6003ECEB1 /* iOS17-UIContentUnavailableView02Tests.xctest */ = {isa = PBXFileReference; explicitFileType = wrapper.cfbundle; includeInIndex = 0; path = "iOS17-UIContentUnavailableView02Tests.xctest"; sourceTree = BUILT_PRODUCTS_DIR; };
		3C02CC842A7FC7B6003ECEB1 /* iOS17_UIContentUnavailableView02Tests.swift */ = {isa = PBXFileReference; lastKnownFileType = sourcecode.swift; path = iOS17_UIContentUnavailableView02Tests.swift; sourceTree = "<group>"; };
		3C02CC8A2A7FC7B6003ECEB1 /* iOS17-UIContentUnavailableView02UITests.xctest */ = {isa = PBXFileReference; explicitFileType = wrapper.cfbundle; includeInIndex = 0; path = "iOS17-UIContentUnavailableView02UITests.xctest"; sourceTree = BUILT_PRODUCTS_DIR; };
		3C02CC8E2A7FC7B6003ECEB1 /* iOS17_UIContentUnavailableView02UITests.swift */ = {isa = PBXFileReference; lastKnownFileType = sourcecode.swift; path = iOS17_UIContentUnavailableView02UITests.swift; sourceTree = "<group>"; };
		3C02CC902A7FC7B6003ECEB1 /* iOS17_UIContentUnavailableView02UITestsLaunchTests.swift */ = {isa = PBXFileReference; lastKnownFileType = sourcecode.swift; path = iOS17_UIContentUnavailableView02UITestsLaunchTests.swift; sourceTree = "<group>"; };
/* End PBXFileReference section */

/* Begin PBXFrameworksBuildPhase section */
		3C02CC672A7FC7B3003ECEB1 /* Frameworks */ = {
			isa = PBXFrameworksBuildPhase;
			buildActionMask = 2147483647;
			files = (
			);
			runOnlyForDeploymentPostprocessing = 0;
		};
		3C02CC7D2A7FC7B6003ECEB1 /* Frameworks */ = {
			isa = PBXFrameworksBuildPhase;
			buildActionMask = 2147483647;
			files = (
			);
			runOnlyForDeploymentPostprocessing = 0;
		};
		3C02CC872A7FC7B6003ECEB1 /* Frameworks */ = {
			isa = PBXFrameworksBuildPhase;
			buildActionMask = 2147483647;
			files = (
			);
			runOnlyForDeploymentPostprocessing = 0;
		};
/* End PBXFrameworksBuildPhase section */

/* Begin PBXGroup section */
		3C02CC612A7FC7B3003ECEB1 = {
			isa = PBXGroup;
			children = (
				3C02CC6C2A7FC7B3003ECEB1 /* iOS17-UIContentUnavailableView02 */,
				3C02CC832A7FC7B6003ECEB1 /* iOS17-UIContentUnavailableView02Tests */,
				3C02CC8D2A7FC7B6003ECEB1 /* iOS17-UIContentUnavailableView02UITests */,
				3C02CC6B2A7FC7B3003ECEB1 /* Products */,
			);
			sourceTree = "<group>";
		};
		3C02CC6B2A7FC7B3003ECEB1 /* Products */ = {
			isa = PBXGroup;
			children = (
				3C02CC6A2A7FC7B3003ECEB1 /* iOS17-UIContentUnavailableView02.app */,
				3C02CC802A7FC7B6003ECEB1 /* iOS17-UIContentUnavailableView02Tests.xctest */,
				3C02CC8A2A7FC7B6003ECEB1 /* iOS17-UIContentUnavailableView02UITests.xctest */,
			);
			name = Products;
			sourceTree = "<group>";
		};
		3C02CC6C2A7FC7B3003ECEB1 /* iOS17-UIContentUnavailableView02 */ = {
			isa = PBXGroup;
			children = (
				3C02CC6D2A7FC7B3003ECEB1 /* AppDelegate.swift */,
				3C02CC6F2A7FC7B3003ECEB1 /* SceneDelegate.swift */,
				3C02CC712A7FC7B3003ECEB1 /* ViewController.swift */,
				3C02CC732A7FC7B3003ECEB1 /* Main.storyboard */,
				3C02CC762A7FC7B5003ECEB1 /* Assets.xcassets */,
				3C02CC782A7FC7B5003ECEB1 /* LaunchScreen.storyboard */,
				3C02CC7B2A7FC7B5003ECEB1 /* Info.plist */,
			);
			path = "iOS17-UIContentUnavailableView02";
			sourceTree = "<group>";
		};
		3C02CC832A7FC7B6003ECEB1 /* iOS17-UIContentUnavailableView02Tests */ = {
			isa = PBXGroup;
			children = (
				3C02CC842A7FC7B6003ECEB1 /* iOS17_UIContentUnavailableView02Tests.swift */,
			);
			path = "iOS17-UIContentUnavailableView02Tests";
			sourceTree = "<group>";
		};
		3C02CC8D2A7FC7B6003ECEB1 /* iOS17-UIContentUnavailableView02UITests */ = {
			isa = PBXGroup;
			children = (
				3C02CC8E2A7FC7B6003ECEB1 /* iOS17_UIContentUnavailableView02UITests.swift */,
				3C02CC902A7FC7B6003ECEB1 /* iOS17_UIContentUnavailableView02UITestsLaunchTests.swift */,
			);
			path = "iOS17-UIContentUnavailableView02UITests";
			sourceTree = "<group>";
		};
/* End PBXGroup section */

/* Begin PBXNativeTarget section */
		3C02CC692A7FC7B3003ECEB1 /* iOS17-UIContentUnavailableView02 */ = {
			isa = PBXNativeTarget;
			buildConfigurationList = 3C02CC942A7FC7B6003ECEB1 /* Build configuration list for PBXNativeTarget "iOS17-UIContentUnavailableView02" */;
			buildPhases = (
				3C02CC662A7FC7B3003ECEB1 /* Sources */,
				3C02CC672A7FC7B3003ECEB1 /* Frameworks */,
				3C02CC682A7FC7B3003ECEB1 /* Resources */,
			);
			buildRules = (
			);
			dependencies = (
			);
			name = "iOS17-UIContentUnavailableView02";
			productName = "iOS17-UIContentUnavailableView02";
			productReference = 3C02CC6A2A7FC7B3003ECEB1 /* iOS17-UIContentUnavailableView02.app */;
			productType = "com.apple.product-type.application";
		};
		3C02CC7F2A7FC7B6003ECEB1 /* iOS17-UIContentUnavailableView02Tests */ = {
			isa = PBXNativeTarget;
			buildConfigurationList = 3C02CC972A7FC7B6003ECEB1 /* Build configuration list for PBXNativeTarget "iOS17-UIContentUnavailableView02Tests" */;
			buildPhases = (
				3C02CC7C2A7FC7B6003ECEB1 /* Sources */,
				3C02CC7D2A7FC7B6003ECEB1 /* Frameworks */,
				3C02CC7E2A7FC7B6003ECEB1 /* Resources */,
			);
			buildRules = (
			);
			dependencies = (
				3C02CC822A7FC7B6003ECEB1 /* PBXTargetDependency */,
			);
			name = "iOS17-UIContentUnavailableView02Tests";
			productName = "iOS17-UIContentUnavailableView02Tests";
			productReference = 3C02CC802A7FC7B6003ECEB1 /* iOS17-UIContentUnavailableView02Tests.xctest */;
			productType = "com.apple.product-type.bundle.unit-test";
		};
		3C02CC892A7FC7B6003ECEB1 /* iOS17-UIContentUnavailableView02UITests */ = {
			isa = PBXNativeTarget;
			buildConfigurationList = 3C02CC9A2A7FC7B6003ECEB1 /* Build configuration list for PBXNativeTarget "iOS17-UIContentUnavailableView02UITests" */;
			buildPhases = (
				3C02CC862A7FC7B6003ECEB1 /* Sources */,
				3C02CC872A7FC7B6003ECEB1 /* Frameworks */,
				3C02CC882A7FC7B6003ECEB1 /* Resources */,
			);
			buildRules = (
			);
			dependencies = (
				3C02CC8C2A7FC7B6003ECEB1 /* PBXTargetDependency */,
			);
			name = "iOS17-UIContentUnavailableView02UITests";
			productName = "iOS17-UIContentUnavailableView02UITests";
			productReference = 3C02CC8A2A7FC7B6003ECEB1 /* iOS17-UIContentUnavailableView02UITests.xctest */;
			productType = "com.apple.product-type.bundle.ui-testing";
		};
/* End PBXNativeTarget section */

/* Begin PBXProject section */
		3C02CC622A7FC7B3003ECEB1 /* Project object */ = {
			isa = PBXProject;
			attributes = {
				BuildIndependentTargetsInParallel = 1;
				LastSwiftUpdateCheck = 1500;
				LastUpgradeCheck = 1500;
				TargetAttributes = {
					3C02CC692A7FC7B3003ECEB1 = {
						CreatedOnToolsVersion = 15.0;
					};
					3C02CC7F2A7FC7B6003ECEB1 = {
						CreatedOnToolsVersion = 15.0;
						TestTargetID = 3C02CC692A7FC7B3003ECEB1;
					};
					3C02CC892A7FC7B6003ECEB1 = {
						CreatedOnToolsVersion = 15.0;
						TestTargetID = 3C02CC692A7FC7B3003ECEB1;
					};
				};
			};
			buildConfigurationList = 3C02CC652A7FC7B3003ECEB1 /* Build configuration list for PBXProject "iOS17-UIContentUnavailableView02" */;
			compatibilityVersion = "Xcode 14.0";
			developmentRegion = en;
			hasScannedForEncodings = 0;
			knownRegions = (
				en,
				Base,
			);
			mainGroup = 3C02CC612A7FC7B3003ECEB1;
			productRefGroup = 3C02CC6B2A7FC7B3003ECEB1 /* Products */;
			projectDirPath = "";
			projectRoot = "";
			targets = (
				3C02CC692A7FC7B3003ECEB1 /* iOS17-UIContentUnavailableView02 */,
				3C02CC7F2A7FC7B6003ECEB1 /* iOS17-UIContentUnavailableView02Tests */,
				3C02CC892A7FC7B6003ECEB1 /* iOS17-UIContentUnavailableView02UITests */,
			);
		};
/* End PBXProject section */

/* Begin PBXResourcesBuildPhase section */
		3C02CC682A7FC7B3003ECEB1 /* Resources */ = {
			isa = PBXResourcesBuildPhase;
			buildActionMask = 2147483647;
			files = (
				3C02CC7A2A7FC7B5003ECEB1 /* LaunchScreen.storyboard in Resources */,
				3C02CC772A7FC7B5003ECEB1 /* Assets.xcassets in Resources */,
				3C02CC752A7FC7B3003ECEB1 /* Main.storyboard in Resources */,
			);
			runOnlyForDeploymentPostprocessing = 0;
		};
		3C02CC7E2A7FC7B6003ECEB1 /* Resources */ = {
			isa = PBXResourcesBuildPhase;
			buildActionMask = 2147483647;
			files = (
			);
			runOnlyForDeploymentPostprocessing = 0;
		};
		3C02CC882A7FC7B6003ECEB1 /* Resources */ = {
			isa = PBXResourcesBuildPhase;
			buildActionMask = 2147483647;
			files = (
			);
			runOnlyForDeploymentPostprocessing = 0;
		};
/* End PBXResourcesBuildPhase section */

/* Begin PBXSourcesBuildPhase section */
		3C02CC662A7FC7B3003ECEB1 /* Sources */ = {
			isa = PBXSourcesBuildPhase;
			buildActionMask = 2147483647;
			files = (
				3C02CC722A7FC7B3003ECEB1 /* ViewController.swift in Sources */,
				3C02CC6E2A7FC7B3003ECEB1 /* AppDelegate.swift in Sources */,
				3C02CC702A7FC7B3003ECEB1 /* SceneDelegate.swift in Sources */,
			);
			runOnlyForDeploymentPostprocessing = 0;
		};
		3C02CC7C2A7FC7B6003ECEB1 /* Sources */ = {
			isa = PBXSourcesBuildPhase;
			buildActionMask = 2147483647;
			files = (
				3C02CC852A7FC7B6003ECEB1 /* iOS17_UIContentUnavailableView02Tests.swift in Sources */,
			);
			runOnlyForDeploymentPostprocessing = 0;
		};
		3C02CC862A7FC7B6003ECEB1 /* Sources */ = {
			isa = PBXSourcesBuildPhase;
			buildActionMask = 2147483647;
			files = (
				3C02CC912A7FC7B6003ECEB1 /* iOS17_UIContentUnavailableView02UITestsLaunchTests.swift in Sources */,
				3C02CC8F2A7FC7B6003ECEB1 /* iOS17_UIContentUnavailableView02UITests.swift in Sources */,
			);
			runOnlyForDeploymentPostprocessing = 0;
		};
/* End PBXSourcesBuildPhase section */

/* Begin PBXTargetDependency section */
		3C02CC822A7FC7B6003ECEB1 /* PBXTargetDependency */ = {
			isa = PBXTargetDependency;
			target = 3C02CC692A7FC7B3003ECEB1 /* iOS17-UIContentUnavailableView02 */;
			targetProxy = 3C02CC812A7FC7B6003ECEB1 /* PBXContainerItemProxy */;
		};
		3C02CC8C2A7FC7B6003ECEB1 /* PBXTargetDependency */ = {
			isa = PBXTargetDependency;
			target = 3C02CC692A7FC7B3003ECEB1 /* iOS17-UIContentUnavailableView02 */;
			targetProxy = 3C02CC8B2A7FC7B6003ECEB1 /* PBXContainerItemProxy */;
		};
/* End PBXTargetDependency section */

/* Begin PBXVariantGroup section */
		3C02CC732A7FC7B3003ECEB1 /* Main.storyboard */ = {
			isa = PBXVariantGroup;
			children = (
				3C02CC742A7FC7B3003ECEB1 /* Base */,
			);
			name = Main.storyboard;
			sourceTree = "<group>";
		};
		3C02CC782A7FC7B5003ECEB1 /* LaunchScreen.storyboard */ = {
			isa = PBXVariantGroup;
			children = (
				3C02CC792A7FC7B5003ECEB1 /* Base */,
			);
			name = LaunchScreen.storyboard;
			sourceTree = "<group>";
		};
/* End PBXVariantGroup section */

/* Begin XCBuildConfiguration section */
		3C02CC922A7FC7B6003ECEB1 /* Debug */ = {
			isa = XCBuildConfiguration;
			buildSettings = {
				ALWAYS_SEARCH_USER_PATHS = NO;
				ASSETCATALOG_COMPILER_GENERATE_SWIFT_ASSET_SYMBOL_EXTENSIONS = YES;
				CLANG_ANALYZER_NONNULL = YES;
				CLANG_ANALYZER_NUMBER_OBJECT_CONVERSION = YES_AGGRESSIVE;
				CLANG_CXX_LANGUAGE_STANDARD = "gnu++20";
				CLANG_ENABLE_MODULES = YES;
				CLANG_ENABLE_OBJC_ARC = YES;
				CLANG_ENABLE_OBJC_WEAK = YES;
				CLANG_WARN_BLOCK_CAPTURE_AUTORELEASING = YES;
				CLANG_WARN_BOOL_CONVERSION = YES;
				CLANG_WARN_COMMA = YES;
				CLANG_WARN_CONSTANT_CONVERSION = YES;
				CLANG_WARN_DEPRECATED_OBJC_IMPLEMENTATIONS = YES;
				CLANG_WARN_DIRECT_OBJC_ISA_USAGE = YES_ERROR;
				CLANG_WARN_DOCUMENTATION_COMMENTS = YES;
				CLANG_WARN_EMPTY_BODY = YES;
				CLANG_WARN_ENUM_CONVERSION = YES;
				CLANG_WARN_INFINITE_RECURSION = YES;
				CLANG_WARN_INT_CONVERSION = YES;
				CLANG_WARN_NON_LITERAL_NULL_CONVERSION = YES;
				CLANG_WARN_OBJC_IMPLICIT_RETAIN_SELF = YES;
				CLANG_WARN_OBJC_LITERAL_CONVERSION = YES;
				CLANG_WARN_OBJC_ROOT_CLASS = YES_ERROR;
				CLANG_WARN_QUOTED_INCLUDE_IN_FRAMEWORK_HEADER = YES;
				CLANG_WARN_RANGE_LOOP_ANALYSIS = YES;
				CLANG_WARN_STRICT_PROTOTYPES = YES;
				CLANG_WARN_SUSPICIOUS_MOVE = YES;
				CLANG_WARN_UNGUARDED_AVAILABILITY = YES_AGGRESSIVE;
				CLANG_WARN_UNREACHABLE_CODE = YES;
				CLANG_WARN__DUPLICATE_METHOD_MATCH = YES;
				COPY_PHASE_STRIP = NO;
				DEBUG_INFORMATION_FORMAT = dwarf;
				ENABLE_STRICT_OBJC_MSGSEND = YES;
				ENABLE_TESTABILITY = YES;
				ENABLE_USER_SCRIPT_SANDBOXING = YES;
				GCC_C_LANGUAGE_STANDARD = gnu17;
				GCC_DYNAMIC_NO_PIC = NO;
				GCC_NO_COMMON_BLOCKS = YES;
				GCC_OPTIMIZATION_LEVEL = 0;
				GCC_PREPROCESSOR_DEFINITIONS = (
					"DEBUG=1",
					"$(inherited)",
				);
				GCC_WARN_64_TO_32_BIT_CONVERSION = YES;
				GCC_WARN_ABOUT_RETURN_TYPE = YES_ERROR;
				GCC_WARN_UNDECLARED_SELECTOR = YES;
				GCC_WARN_UNINITIALIZED_AUTOS = YES_AGGRESSIVE;
				GCC_WARN_UNUSED_FUNCTION = YES;
				GCC_WARN_UNUSED_VARIABLE = YES;
				IPHONEOS_DEPLOYMENT_TARGET = 17.0;
				LOCALIZATION_PREFERS_STRING_CATALOGS = YES;
				MTL_ENABLE_DEBUG_INFO = INCLUDE_SOURCE;
				MTL_FAST_MATH = YES;
				ONLY_ACTIVE_ARCH = YES;
				SDKROOT = iphoneos;
				SWIFT_ACTIVE_COMPILATION_CONDITIONS = "DEBUG $(inherited)";
				SWIFT_OPTIMIZATION_LEVEL = "-Onone";
			};
			name = Debug;
		};
		3C02CC932A7FC7B6003ECEB1 /* Release */ = {
			isa = XCBuildConfiguration;
			buildSettings = {
				ALWAYS_SEARCH_USER_PATHS = NO;
				ASSETCATALOG_COMPILER_GENERATE_SWIFT_ASSET_SYMBOL_EXTENSIONS = YES;
				CLANG_ANALYZER_NONNULL = YES;
				CLANG_ANALYZER_NUMBER_OBJECT_CONVERSION = YES_AGGRESSIVE;
				CLANG_CXX_LANGUAGE_STANDARD = "gnu++20";
				CLANG_ENABLE_MODULES = YES;
				CLANG_ENABLE_OBJC_ARC = YES;
				CLANG_ENABLE_OBJC_WEAK = YES;
				CLANG_WARN_BLOCK_CAPTURE_AUTORELEASING = YES;
				CLANG_WARN_BOOL_CONVERSION = YES;
				CLANG_WARN_COMMA = YES;
				CLANG_WARN_CONSTANT_CONVERSION = YES;
				CLANG_WARN_DEPRECATED_OBJC_IMPLEMENTATIONS = YES;
				CLANG_WARN_DIRECT_OBJC_ISA_USAGE = YES_ERROR;
				CLANG_WARN_DOCUMENTATION_COMMENTS = YES;
				CLANG_WARN_EMPTY_BODY = YES;
				CLANG_WARN_ENUM_CONVERSION = YES;
				CLANG_WARN_INFINITE_RECURSION = YES;
				CLANG_WARN_INT_CONVERSION = YES;
				CLANG_WARN_NON_LITERAL_NULL_CONVERSION = YES;
				CLANG_WARN_OBJC_IMPLICIT_RETAIN_SELF = YES;
				CLANG_WARN_OBJC_LITERAL_CONVERSION = YES;
				CLANG_WARN_OBJC_ROOT_CLASS = YES_ERROR;
				CLANG_WARN_QUOTED_INCLUDE_IN_FRAMEWORK_HEADER = YES;
				CLANG_WARN_RANGE_LOOP_ANALYSIS = YES;
				CLANG_WARN_STRICT_PROTOTYPES = YES;
				CLANG_WARN_SUSPICIOUS_MOVE = YES;
				CLANG_WARN_UNGUARDED_AVAILABILITY = YES_AGGRESSIVE;
				CLANG_WARN_UNREACHABLE_CODE = YES;
				CLANG_WARN__DUPLICATE_METHOD_MATCH = YES;
				COPY_PHASE_STRIP = NO;
				DEBUG_INFORMATION_FORMAT = "dwarf-with-dsym";
				ENABLE_NS_ASSERTIONS = NO;
				ENABLE_STRICT_OBJC_MSGSEND = YES;
				ENABLE_USER_SCRIPT_SANDBOXING = YES;
				GCC_C_LANGUAGE_STANDARD = gnu17;
				GCC_NO_COMMON_BLOCKS = YES;
				GCC_WARN_64_TO_32_BIT_CONVERSION = YES;
				GCC_WARN_ABOUT_RETURN_TYPE = YES_ERROR;
				GCC_WARN_UNDECLARED_SELECTOR = YES;
				GCC_WARN_UNINITIALIZED_AUTOS = YES_AGGRESSIVE;
				GCC_WARN_UNUSED_FUNCTION = YES;
				GCC_WARN_UNUSED_VARIABLE = YES;
				IPHONEOS_DEPLOYMENT_TARGET = 17.0;
				LOCALIZATION_PREFERS_STRING_CATALOGS = YES;
				MTL_ENABLE_DEBUG_INFO = NO;
				MTL_FAST_MATH = YES;
				SDKROOT = iphoneos;
				SWIFT_COMPILATION_MODE = wholemodule;
				VALIDATE_PRODUCT = YES;
			};
			name = Release;
		};
		3C02CC952A7FC7B6003ECEB1 /* Debug */ = {
			isa = XCBuildConfiguration;
			buildSettings = {
				ASSETCATALOG_COMPILER_APPICON_NAME = AppIcon;
				ASSETCATALOG_COMPILER_GLOBAL_ACCENT_COLOR_NAME = AccentColor;
				CODE_SIGN_STYLE = Automatic;
				CURRENT_PROJECT_VERSION = 1;
				GENERATE_INFOPLIST_FILE = YES;
				INFOPLIST_FILE = "iOS17-UIContentUnavailableView02/Info.plist";
				INFOPLIST_KEY_UIApplicationSupportsIndirectInputEvents = YES;
				INFOPLIST_KEY_UILaunchStoryboardName = LaunchScreen;
				INFOPLIST_KEY_UIMainStoryboardFile = Main;
				INFOPLIST_KEY_UISupportedInterfaceOrientations_iPad = "UIInterfaceOrientationPortrait UIInterfaceOrientationPortraitUpsideDown UIInterfaceOrientationLandscapeLeft UIInterfaceOrientationLandscapeRight";
				INFOPLIST_KEY_UISupportedInterfaceOrientations_iPhone = "UIInterfaceOrientationPortrait UIInterfaceOrientationLandscapeLeft UIInterfaceOrientationLandscapeRight";
				LD_RUNPATH_SEARCH_PATHS = (
					"$(inherited)",
					"@executable_path/Frameworks",
				);
				MARKETING_VERSION = 1.0;
				PRODUCT_BUNDLE_IDENTIFIER = "cn.developer.yf.iOS17-UIContentUnavailableView02";
				PRODUCT_NAME = "$(TARGET_NAME)";
				SWIFT_EMIT_LOC_STRINGS = YES;
				SWIFT_VERSION = 5.0;
				TARGETED_DEVICE_FAMILY = "1,2";
			};
			name = Debug;
		};
		3C02CC962A7FC7B6003ECEB1 /* Release */ = {
			isa = XCBuildConfiguration;
			buildSettings = {
				ASSETCATALOG_COMPILER_APPICON_NAME = AppIcon;
				ASSETCATALOG_COMPILER_GLOBAL_ACCENT_COLOR_NAME = AccentColor;
				CODE_SIGN_STYLE = Automatic;
				CURRENT_PROJECT_VERSION = 1;
				GENERATE_INFOPLIST_FILE = YES;
				INFOPLIST_FILE = "iOS17-UIContentUnavailableView02/Info.plist";
				INFOPLIST_KEY_UIApplicationSupportsIndirectInputEvents = YES;
				INFOPLIST_KEY_UILaunchStoryboardName = LaunchScreen;
				INFOPLIST_KEY_UIMainStoryboardFile = Main;
				INFOPLIST_KEY_UISupportedInterfaceOrientations_iPad = "UIInterfaceOrientationPortrait UIInterfaceOrientationPortraitUpsideDown UIInterfaceOrientationLandscapeLeft UIInterfaceOrientationLandscapeRight";
				INFOPLIST_KEY_UISupportedInterfaceOrientations_iPhone = "UIInterfaceOrientationPortrait UIInterfaceOrientationLandscapeLeft UIInterfaceOrientationLandscapeRight";
				LD_RUNPATH_SEARCH_PATHS = (
					"$(inherited)",
					"@executable_path/Frameworks",
				);
				MARKETING_VERSION = 1.0;
				PRODUCT_BUNDLE_IDENTIFIER = "cn.developer.yf.iOS17-UIContentUnavailableView02";
				PRODUCT_NAME = "$(TARGET_NAME)";
				SWIFT_EMIT_LOC_STRINGS = YES;
				SWIFT_VERSION = 5.0;
				TARGETED_DEVICE_FAMILY = "1,2";
			};
			name = Release;
		};
		3C02CC982A7FC7B6003ECEB1 /* Debug */ = {
			isa = XCBuildConfiguration;
			buildSettings = {
				ALWAYS_EMBED_SWIFT_STANDARD_LIBRARIES = YES;
				BUNDLE_LOADER = "$(TEST_HOST)";
				CODE_SIGN_STYLE = Automatic;
				CURRENT_PROJECT_VERSION = 1;
				GENERATE_INFOPLIST_FILE = YES;
				IPHONEOS_DEPLOYMENT_TARGET = 17.0;
				MARKETING_VERSION = 1.0;
				PRODUCT_BUNDLE_IDENTIFIER = "cn.developer.yf.iOS17-UIContentUnavailableView02Tests";
				PRODUCT_NAME = "$(TARGET_NAME)";
				SWIFT_EMIT_LOC_STRINGS = NO;
				SWIFT_VERSION = 5.0;
				TARGETED_DEVICE_FAMILY = "1,2";
				TEST_HOST = "$(BUILT_PRODUCTS_DIR)/iOS17-UIContentUnavailableView02.app/$(BUNDLE_EXECUTABLE_FOLDER_PATH)/iOS17-UIContentUnavailableView02";
			};
			name = Debug;
		};
		3C02CC992A7FC7B6003ECEB1 /* Release */ = {
			isa = XCBuildConfiguration;
			buildSettings = {
				ALWAYS_EMBED_SWIFT_STANDARD_LIBRARIES = YES;
				BUNDLE_LOADER = "$(TEST_HOST)";
				CODE_SIGN_STYLE = Automatic;
				CURRENT_PROJECT_VERSION = 1;
				GENERATE_INFOPLIST_FILE = YES;
				IPHONEOS_DEPLOYMENT_TARGET = 17.0;
				MARKETING_VERSION = 1.0;
				PRODUCT_BUNDLE_IDENTIFIER = "cn.developer.yf.iOS17-UIContentUnavailableView02Tests";
				PRODUCT_NAME = "$(TARGET_NAME)";
				SWIFT_EMIT_LOC_STRINGS = NO;
				SWIFT_VERSION = 5.0;
				TARGETED_DEVICE_FAMILY = "1,2";
				TEST_HOST = "$(BUILT_PRODUCTS_DIR)/iOS17-UIContentUnavailableView02.app/$(BUNDLE_EXECUTABLE_FOLDER_PATH)/iOS17-UIContentUnavailableView02";
			};
			name = Release;
		};
		3C02CC9B2A7FC7B6003ECEB1 /* Debug */ = {
			isa = XCBuildConfiguration;
			buildSettings = {
				ALWAYS_EMBED_SWIFT_STANDARD_LIBRARIES = YES;
				CODE_SIGN_STYLE = Automatic;
				CURRENT_PROJECT_VERSION = 1;
				GENERATE_INFOPLIST_FILE = YES;
				MARKETING_VERSION = 1.0;
				PRODUCT_BUNDLE_IDENTIFIER = "cn.developer.yf.iOS17-UIContentUnavailableView02UITests";
				PRODUCT_NAME = "$(TARGET_NAME)";
				SWIFT_EMIT_LOC_STRINGS = NO;
				SWIFT_VERSION = 5.0;
				TARGETED_DEVICE_FAMILY = "1,2";
				TEST_TARGET_NAME = "iOS17-UIContentUnavailableView02";
			};
			name = Debug;
		};
		3C02CC9C2A7FC7B6003ECEB1 /* Release */ = {
			isa = XCBuildConfiguration;
			buildSettings = {
				ALWAYS_EMBED_SWIFT_STANDARD_LIBRARIES = YES;
				CODE_SIGN_STYLE = Automatic;
				CURRENT_PROJECT_VERSION = 1;
				GENERATE_INFOPLIST_FILE = YES;
				MARKETING_VERSION = 1.0;
				PRODUCT_BUNDLE_IDENTIFIER = "cn.developer.yf.iOS17-UIContentUnavailableView02UITests";
				PRODUCT_NAME = "$(TARGET_NAME)";
				SWIFT_EMIT_LOC_STRINGS = NO;
				SWIFT_VERSION = 5.0;
				TARGETED_DEVICE_FAMILY = "1,2";
				TEST_TARGET_NAME = "iOS17-UIContentUnavailableView02";
			};
			name = Release;
		};
/* End XCBuildConfiguration section */

/* Begin XCConfigurationList section */
		3C02CC652A7FC7B3003ECEB1 /* Build configuration list for PBXProject "iOS17-UIContentUnavailableView02" */ = {
			isa = XCConfigurationList;
			buildConfigurations = (
				3C02CC922A7FC7B6003ECEB1 /* Debug */,
				3C02CC932A7FC7B6003ECEB1 /* Release */,
			);
			defaultConfigurationIsVisible = 0;
			defaultConfigurationName = Release;
		};
		3C02CC942A7FC7B6003ECEB1 /* Build configuration list for PBXNativeTarget "iOS17-UIContentUnavailableView02" */ = {
			isa = XCConfigurationList;
			buildConfigurations = (
				3C02CC952A7FC7B6003ECEB1 /* Debug */,
				3C02CC962A7FC7B6003ECEB1 /* Release */,
			);
			defaultConfigurationIsVisible = 0;
			defaultConfigurationName = Release;
		};
		3C02CC972A7FC7B6003ECEB1 /* Build configuration list for PBXNativeTarget "iOS17-UIContentUnavailableView02Tests" */ = {
			isa = XCConfigurationList;
			buildConfigurations = (
				3C02CC982A7FC7B6003ECEB1 /* Debug */,
				3C02CC992A7FC7B6003ECEB1 /* Release */,
			);
			defaultConfigurationIsVisible = 0;
			defaultConfigurationName = Release;
		};
		3C02CC9A2A7FC7B6003ECEB1 /* Build configuration list for PBXNativeTarget "iOS17-UIContentUnavailableView02UITests" */ = {
			isa = XCConfigurationList;
			buildConfigurations = (
				3C02CC9B2A7FC7B6003ECEB1 /* Debug */,
				3C02CC9C2A7FC7B6003ECEB1 /* Release */,
			);
			defaultConfigurationIsVisible = 0;
			defaultConfigurationName = Release;
		};
/* End XCConfigurationList section */
	};
	rootObject = 3C02CC622A7FC7B3003ECEB1 /* Project object */;
}
