// !$*UTF8*$!
{
	archiveVersion = 1;
	classes = {
	};
	objectVersion = 56;
	objects = {

/* Begin PBXBuildFile section */
		3C6F99F328B6FE94004D6FA0 /* AppDelegate.swift in Sources */ = {isa = PBXBuildFile; fileRef = 3C6F99F228B6FE94004D6FA0 /* AppDelegate.swift */; };
		3C6F99F528B6FE94004D6FA0 /* SceneDelegate.swift in Sources */ = {isa = PBXBuildFile; fileRef = 3C6F99F428B6FE94004D6FA0 /* SceneDelegate.swift */; };
		3C6F99F728B6FE94004D6FA0 /* ViewController.swift in Sources */ = {isa = PBXBuildFile; fileRef = 3C6F99F628B6FE94004D6FA0 /* ViewController.swift */; };
		3C6F99FA28B6FE94004D6FA0 /* Main.storyboard in Resources */ = {isa = PBXBuildFile; fileRef = 3C6F99F828B6FE94004D6FA0 /* Main.storyboard */; };
		3C6F99FC28B6FE95004D6FA0 /* Assets.xcassets in Resources */ = {isa = PBXBuildFile; fileRef = 3C6F99FB28B6FE95004D6FA0 /* Assets.xcassets */; };
		3C6F99FF28B6FE95004D6FA0 /* LaunchScreen.storyboard in Resources */ = {isa = PBXBuildFile; fileRef = 3C6F99FD28B6FE95004D6FA0 /* LaunchScreen.storyboard */; };
		3C6F9A0A28B6FE95004D6FA0 /* iOS16_SandboxTests.swift in Sources */ = {isa = PBXBuildFile; fileRef = 3C6F9A0928B6FE95004D6FA0 /* iOS16_SandboxTests.swift */; };
		3C6F9A1428B6FE95004D6FA0 /* iOS16_SandboxUITests.swift in Sources */ = {isa = PBXBuildFile; fileRef = 3C6F9A1328B6FE95004D6FA0 /* iOS16_SandboxUITests.swift */; };
		3C6F9A1628B6FE95004D6FA0 /* iOS16_SandboxUITestsLaunchTests.swift in Sources */ = {isa = PBXBuildFile; fileRef = 3C6F9A1528B6FE95004D6FA0 /* iOS16_SandboxUITestsLaunchTests.swift */; };
/* End PBXBuildFile section */

/* Begin PBXContainerItemProxy section */
		3C6F9A0628B6FE95004D6FA0 /* PBXContainerItemProxy */ = {
			isa = PBXContainerItemProxy;
			containerPortal = 3C6F99E728B6FE94004D6FA0 /* Project object */;
			proxyType = 1;
			remoteGlobalIDString = 3C6F99EE28B6FE94004D6FA0;
			remoteInfo = "iOS16-Sandbox";
		};
		3C6F9A1028B6FE95004D6FA0 /* PBXContainerItemProxy */ = {
			isa = PBXContainerItemProxy;
			containerPortal = 3C6F99E728B6FE94004D6FA0 /* Project object */;
			proxyType = 1;
			remoteGlobalIDString = 3C6F99EE28B6FE94004D6FA0;
			remoteInfo = "iOS16-Sandbox";
		};
/* End PBXContainerItemProxy section */

/* Begin PBXFileReference section */
		3C6F99EF28B6FE94004D6FA0 /* iOS16-Sandbox.app */ = {isa = PBXFileReference; explicitFileType = wrapper.application; includeInIndex = 0; path = "iOS16-Sandbox.app"; sourceTree = BUILT_PRODUCTS_DIR; };
		3C6F99F228B6FE94004D6FA0 /* AppDelegate.swift */ = {isa = PBXFileReference; lastKnownFileType = sourcecode.swift; path = AppDelegate.swift; sourceTree = "<group>"; };
		3C6F99F428B6FE94004D6FA0 /* SceneDelegate.swift */ = {isa = PBXFileReference; lastKnownFileType = sourcecode.swift; path = SceneDelegate.swift; sourceTree = "<group>"; };
		3C6F99F628B6FE94004D6FA0 /* ViewController.swift */ = {isa = PBXFileReference; lastKnownFileType = sourcecode.swift; path = ViewController.swift; sourceTree = "<group>"; };
		3C6F99F928B6FE94004D6FA0 /* Base */ = {isa = PBXFileReference; lastKnownFileType = file.storyboard; name = Base; path = Base.lproj/Main.storyboard; sourceTree = "<group>"; };
		3C6F99FB28B6FE95004D6FA0 /* Assets.xcassets */ = {isa = PBXFileReference; lastKnownFileType = folder.assetcatalog; path = Assets.xcassets; sourceTree = "<group>"; };
		3C6F99FE28B6FE95004D6FA0 /* Base */ = {isa = PBXFileReference; lastKnownFileType = file.storyboard; name = Base; path = Base.lproj/LaunchScreen.storyboard; sourceTree = "<group>"; };
		3C6F9A0028B6FE95004D6FA0 /* Info.plist */ = {isa = PBXFileReference; lastKnownFileType = text.plist.xml; path = Info.plist; sourceTree = "<group>"; };
		3C6F9A0528B6FE95004D6FA0 /* iOS16-SandboxTests.xctest */ = {isa = PBXFileReference; explicitFileType = wrapper.cfbundle; includeInIndex = 0; path = "iOS16-SandboxTests.xctest"; sourceTree = BUILT_PRODUCTS_DIR; };
		3C6F9A0928B6FE95004D6FA0 /* iOS16_SandboxTests.swift */ = {isa = PBXFileReference; lastKnownFileType = sourcecode.swift; path = iOS16_SandboxTests.swift; sourceTree = "<group>"; };
		3C6F9A0F28B6FE95004D6FA0 /* iOS16-SandboxUITests.xctest */ = {isa = PBXFileReference; explicitFileType = wrapper.cfbundle; includeInIndex = 0; path = "iOS16-SandboxUITests.xctest"; sourceTree = BUILT_PRODUCTS_DIR; };
		3C6F9A1328B6FE95004D6FA0 /* iOS16_SandboxUITests.swift */ = {isa = PBXFileReference; lastKnownFileType = sourcecode.swift; path = iOS16_SandboxUITests.swift; sourceTree = "<group>"; };
		3C6F9A1528B6FE95004D6FA0 /* iOS16_SandboxUITestsLaunchTests.swift */ = {isa = PBXFileReference; lastKnownFileType = sourcecode.swift; path = iOS16_SandboxUITestsLaunchTests.swift; sourceTree = "<group>"; };
/* End PBXFileReference section */

/* Begin PBXFrameworksBuildPhase section */
		3C6F99EC28B6FE94004D6FA0 /* Frameworks */ = {
			isa = PBXFrameworksBuildPhase;
			buildActionMask = 2147483647;
			files = (
			);
			runOnlyForDeploymentPostprocessing = 0;
		};
		3C6F9A0228B6FE95004D6FA0 /* Frameworks */ = {
			isa = PBXFrameworksBuildPhase;
			buildActionMask = 2147483647;
			files = (
			);
			runOnlyForDeploymentPostprocessing = 0;
		};
		3C6F9A0C28B6FE95004D6FA0 /* Frameworks */ = {
			isa = PBXFrameworksBuildPhase;
			buildActionMask = 2147483647;
			files = (
			);
			runOnlyForDeploymentPostprocessing = 0;
		};
/* End PBXFrameworksBuildPhase section */

/* Begin PBXGroup section */
		3C6F99E628B6FE94004D6FA0 = {
			isa = PBXGroup;
			children = (
				3C6F99F128B6FE94004D6FA0 /* iOS16-Sandbox */,
				3C6F9A0828B6FE95004D6FA0 /* iOS16-SandboxTests */,
				3C6F9A1228B6FE95004D6FA0 /* iOS16-SandboxUITests */,
				3C6F99F028B6FE94004D6FA0 /* Products */,
			);
			sourceTree = "<group>";
		};
		3C6F99F028B6FE94004D6FA0 /* Products */ = {
			isa = PBXGroup;
			children = (
				3C6F99EF28B6FE94004D6FA0 /* iOS16-Sandbox.app */,
				3C6F9A0528B6FE95004D6FA0 /* iOS16-SandboxTests.xctest */,
				3C6F9A0F28B6FE95004D6FA0 /* iOS16-SandboxUITests.xctest */,
			);
			name = Products;
			sourceTree = "<group>";
		};
		3C6F99F128B6FE94004D6FA0 /* iOS16-Sandbox */ = {
			isa = PBXGroup;
			children = (
				3C6F99F228B6FE94004D6FA0 /* AppDelegate.swift */,
				3C6F99F428B6FE94004D6FA0 /* SceneDelegate.swift */,
				3C6F99F628B6FE94004D6FA0 /* ViewController.swift */,
				3C6F99F828B6FE94004D6FA0 /* Main.storyboard */,
				3C6F99FB28B6FE95004D6FA0 /* Assets.xcassets */,
				3C6F99FD28B6FE95004D6FA0 /* LaunchScreen.storyboard */,
				3C6F9A0028B6FE95004D6FA0 /* Info.plist */,
			);
			path = "iOS16-Sandbox";
			sourceTree = "<group>";
		};
		3C6F9A0828B6FE95004D6FA0 /* iOS16-SandboxTests */ = {
			isa = PBXGroup;
			children = (
				3C6F9A0928B6FE95004D6FA0 /* iOS16_SandboxTests.swift */,
			);
			path = "iOS16-SandboxTests";
			sourceTree = "<group>";
		};
		3C6F9A1228B6FE95004D6FA0 /* iOS16-SandboxUITests */ = {
			isa = PBXGroup;
			children = (
				3C6F9A1328B6FE95004D6FA0 /* iOS16_SandboxUITests.swift */,
				3C6F9A1528B6FE95004D6FA0 /* iOS16_SandboxUITestsLaunchTests.swift */,
			);
			path = "iOS16-SandboxUITests";
			sourceTree = "<group>";
		};
/* End PBXGroup section */

/* Begin PBXNativeTarget section */
		3C6F99EE28B6FE94004D6FA0 /* iOS16-Sandbox */ = {
			isa = PBXNativeTarget;
			buildConfigurationList = 3C6F9A1928B6FE95004D6FA0 /* Build configuration list for PBXNativeTarget "iOS16-Sandbox" */;
			buildPhases = (
				3C6F99EB28B6FE94004D6FA0 /* Sources */,
				3C6F99EC28B6FE94004D6FA0 /* Frameworks */,
				3C6F99ED28B6FE94004D6FA0 /* Resources */,
			);
			buildRules = (
			);
			dependencies = (
			);
			name = "iOS16-Sandbox";
			productName = "iOS16-Sandbox";
			productReference = 3C6F99EF28B6FE94004D6FA0 /* iOS16-Sandbox.app */;
			productType = "com.apple.product-type.application";
		};
		3C6F9A0428B6FE95004D6FA0 /* iOS16-SandboxTests */ = {
			isa = PBXNativeTarget;
			buildConfigurationList = 3C6F9A1C28B6FE95004D6FA0 /* Build configuration list for PBXNativeTarget "iOS16-SandboxTests" */;
			buildPhases = (
				3C6F9A0128B6FE95004D6FA0 /* Sources */,
				3C6F9A0228B6FE95004D6FA0 /* Frameworks */,
				3C6F9A0328B6FE95004D6FA0 /* Resources */,
			);
			buildRules = (
			);
			dependencies = (
				3C6F9A0728B6FE95004D6FA0 /* PBXTargetDependency */,
			);
			name = "iOS16-SandboxTests";
			productName = "iOS16-SandboxTests";
			productReference = 3C6F9A0528B6FE95004D6FA0 /* iOS16-SandboxTests.xctest */;
			productType = "com.apple.product-type.bundle.unit-test";
		};
		3C6F9A0E28B6FE95004D6FA0 /* iOS16-SandboxUITests */ = {
			isa = PBXNativeTarget;
			buildConfigurationList = 3C6F9A1F28B6FE95004D6FA0 /* Build configuration list for PBXNativeTarget "iOS16-SandboxUITests" */;
			buildPhases = (
				3C6F9A0B28B6FE95004D6FA0 /* Sources */,
				3C6F9A0C28B6FE95004D6FA0 /* Frameworks */,
				3C6F9A0D28B6FE95004D6FA0 /* Resources */,
			);
			buildRules = (
			);
			dependencies = (
				3C6F9A1128B6FE95004D6FA0 /* PBXTargetDependency */,
			);
			name = "iOS16-SandboxUITests";
			productName = "iOS16-SandboxUITests";
			productReference = 3C6F9A0F28B6FE95004D6FA0 /* iOS16-SandboxUITests.xctest */;
			productType = "com.apple.product-type.bundle.ui-testing";
		};
/* End PBXNativeTarget section */

/* Begin PBXProject section */
		3C6F99E728B6FE94004D6FA0 /* Project object */ = {
			isa = PBXProject;
			attributes = {
				BuildIndependentTargetsInParallel = 1;
				LastSwiftUpdateCheck = 1400;
				LastUpgradeCheck = 1400;
				TargetAttributes = {
					3C6F99EE28B6FE94004D6FA0 = {
						CreatedOnToolsVersion = 14.0;
					};
					3C6F9A0428B6FE95004D6FA0 = {
						CreatedOnToolsVersion = 14.0;
						TestTargetID = 3C6F99EE28B6FE94004D6FA0;
					};
					3C6F9A0E28B6FE95004D6FA0 = {
						CreatedOnToolsVersion = 14.0;
						TestTargetID = 3C6F99EE28B6FE94004D6FA0;
					};
				};
			};
			buildConfigurationList = 3C6F99EA28B6FE94004D6FA0 /* Build configuration list for PBXProject "iOS16-Sandbox" */;
			compatibilityVersion = "Xcode 14.0";
			developmentRegion = en;
			hasScannedForEncodings = 0;
			knownRegions = (
				en,
				Base,
			);
			mainGroup = 3C6F99E628B6FE94004D6FA0;
			productRefGroup = 3C6F99F028B6FE94004D6FA0 /* Products */;
			projectDirPath = "";
			projectRoot = "";
			targets = (
				3C6F99EE28B6FE94004D6FA0 /* iOS16-Sandbox */,
				3C6F9A0428B6FE95004D6FA0 /* iOS16-SandboxTests */,
				3C6F9A0E28B6FE95004D6FA0 /* iOS16-SandboxUITests */,
			);
		};
/* End PBXProject section */

/* Begin PBXResourcesBuildPhase section */
		3C6F99ED28B6FE94004D6FA0 /* Resources */ = {
			isa = PBXResourcesBuildPhase;
			buildActionMask = 2147483647;
			files = (
				3C6F99FF28B6FE95004D6FA0 /* LaunchScreen.storyboard in Resources */,
				3C6F99FC28B6FE95004D6FA0 /* Assets.xcassets in Resources */,
				3C6F99FA28B6FE94004D6FA0 /* Main.storyboard in Resources */,
			);
			runOnlyForDeploymentPostprocessing = 0;
		};
		3C6F9A0328B6FE95004D6FA0 /* Resources */ = {
			isa = PBXResourcesBuildPhase;
			buildActionMask = 2147483647;
			files = (
			);
			runOnlyForDeploymentPostprocessing = 0;
		};
		3C6F9A0D28B6FE95004D6FA0 /* Resources */ = {
			isa = PBXResourcesBuildPhase;
			buildActionMask = 2147483647;
			files = (
			);
			runOnlyForDeploymentPostprocessing = 0;
		};
/* End PBXResourcesBuildPhase section */

/* Begin PBXSourcesBuildPhase section */
		3C6F99EB28B6FE94004D6FA0 /* Sources */ = {
			isa = PBXSourcesBuildPhase;
			buildActionMask = 2147483647;
			files = (
				3C6F99F728B6FE94004D6FA0 /* ViewController.swift in Sources */,
				3C6F99F328B6FE94004D6FA0 /* AppDelegate.swift in Sources */,
				3C6F99F528B6FE94004D6FA0 /* SceneDelegate.swift in Sources */,
			);
			runOnlyForDeploymentPostprocessing = 0;
		};
		3C6F9A0128B6FE95004D6FA0 /* Sources */ = {
			isa = PBXSourcesBuildPhase;
			buildActionMask = 2147483647;
			files = (
				3C6F9A0A28B6FE95004D6FA0 /* iOS16_SandboxTests.swift in Sources */,
			);
			runOnlyForDeploymentPostprocessing = 0;
		};
		3C6F9A0B28B6FE95004D6FA0 /* Sources */ = {
			isa = PBXSourcesBuildPhase;
			buildActionMask = 2147483647;
			files = (
				3C6F9A1428B6FE95004D6FA0 /* iOS16_SandboxUITests.swift in Sources */,
				3C6F9A1628B6FE95004D6FA0 /* iOS16_SandboxUITestsLaunchTests.swift in Sources */,
			);
			runOnlyForDeploymentPostprocessing = 0;
		};
/* End PBXSourcesBuildPhase section */

/* Begin PBXTargetDependency section */
		3C6F9A0728B6FE95004D6FA0 /* PBXTargetDependency */ = {
			isa = PBXTargetDependency;
			target = 3C6F99EE28B6FE94004D6FA0 /* iOS16-Sandbox */;
			targetProxy = 3C6F9A0628B6FE95004D6FA0 /* PBXContainerItemProxy */;
		};
		3C6F9A1128B6FE95004D6FA0 /* PBXTargetDependency */ = {
			isa = PBXTargetDependency;
			target = 3C6F99EE28B6FE94004D6FA0 /* iOS16-Sandbox */;
			targetProxy = 3C6F9A1028B6FE95004D6FA0 /* PBXContainerItemProxy */;
		};
/* End PBXTargetDependency section */

/* Begin PBXVariantGroup section */
		3C6F99F828B6FE94004D6FA0 /* Main.storyboard */ = {
			isa = PBXVariantGroup;
			children = (
				3C6F99F928B6FE94004D6FA0 /* Base */,
			);
			name = Main.storyboard;
			sourceTree = "<group>";
		};
		3C6F99FD28B6FE95004D6FA0 /* LaunchScreen.storyboard */ = {
			isa = PBXVariantGroup;
			children = (
				3C6F99FE28B6FE95004D6FA0 /* Base */,
			);
			name = LaunchScreen.storyboard;
			sourceTree = "<group>";
		};
/* End PBXVariantGroup section */

/* Begin XCBuildConfiguration section */
		3C6F9A1728B6FE95004D6FA0 /* Debug */ = {
			isa = XCBuildConfiguration;
			buildSettings = {
				ALWAYS_SEARCH_USER_PATHS = NO;
				CLANG_ANALYZER_NONNULL = YES;
				CLANG_ANALYZER_NUMBER_OBJECT_CONVERSION = YES_AGGRESSIVE;
				CLANG_CXX_LANGUAGE_STANDARD = "gnu++20";
				CLANG_ENABLE_MODULES = YES;
				CLANG_ENABLE_OBJC_ARC = YES;
				CLANG_ENABLE_OBJC_WEAK = YES;
				CLANG_WARN_BLOCK_CAPTURE_AUTORELEASING = YES;
				CLANG_WARN_BOOL_CONVERSION = YES;
				CLANG_WARN_COMMA = YES;
				CLANG_WARN_CONSTANT_CONVERSION = YES;
				CLANG_WARN_DEPRECATED_OBJC_IMPLEMENTATIONS = YES;
				CLANG_WARN_DIRECT_OBJC_ISA_USAGE = YES_ERROR;
				CLANG_WARN_DOCUMENTATION_COMMENTS = YES;
				CLANG_WARN_EMPTY_BODY = YES;
				CLANG_WARN_ENUM_CONVERSION = YES;
				CLANG_WARN_INFINITE_RECURSION = YES;
				CLANG_WARN_INT_CONVERSION = YES;
				CLANG_WARN_NON_LITERAL_NULL_CONVERSION = YES;
				CLANG_WARN_OBJC_IMPLICIT_RETAIN_SELF = YES;
				CLANG_WARN_OBJC_LITERAL_CONVERSION = YES;
				CLANG_WARN_OBJC_ROOT_CLASS = YES_ERROR;
				CLANG_WARN_QUOTED_INCLUDE_IN_FRAMEWORK_HEADER = YES;
				CLANG_WARN_RANGE_LOOP_ANALYSIS = YES;
				CLANG_WARN_STRICT_PROTOTYPES = YES;
				CLANG_WARN_SUSPICIOUS_MOVE = YES;
				CLANG_WARN_UNGUARDED_AVAILABILITY = YES_AGGRESSIVE;
				CLANG_WARN_UNREACHABLE_CODE = YES;
				CLANG_WARN__DUPLICATE_METHOD_MATCH = YES;
				COPY_PHASE_STRIP = NO;
				DEBUG_INFORMATION_FORMAT = dwarf;
				ENABLE_STRICT_OBJC_MSGSEND = YES;
				ENABLE_TESTABILITY = YES;
				GCC_C_LANGUAGE_STANDARD = gnu11;
				GCC_DYNAMIC_NO_PIC = NO;
				GCC_NO_COMMON_BLOCKS = YES;
				GCC_OPTIMIZATION_LEVEL = 0;
				GCC_PREPROCESSOR_DEFINITIONS = (
					"DEBUG=1",
					"$(inherited)",
				);
				GCC_WARN_64_TO_32_BIT_CONVERSION = YES;
				GCC_WARN_ABOUT_RETURN_TYPE = YES_ERROR;
				GCC_WARN_UNDECLARED_SELECTOR = YES;
				GCC_WARN_UNINITIALIZED_AUTOS = YES_AGGRESSIVE;
				GCC_WARN_UNUSED_FUNCTION = YES;
				GCC_WARN_UNUSED_VARIABLE = YES;
				IPHONEOS_DEPLOYMENT_TARGET = 16.0;
				MTL_ENABLE_DEBUG_INFO = INCLUDE_SOURCE;
				MTL_FAST_MATH = YES;
				ONLY_ACTIVE_ARCH = YES;
				SDKROOT = iphoneos;
				SWIFT_ACTIVE_COMPILATION_CONDITIONS = DEBUG;
				SWIFT_OPTIMIZATION_LEVEL = "-Onone";
			};
			name = Debug;
		};
		3C6F9A1828B6FE95004D6FA0 /* Release */ = {
			isa = XCBuildConfiguration;
			buildSettings = {
				ALWAYS_SEARCH_USER_PATHS = NO;
				CLANG_ANALYZER_NONNULL = YES;
				CLANG_ANALYZER_NUMBER_OBJECT_CONVERSION = YES_AGGRESSIVE;
				CLANG_CXX_LANGUAGE_STANDARD = "gnu++20";
				CLANG_ENABLE_MODULES = YES;
				CLANG_ENABLE_OBJC_ARC = YES;
				CLANG_ENABLE_OBJC_WEAK = YES;
				CLANG_WARN_BLOCK_CAPTURE_AUTORELEASING = YES;
				CLANG_WARN_BOOL_CONVERSION = YES;
				CLANG_WARN_COMMA = YES;
				CLANG_WARN_CONSTANT_CONVERSION = YES;
				CLANG_WARN_DEPRECATED_OBJC_IMPLEMENTATIONS = YES;
				CLANG_WARN_DIRECT_OBJC_ISA_USAGE = YES_ERROR;
				CLANG_WARN_DOCUMENTATION_COMMENTS = YES;
				CLANG_WARN_EMPTY_BODY = YES;
				CLANG_WARN_ENUM_CONVERSION = YES;
				CLANG_WARN_INFINITE_RECURSION = YES;
				CLANG_WARN_INT_CONVERSION = YES;
				CLANG_WARN_NON_LITERAL_NULL_CONVERSION = YES;
				CLANG_WARN_OBJC_IMPLICIT_RETAIN_SELF = YES;
				CLANG_WARN_OBJC_LITERAL_CONVERSION = YES;
				CLANG_WARN_OBJC_ROOT_CLASS = YES_ERROR;
				CLANG_WARN_QUOTED_INCLUDE_IN_FRAMEWORK_HEADER = YES;
				CLANG_WARN_RANGE_LOOP_ANALYSIS = YES;
				CLANG_WARN_STRICT_PROTOTYPES = YES;
				CLANG_WARN_SUSPICIOUS_MOVE = YES;
				CLANG_WARN_UNGUARDED_AVAILABILITY = YES_AGGRESSIVE;
				CLANG_WARN_UNREACHABLE_CODE = YES;
				CLANG_WARN__DUPLICATE_METHOD_MATCH = YES;
				COPY_PHASE_STRIP = NO;
				DEBUG_INFORMATION_FORMAT = "dwarf-with-dsym";
				ENABLE_NS_ASSERTIONS = NO;
				ENABLE_STRICT_OBJC_MSGSEND = YES;
				GCC_C_LANGUAGE_STANDARD = gnu11;
				GCC_NO_COMMON_BLOCKS = YES;
				GCC_WARN_64_TO_32_BIT_CONVERSION = YES;
				GCC_WARN_ABOUT_RETURN_TYPE = YES_ERROR;
				GCC_WARN_UNDECLARED_SELECTOR = YES;
				GCC_WARN_UNINITIALIZED_AUTOS = YES_AGGRESSIVE;
				GCC_WARN_UNUSED_FUNCTION = YES;
				GCC_WARN_UNUSED_VARIABLE = YES;
				IPHONEOS_DEPLOYMENT_TARGET = 16.0;
				MTL_ENABLE_DEBUG_INFO = NO;
				MTL_FAST_MATH = YES;
				SDKROOT = iphoneos;
				SWIFT_COMPILATION_MODE = wholemodule;
				SWIFT_OPTIMIZATION_LEVEL = "-O";
				VALIDATE_PRODUCT = YES;
			};
			name = Release;
		};
		3C6F9A1A28B6FE95004D6FA0 /* Debug */ = {
			isa = XCBuildConfiguration;
			buildSettings = {
				ASSETCATALOG_COMPILER_APPICON_NAME = AppIcon;
				ASSETCATALOG_COMPILER_GLOBAL_ACCENT_COLOR_NAME = AccentColor;
				CODE_SIGN_STYLE = Automatic;
				CURRENT_PROJECT_VERSION = 1;
				GENERATE_INFOPLIST_FILE = YES;
				INFOPLIST_FILE = "iOS16-Sandbox/Info.plist";
				INFOPLIST_KEY_UIApplicationSupportsIndirectInputEvents = YES;
				INFOPLIST_KEY_UILaunchStoryboardName = LaunchScreen;
				INFOPLIST_KEY_UIMainStoryboardFile = Main;
				INFOPLIST_KEY_UISupportedInterfaceOrientations_iPad = "UIInterfaceOrientationPortrait UIInterfaceOrientationPortraitUpsideDown UIInterfaceOrientationLandscapeLeft UIInterfaceOrientationLandscapeRight";
				INFOPLIST_KEY_UISupportedInterfaceOrientations_iPhone = "UIInterfaceOrientationPortrait UIInterfaceOrientationLandscapeLeft UIInterfaceOrientationLandscapeRight";
				LD_RUNPATH_SEARCH_PATHS = (
					"$(inherited)",
					"@executable_path/Frameworks",
				);
				MARKETING_VERSION = 1.0;
				PRODUCT_BUNDLE_IDENTIFIER = "cn.developer.yf.iOS16-Sandbox";
				PRODUCT_NAME = "$(TARGET_NAME)";
				SWIFT_EMIT_LOC_STRINGS = YES;
				SWIFT_VERSION = 5.0;
				TARGETED_DEVICE_FAMILY = "1,2";
			};
			name = Debug;
		};
		3C6F9A1B28B6FE95004D6FA0 /* Release */ = {
			isa = XCBuildConfiguration;
			buildSettings = {
				ASSETCATALOG_COMPILER_APPICON_NAME = AppIcon;
				ASSETCATALOG_COMPILER_GLOBAL_ACCENT_COLOR_NAME = AccentColor;
				CODE_SIGN_STYLE = Automatic;
				CURRENT_PROJECT_VERSION = 1;
				GENERATE_INFOPLIST_FILE = YES;
				INFOPLIST_FILE = "iOS16-Sandbox/Info.plist";
				INFOPLIST_KEY_UIApplicationSupportsIndirectInputEvents = YES;
				INFOPLIST_KEY_UILaunchStoryboardName = LaunchScreen;
				INFOPLIST_KEY_UIMainStoryboardFile = Main;
				INFOPLIST_KEY_UISupportedInterfaceOrientations_iPad = "UIInterfaceOrientationPortrait UIInterfaceOrientationPortraitUpsideDown UIInterfaceOrientationLandscapeLeft UIInterfaceOrientationLandscapeRight";
				INFOPLIST_KEY_UISupportedInterfaceOrientations_iPhone = "UIInterfaceOrientationPortrait UIInterfaceOrientationLandscapeLeft UIInterfaceOrientationLandscapeRight";
				LD_RUNPATH_SEARCH_PATHS = (
					"$(inherited)",
					"@executable_path/Frameworks",
				);
				MARKETING_VERSION = 1.0;
				PRODUCT_BUNDLE_IDENTIFIER = "cn.developer.yf.iOS16-Sandbox";
				PRODUCT_NAME = "$(TARGET_NAME)";
				SWIFT_EMIT_LOC_STRINGS = YES;
				SWIFT_VERSION = 5.0;
				TARGETED_DEVICE_FAMILY = "1,2";
			};
			name = Release;
		};
		3C6F9A1D28B6FE95004D6FA0 /* Debug */ = {
			isa = XCBuildConfiguration;
			buildSettings = {
				ALWAYS_EMBED_SWIFT_STANDARD_LIBRARIES = YES;
				BUNDLE_LOADER = "$(TEST_HOST)";
				CODE_SIGN_STYLE = Automatic;
				CURRENT_PROJECT_VERSION = 1;
				GENERATE_INFOPLIST_FILE = YES;
				IPHONEOS_DEPLOYMENT_TARGET = 16.0;
				MARKETING_VERSION = 1.0;
				PRODUCT_BUNDLE_IDENTIFIER = "cn.developer.yf.iOS16-SandboxTests";
				PRODUCT_NAME = "$(TARGET_NAME)";
				SWIFT_EMIT_LOC_STRINGS = NO;
				SWIFT_VERSION = 5.0;
				TARGETED_DEVICE_FAMILY = "1,2";
				TEST_HOST = "$(BUILT_PRODUCTS_DIR)/iOS16-Sandbox.app/$(BUNDLE_EXECUTABLE_FOLDER_PATH)/iOS16-Sandbox";
			};
			name = Debug;
		};
		3C6F9A1E28B6FE95004D6FA0 /* Release */ = {
			isa = XCBuildConfiguration;
			buildSettings = {
				ALWAYS_EMBED_SWIFT_STANDARD_LIBRARIES = YES;
				BUNDLE_LOADER = "$(TEST_HOST)";
				CODE_SIGN_STYLE = Automatic;
				CURRENT_PROJECT_VERSION = 1;
				GENERATE_INFOPLIST_FILE = YES;
				IPHONEOS_DEPLOYMENT_TARGET = 16.0;
				MARKETING_VERSION = 1.0;
				PRODUCT_BUNDLE_IDENTIFIER = "cn.developer.yf.iOS16-SandboxTests";
				PRODUCT_NAME = "$(TARGET_NAME)";
				SWIFT_EMIT_LOC_STRINGS = NO;
				SWIFT_VERSION = 5.0;
				TARGETED_DEVICE_FAMILY = "1,2";
				TEST_HOST = "$(BUILT_PRODUCTS_DIR)/iOS16-Sandbox.app/$(BUNDLE_EXECUTABLE_FOLDER_PATH)/iOS16-Sandbox";
			};
			name = Release;
		};
		3C6F9A2028B6FE95004D6FA0 /* Debug */ = {
			isa = XCBuildConfiguration;
			buildSettings = {
				ALWAYS_EMBED_SWIFT_STANDARD_LIBRARIES = YES;
				CODE_SIGN_STYLE = Automatic;
				CURRENT_PROJECT_VERSION = 1;
				GENERATE_INFOPLIST_FILE = YES;
				MARKETING_VERSION = 1.0;
				PRODUCT_BUNDLE_IDENTIFIER = "cn.developer.yf.iOS16-SandboxUITests";
				PRODUCT_NAME = "$(TARGET_NAME)";
				SWIFT_EMIT_LOC_STRINGS = NO;
				SWIFT_VERSION = 5.0;
				TARGETED_DEVICE_FAMILY = "1,2";
				TEST_TARGET_NAME = "iOS16-Sandbox";
			};
			name = Debug;
		};
		3C6F9A2128B6FE95004D6FA0 /* Release */ = {
			isa = XCBuildConfiguration;
			buildSettings = {
				ALWAYS_EMBED_SWIFT_STANDARD_LIBRARIES = YES;
				CODE_SIGN_STYLE = Automatic;
				CURRENT_PROJECT_VERSION = 1;
				GENERATE_INFOPLIST_FILE = YES;
				MARKETING_VERSION = 1.0;
				PRODUCT_BUNDLE_IDENTIFIER = "cn.developer.yf.iOS16-SandboxUITests";
				PRODUCT_NAME = "$(TARGET_NAME)";
				SWIFT_EMIT_LOC_STRINGS = NO;
				SWIFT_VERSION = 5.0;
				TARGETED_DEVICE_FAMILY = "1,2";
				TEST_TARGET_NAME = "iOS16-Sandbox";
			};
			name = Release;
		};
/* End XCBuildConfiguration section */

/* Begin XCConfigurationList section */
		3C6F99EA28B6FE94004D6FA0 /* Build configuration list for PBXProject "iOS16-Sandbox" */ = {
			isa = XCConfigurationList;
			buildConfigurations = (
				3C6F9A1728B6FE95004D6FA0 /* Debug */,
				3C6F9A1828B6FE95004D6FA0 /* Release */,
			);
			defaultConfigurationIsVisible = 0;
			defaultConfigurationName = Release;
		};
		3C6F9A1928B6FE95004D6FA0 /* Build configuration list for PBXNativeTarget "iOS16-Sandbox" */ = {
			isa = XCConfigurationList;
			buildConfigurations = (
				3C6F9A1A28B6FE95004D6FA0 /* Debug */,
				3C6F9A1B28B6FE95004D6FA0 /* Release */,
			);
			defaultConfigurationIsVisible = 0;
			defaultConfigurationName = Release;
		};
		3C6F9A1C28B6FE95004D6FA0 /* Build configuration list for PBXNativeTarget "iOS16-SandboxTests" */ = {
			isa = XCConfigurationList;
			buildConfigurations = (
				3C6F9A1D28B6FE95004D6FA0 /* Debug */,
				3C6F9A1E28B6FE95004D6FA0 /* Release */,
			);
			defaultConfigurationIsVisible = 0;
			defaultConfigurationName = Release;
		};
		3C6F9A1F28B6FE95004D6FA0 /* Build configuration list for PBXNativeTarget "iOS16-SandboxUITests" */ = {
			isa = XCConfigurationList;
			buildConfigurations = (
				3C6F9A2028B6FE95004D6FA0 /* Debug */,
				3C6F9A2128B6FE95004D6FA0 /* Release */,
			);
			defaultConfigurationIsVisible = 0;
			defaultConfigurationName = Release;
		};
/* End XCConfigurationList section */
	};
	rootObject = 3C6F99E728B6FE94004D6FA0 /* Project object */;
}
