// !$*UTF8*$!
{
	archiveVersion = 1;
	classes = {
	};
	objectVersion = 56;
	objects = {

/* Begin PBXBuildFile section */
		3CE6B86E295312FB00C5CE4E /* AppDelegate.swift in Sources */ = {isa = PBXBuildFile; fileRef = 3CE6B86D295312FB00C5CE4E /* AppDelegate.swift */; };
		3CE6B870295312FB00C5CE4E /* SceneDelegate.swift in Sources */ = {isa = PBXBuildFile; fileRef = 3CE6B86F295312FB00C5CE4E /* SceneDelegate.swift */; };
		3CE6B872295312FB00C5CE4E /* ViewController.swift in Sources */ = {isa = PBXBuildFile; fileRef = 3CE6B871295312FB00C5CE4E /* ViewController.swift */; };
		3CE6B875295312FB00C5CE4E /* Main.storyboard in Resources */ = {isa = PBXBuildFile; fileRef = 3CE6B873295312FB00C5CE4E /* Main.storyboard */; };
		3CE6B877295312FC00C5CE4E /* Assets.xcassets in Resources */ = {isa = PBXBuildFile; fileRef = 3CE6B876295312FC00C5CE4E /* Assets.xcassets */; };
		3CE6B87A295312FC00C5CE4E /* LaunchScreen.storyboard in Resources */ = {isa = PBXBuildFile; fileRef = 3CE6B878295312FC00C5CE4E /* LaunchScreen.storyboard */; };
		3CE6B885295312FC00C5CE4E /* MetriKitDemoTests.swift in Sources */ = {isa = PBXBuildFile; fileRef = 3CE6B884295312FC00C5CE4E /* MetriKitDemoTests.swift */; };
		3CE6B88F295312FC00C5CE4E /* MetriKitDemoUITests.swift in Sources */ = {isa = PBXBuildFile; fileRef = 3CE6B88E295312FC00C5CE4E /* MetriKitDemoUITests.swift */; };
		3CE6B891295312FC00C5CE4E /* MetriKitDemoUITestsLaunchTests.swift in Sources */ = {isa = PBXBuildFile; fileRef = 3CE6B890295312FC00C5CE4E /* MetriKitDemoUITestsLaunchTests.swift */; };
/* End PBXBuildFile section */

/* Begin PBXContainerItemProxy section */
		3CE6B881295312FC00C5CE4E /* PBXContainerItemProxy */ = {
			isa = PBXContainerItemProxy;
			containerPortal = 3CE6B862295312FB00C5CE4E /* Project object */;
			proxyType = 1;
			remoteGlobalIDString = 3CE6B869295312FB00C5CE4E;
			remoteInfo = MetriKitDemo;
		};
		3CE6B88B295312FC00C5CE4E /* PBXContainerItemProxy */ = {
			isa = PBXContainerItemProxy;
			containerPortal = 3CE6B862295312FB00C5CE4E /* Project object */;
			proxyType = 1;
			remoteGlobalIDString = 3CE6B869295312FB00C5CE4E;
			remoteInfo = MetriKitDemo;
		};
/* End PBXContainerItemProxy section */

/* Begin PBXFileReference section */
		3CE6B86A295312FB00C5CE4E /* MetriKitDemo.app */ = {isa = PBXFileReference; explicitFileType = wrapper.application; includeInIndex = 0; path = MetriKitDemo.app; sourceTree = BUILT_PRODUCTS_DIR; };
		3CE6B86D295312FB00C5CE4E /* AppDelegate.swift */ = {isa = PBXFileReference; lastKnownFileType = sourcecode.swift; path = AppDelegate.swift; sourceTree = "<group>"; };
		3CE6B86F295312FB00C5CE4E /* SceneDelegate.swift */ = {isa = PBXFileReference; lastKnownFileType = sourcecode.swift; path = SceneDelegate.swift; sourceTree = "<group>"; };
		3CE6B871295312FB00C5CE4E /* ViewController.swift */ = {isa = PBXFileReference; lastKnownFileType = sourcecode.swift; path = ViewController.swift; sourceTree = "<group>"; };
		3CE6B874295312FB00C5CE4E /* Base */ = {isa = PBXFileReference; lastKnownFileType = file.storyboard; name = Base; path = Base.lproj/Main.storyboard; sourceTree = "<group>"; };
		3CE6B876295312FC00C5CE4E /* Assets.xcassets */ = {isa = PBXFileReference; lastKnownFileType = folder.assetcatalog; path = Assets.xcassets; sourceTree = "<group>"; };
		3CE6B879295312FC00C5CE4E /* Base */ = {isa = PBXFileReference; lastKnownFileType = file.storyboard; name = Base; path = Base.lproj/LaunchScreen.storyboard; sourceTree = "<group>"; };
		3CE6B87B295312FC00C5CE4E /* Info.plist */ = {isa = PBXFileReference; lastKnownFileType = text.plist.xml; path = Info.plist; sourceTree = "<group>"; };
		3CE6B880295312FC00C5CE4E /* MetriKitDemoTests.xctest */ = {isa = PBXFileReference; explicitFileType = wrapper.cfbundle; includeInIndex = 0; path = MetriKitDemoTests.xctest; sourceTree = BUILT_PRODUCTS_DIR; };
		3CE6B884295312FC00C5CE4E /* MetriKitDemoTests.swift */ = {isa = PBXFileReference; lastKnownFileType = sourcecode.swift; path = MetriKitDemoTests.swift; sourceTree = "<group>"; };
		3CE6B88A295312FC00C5CE4E /* MetriKitDemoUITests.xctest */ = {isa = PBXFileReference; explicitFileType = wrapper.cfbundle; includeInIndex = 0; path = MetriKitDemoUITests.xctest; sourceTree = BUILT_PRODUCTS_DIR; };
		3CE6B88E295312FC00C5CE4E /* MetriKitDemoUITests.swift */ = {isa = PBXFileReference; lastKnownFileType = sourcecode.swift; path = MetriKitDemoUITests.swift; sourceTree = "<group>"; };
		3CE6B890295312FC00C5CE4E /* MetriKitDemoUITestsLaunchTests.swift */ = {isa = PBXFileReference; lastKnownFileType = sourcecode.swift; path = MetriKitDemoUITestsLaunchTests.swift; sourceTree = "<group>"; };
/* End PBXFileReference section */

/* Begin PBXFrameworksBuildPhase section */
		3CE6B867295312FB00C5CE4E /* Frameworks */ = {
			isa = PBXFrameworksBuildPhase;
			buildActionMask = 2147483647;
			files = (
			);
			runOnlyForDeploymentPostprocessing = 0;
		};
		3CE6B87D295312FC00C5CE4E /* Frameworks */ = {
			isa = PBXFrameworksBuildPhase;
			buildActionMask = 2147483647;
			files = (
			);
			runOnlyForDeploymentPostprocessing = 0;
		};
		3CE6B887295312FC00C5CE4E /* Frameworks */ = {
			isa = PBXFrameworksBuildPhase;
			buildActionMask = 2147483647;
			files = (
			);
			runOnlyForDeploymentPostprocessing = 0;
		};
/* End PBXFrameworksBuildPhase section */

/* Begin PBXGroup section */
		3CE6B861295312FB00C5CE4E = {
			isa = PBXGroup;
			children = (
				3CE6B86C295312FB00C5CE4E /* MetriKitDemo */,
				3CE6B883295312FC00C5CE4E /* MetriKitDemoTests */,
				3CE6B88D295312FC00C5CE4E /* MetriKitDemoUITests */,
				3CE6B86B295312FB00C5CE4E /* Products */,
			);
			sourceTree = "<group>";
		};
		3CE6B86B295312FB00C5CE4E /* Products */ = {
			isa = PBXGroup;
			children = (
				3CE6B86A295312FB00C5CE4E /* MetriKitDemo.app */,
				3CE6B880295312FC00C5CE4E /* MetriKitDemoTests.xctest */,
				3CE6B88A295312FC00C5CE4E /* MetriKitDemoUITests.xctest */,
			);
			name = Products;
			sourceTree = "<group>";
		};
		3CE6B86C295312FB00C5CE4E /* MetriKitDemo */ = {
			isa = PBXGroup;
			children = (
				3CE6B86D295312FB00C5CE4E /* AppDelegate.swift */,
				3CE6B86F295312FB00C5CE4E /* SceneDelegate.swift */,
				3CE6B871295312FB00C5CE4E /* ViewController.swift */,
				3CE6B873295312FB00C5CE4E /* Main.storyboard */,
				3CE6B876295312FC00C5CE4E /* Assets.xcassets */,
				3CE6B878295312FC00C5CE4E /* LaunchScreen.storyboard */,
				3CE6B87B295312FC00C5CE4E /* Info.plist */,
			);
			path = MetriKitDemo;
			sourceTree = "<group>";
		};
		3CE6B883295312FC00C5CE4E /* MetriKitDemoTests */ = {
			isa = PBXGroup;
			children = (
				3CE6B884295312FC00C5CE4E /* MetriKitDemoTests.swift */,
			);
			path = MetriKitDemoTests;
			sourceTree = "<group>";
		};
		3CE6B88D295312FC00C5CE4E /* MetriKitDemoUITests */ = {
			isa = PBXGroup;
			children = (
				3CE6B88E295312FC00C5CE4E /* MetriKitDemoUITests.swift */,
				3CE6B890295312FC00C5CE4E /* MetriKitDemoUITestsLaunchTests.swift */,
			);
			path = MetriKitDemoUITests;
			sourceTree = "<group>";
		};
/* End PBXGroup section */

/* Begin PBXNativeTarget section */
		3CE6B869295312FB00C5CE4E /* MetriKitDemo */ = {
			isa = PBXNativeTarget;
			buildConfigurationList = 3CE6B894295312FC00C5CE4E /* Build configuration list for PBXNativeTarget "MetriKitDemo" */;
			buildPhases = (
				3CE6B866295312FB00C5CE4E /* Sources */,
				3CE6B867295312FB00C5CE4E /* Frameworks */,
				3CE6B868295312FB00C5CE4E /* Resources */,
			);
			buildRules = (
			);
			dependencies = (
			);
			name = MetriKitDemo;
			productName = MetriKitDemo;
			productReference = 3CE6B86A295312FB00C5CE4E /* MetriKitDemo.app */;
			productType = "com.apple.product-type.application";
		};
		3CE6B87F295312FC00C5CE4E /* MetriKitDemoTests */ = {
			isa = PBXNativeTarget;
			buildConfigurationList = 3CE6B897295312FC00C5CE4E /* Build configuration list for PBXNativeTarget "MetriKitDemoTests" */;
			buildPhases = (
				3CE6B87C295312FC00C5CE4E /* Sources */,
				3CE6B87D295312FC00C5CE4E /* Frameworks */,
				3CE6B87E295312FC00C5CE4E /* Resources */,
			);
			buildRules = (
			);
			dependencies = (
				3CE6B882295312FC00C5CE4E /* PBXTargetDependency */,
			);
			name = MetriKitDemoTests;
			productName = MetriKitDemoTests;
			productReference = 3CE6B880295312FC00C5CE4E /* MetriKitDemoTests.xctest */;
			productType = "com.apple.product-type.bundle.unit-test";
		};
		3CE6B889295312FC00C5CE4E /* MetriKitDemoUITests */ = {
			isa = PBXNativeTarget;
			buildConfigurationList = 3CE6B89A295312FC00C5CE4E /* Build configuration list for PBXNativeTarget "MetriKitDemoUITests" */;
			buildPhases = (
				3CE6B886295312FC00C5CE4E /* Sources */,
				3CE6B887295312FC00C5CE4E /* Frameworks */,
				3CE6B888295312FC00C5CE4E /* Resources */,
			);
			buildRules = (
			);
			dependencies = (
				3CE6B88C295312FC00C5CE4E /* PBXTargetDependency */,
			);
			name = MetriKitDemoUITests;
			productName = MetriKitDemoUITests;
			productReference = 3CE6B88A295312FC00C5CE4E /* MetriKitDemoUITests.xctest */;
			productType = "com.apple.product-type.bundle.ui-testing";
		};
/* End PBXNativeTarget section */

/* Begin PBXProject section */
		3CE6B862295312FB00C5CE4E /* Project object */ = {
			isa = PBXProject;
			attributes = {
				BuildIndependentTargetsInParallel = 1;
				LastSwiftUpdateCheck = 1420;
				LastUpgradeCheck = 1420;
				TargetAttributes = {
					3CE6B869295312FB00C5CE4E = {
						CreatedOnToolsVersion = 14.2;
					};
					3CE6B87F295312FC00C5CE4E = {
						CreatedOnToolsVersion = 14.2;
						TestTargetID = 3CE6B869295312FB00C5CE4E;
					};
					3CE6B889295312FC00C5CE4E = {
						CreatedOnToolsVersion = 14.2;
						TestTargetID = 3CE6B869295312FB00C5CE4E;
					};
				};
			};
			buildConfigurationList = 3CE6B865295312FB00C5CE4E /* Build configuration list for PBXProject "MetriKitDemo" */;
			compatibilityVersion = "Xcode 14.0";
			developmentRegion = en;
			hasScannedForEncodings = 0;
			knownRegions = (
				en,
				Base,
			);
			mainGroup = 3CE6B861295312FB00C5CE4E;
			productRefGroup = 3CE6B86B295312FB00C5CE4E /* Products */;
			projectDirPath = "";
			projectRoot = "";
			targets = (
				3CE6B869295312FB00C5CE4E /* MetriKitDemo */,
				3CE6B87F295312FC00C5CE4E /* MetriKitDemoTests */,
				3CE6B889295312FC00C5CE4E /* MetriKitDemoUITests */,
			);
		};
/* End PBXProject section */

/* Begin PBXResourcesBuildPhase section */
		3CE6B868295312FB00C5CE4E /* Resources */ = {
			isa = PBXResourcesBuildPhase;
			buildActionMask = 2147483647;
			files = (
				3CE6B87A295312FC00C5CE4E /* LaunchScreen.storyboard in Resources */,
				3CE6B877295312FC00C5CE4E /* Assets.xcassets in Resources */,
				3CE6B875295312FB00C5CE4E /* Main.storyboard in Resources */,
			);
			runOnlyForDeploymentPostprocessing = 0;
		};
		3CE6B87E295312FC00C5CE4E /* Resources */ = {
			isa = PBXResourcesBuildPhase;
			buildActionMask = 2147483647;
			files = (
			);
			runOnlyForDeploymentPostprocessing = 0;
		};
		3CE6B888295312FC00C5CE4E /* Resources */ = {
			isa = PBXResourcesBuildPhase;
			buildActionMask = 2147483647;
			files = (
			);
			runOnlyForDeploymentPostprocessing = 0;
		};
/* End PBXResourcesBuildPhase section */

/* Begin PBXSourcesBuildPhase section */
		3CE6B866295312FB00C5CE4E /* Sources */ = {
			isa = PBXSourcesBuildPhase;
			buildActionMask = 2147483647;
			files = (
				3CE6B872295312FB00C5CE4E /* ViewController.swift in Sources */,
				3CE6B86E295312FB00C5CE4E /* AppDelegate.swift in Sources */,
				3CE6B870295312FB00C5CE4E /* SceneDelegate.swift in Sources */,
			);
			runOnlyForDeploymentPostprocessing = 0;
		};
		3CE6B87C295312FC00C5CE4E /* Sources */ = {
			isa = PBXSourcesBuildPhase;
			buildActionMask = 2147483647;
			files = (
				3CE6B885295312FC00C5CE4E /* MetriKitDemoTests.swift in Sources */,
			);
			runOnlyForDeploymentPostprocessing = 0;
		};
		3CE6B886295312FC00C5CE4E /* Sources */ = {
			isa = PBXSourcesBuildPhase;
			buildActionMask = 2147483647;
			files = (
				3CE6B891295312FC00C5CE4E /* MetriKitDemoUITestsLaunchTests.swift in Sources */,
				3CE6B88F295312FC00C5CE4E /* MetriKitDemoUITests.swift in Sources */,
			);
			runOnlyForDeploymentPostprocessing = 0;
		};
/* End PBXSourcesBuildPhase section */

/* Begin PBXTargetDependency section */
		3CE6B882295312FC00C5CE4E /* PBXTargetDependency */ = {
			isa = PBXTargetDependency;
			target = 3CE6B869295312FB00C5CE4E /* MetriKitDemo */;
			targetProxy = 3CE6B881295312FC00C5CE4E /* PBXContainerItemProxy */;
		};
		3CE6B88C295312FC00C5CE4E /* PBXTargetDependency */ = {
			isa = PBXTargetDependency;
			target = 3CE6B869295312FB00C5CE4E /* MetriKitDemo */;
			targetProxy = 3CE6B88B295312FC00C5CE4E /* PBXContainerItemProxy */;
		};
/* End PBXTargetDependency section */

/* Begin PBXVariantGroup section */
		3CE6B873295312FB00C5CE4E /* Main.storyboard */ = {
			isa = PBXVariantGroup;
			children = (
				3CE6B874295312FB00C5CE4E /* Base */,
			);
			name = Main.storyboard;
			sourceTree = "<group>";
		};
		3CE6B878295312FC00C5CE4E /* LaunchScreen.storyboard */ = {
			isa = PBXVariantGroup;
			children = (
				3CE6B879295312FC00C5CE4E /* Base */,
			);
			name = LaunchScreen.storyboard;
			sourceTree = "<group>";
		};
/* End PBXVariantGroup section */

/* Begin XCBuildConfiguration section */
		3CE6B892295312FC00C5CE4E /* Debug */ = {
			isa = XCBuildConfiguration;
			buildSettings = {
				ALWAYS_SEARCH_USER_PATHS = NO;
				CLANG_ANALYZER_NONNULL = YES;
				CLANG_ANALYZER_NUMBER_OBJECT_CONVERSION = YES_AGGRESSIVE;
				CLANG_CXX_LANGUAGE_STANDARD = "gnu++20";
				CLANG_ENABLE_MODULES = YES;
				CLANG_ENABLE_OBJC_ARC = YES;
				CLANG_ENABLE_OBJC_WEAK = YES;
				CLANG_WARN_BLOCK_CAPTURE_AUTORELEASING = YES;
				CLANG_WARN_BOOL_CONVERSION = YES;
				CLANG_WARN_COMMA = YES;
				CLANG_WARN_CONSTANT_CONVERSION = YES;
				CLANG_WARN_DEPRECATED_OBJC_IMPLEMENTATIONS = YES;
				CLANG_WARN_DIRECT_OBJC_ISA_USAGE = YES_ERROR;
				CLANG_WARN_DOCUMENTATION_COMMENTS = YES;
				CLANG_WARN_EMPTY_BODY = YES;
				CLANG_WARN_ENUM_CONVERSION = YES;
				CLANG_WARN_INFINITE_RECURSION = YES;
				CLANG_WARN_INT_CONVERSION = YES;
				CLANG_WARN_NON_LITERAL_NULL_CONVERSION = YES;
				CLANG_WARN_OBJC_IMPLICIT_RETAIN_SELF = YES;
				CLANG_WARN_OBJC_LITERAL_CONVERSION = YES;
				CLANG_WARN_OBJC_ROOT_CLASS = YES_ERROR;
				CLANG_WARN_QUOTED_INCLUDE_IN_FRAMEWORK_HEADER = YES;
				CLANG_WARN_RANGE_LOOP_ANALYSIS = YES;
				CLANG_WARN_STRICT_PROTOTYPES = YES;
				CLANG_WARN_SUSPICIOUS_MOVE = YES;
				CLANG_WARN_UNGUARDED_AVAILABILITY = YES_AGGRESSIVE;
				CLANG_WARN_UNREACHABLE_CODE = YES;
				CLANG_WARN__DUPLICATE_METHOD_MATCH = YES;
				COPY_PHASE_STRIP = NO;
				DEBUG_INFORMATION_FORMAT = dwarf;
				ENABLE_STRICT_OBJC_MSGSEND = YES;
				ENABLE_TESTABILITY = YES;
				GCC_C_LANGUAGE_STANDARD = gnu11;
				GCC_DYNAMIC_NO_PIC = NO;
				GCC_NO_COMMON_BLOCKS = YES;
				GCC_OPTIMIZATION_LEVEL = 0;
				GCC_PREPROCESSOR_DEFINITIONS = (
					"DEBUG=1",
					"$(inherited)",
				);
				GCC_WARN_64_TO_32_BIT_CONVERSION = YES;
				GCC_WARN_ABOUT_RETURN_TYPE = YES_ERROR;
				GCC_WARN_UNDECLARED_SELECTOR = YES;
				GCC_WARN_UNINITIALIZED_AUTOS = YES_AGGRESSIVE;
				GCC_WARN_UNUSED_FUNCTION = YES;
				GCC_WARN_UNUSED_VARIABLE = YES;
				IPHONEOS_DEPLOYMENT_TARGET = 16.2;
				MTL_ENABLE_DEBUG_INFO = INCLUDE_SOURCE;
				MTL_FAST_MATH = YES;
				ONLY_ACTIVE_ARCH = YES;
				SDKROOT = iphoneos;
				SWIFT_ACTIVE_COMPILATION_CONDITIONS = DEBUG;
				SWIFT_OPTIMIZATION_LEVEL = "-Onone";
			};
			name = Debug;
		};
		3CE6B893295312FC00C5CE4E /* Release */ = {
			isa = XCBuildConfiguration;
			buildSettings = {
				ALWAYS_SEARCH_USER_PATHS = NO;
				CLANG_ANALYZER_NONNULL = YES;
				CLANG_ANALYZER_NUMBER_OBJECT_CONVERSION = YES_AGGRESSIVE;
				CLANG_CXX_LANGUAGE_STANDARD = "gnu++20";
				CLANG_ENABLE_MODULES = YES;
				CLANG_ENABLE_OBJC_ARC = YES;
				CLANG_ENABLE_OBJC_WEAK = YES;
				CLANG_WARN_BLOCK_CAPTURE_AUTORELEASING = YES;
				CLANG_WARN_BOOL_CONVERSION = YES;
				CLANG_WARN_COMMA = YES;
				CLANG_WARN_CONSTANT_CONVERSION = YES;
				CLANG_WARN_DEPRECATED_OBJC_IMPLEMENTATIONS = YES;
				CLANG_WARN_DIRECT_OBJC_ISA_USAGE = YES_ERROR;
				CLANG_WARN_DOCUMENTATION_COMMENTS = YES;
				CLANG_WARN_EMPTY_BODY = YES;
				CLANG_WARN_ENUM_CONVERSION = YES;
				CLANG_WARN_INFINITE_RECURSION = YES;
				CLANG_WARN_INT_CONVERSION = YES;
				CLANG_WARN_NON_LITERAL_NULL_CONVERSION = YES;
				CLANG_WARN_OBJC_IMPLICIT_RETAIN_SELF = YES;
				CLANG_WARN_OBJC_LITERAL_CONVERSION = YES;
				CLANG_WARN_OBJC_ROOT_CLASS = YES_ERROR;
				CLANG_WARN_QUOTED_INCLUDE_IN_FRAMEWORK_HEADER = YES;
				CLANG_WARN_RANGE_LOOP_ANALYSIS = YES;
				CLANG_WARN_STRICT_PROTOTYPES = YES;
				CLANG_WARN_SUSPICIOUS_MOVE = YES;
				CLANG_WARN_UNGUARDED_AVAILABILITY = YES_AGGRESSIVE;
				CLANG_WARN_UNREACHABLE_CODE = YES;
				CLANG_WARN__DUPLICATE_METHOD_MATCH = YES;
				COPY_PHASE_STRIP = NO;
				DEBUG_INFORMATION_FORMAT = "dwarf-with-dsym";
				ENABLE_NS_ASSERTIONS = NO;
				ENABLE_STRICT_OBJC_MSGSEND = YES;
				GCC_C_LANGUAGE_STANDARD = gnu11;
				GCC_NO_COMMON_BLOCKS = YES;
				GCC_WARN_64_TO_32_BIT_CONVERSION = YES;
				GCC_WARN_ABOUT_RETURN_TYPE = YES_ERROR;
				GCC_WARN_UNDECLARED_SELECTOR = YES;
				GCC_WARN_UNINITIALIZED_AUTOS = YES_AGGRESSIVE;
				GCC_WARN_UNUSED_FUNCTION = YES;
				GCC_WARN_UNUSED_VARIABLE = YES;
				IPHONEOS_DEPLOYMENT_TARGET = 16.2;
				MTL_ENABLE_DEBUG_INFO = NO;
				MTL_FAST_MATH = YES;
				SDKROOT = iphoneos;
				SWIFT_COMPILATION_MODE = wholemodule;
				SWIFT_OPTIMIZATION_LEVEL = "-O";
				VALIDATE_PRODUCT = YES;
			};
			name = Release;
		};
		3CE6B895295312FC00C5CE4E /* Debug */ = {
			isa = XCBuildConfiguration;
			buildSettings = {
				ASSETCATALOG_COMPILER_APPICON_NAME = AppIcon;
				ASSETCATALOG_COMPILER_GLOBAL_ACCENT_COLOR_NAME = AccentColor;
				CODE_SIGN_STYLE = Automatic;
				CURRENT_PROJECT_VERSION = 1;
				DEVELOPMENT_TEAM = QF8H8R2NAV;
				GENERATE_INFOPLIST_FILE = YES;
				INFOPLIST_FILE = MetriKitDemo/Info.plist;
				INFOPLIST_KEY_UIApplicationSupportsIndirectInputEvents = YES;
				INFOPLIST_KEY_UILaunchStoryboardName = LaunchScreen;
				INFOPLIST_KEY_UIMainStoryboardFile = Main;
				INFOPLIST_KEY_UISupportedInterfaceOrientations_iPad = "UIInterfaceOrientationPortrait UIInterfaceOrientationPortraitUpsideDown UIInterfaceOrientationLandscapeLeft UIInterfaceOrientationLandscapeRight";
				INFOPLIST_KEY_UISupportedInterfaceOrientations_iPhone = "UIInterfaceOrientationPortrait UIInterfaceOrientationLandscapeLeft UIInterfaceOrientationLandscapeRight";
				IPHONEOS_DEPLOYMENT_TARGET = 14.0;
				LD_RUNPATH_SEARCH_PATHS = (
					"$(inherited)",
					"@executable_path/Frameworks",
				);
				MARKETING_VERSION = 1.0;
				PRODUCT_BUNDLE_IDENTIFIER = abc.yf.MetriKitDemo;
				PRODUCT_NAME = "$(TARGET_NAME)";
				SWIFT_EMIT_LOC_STRINGS = YES;
				SWIFT_VERSION = 5.0;
				TARGETED_DEVICE_FAMILY = "1,2";
			};
			name = Debug;
		};
		3CE6B896295312FC00C5CE4E /* Release */ = {
			isa = XCBuildConfiguration;
			buildSettings = {
				ASSETCATALOG_COMPILER_APPICON_NAME = AppIcon;
				ASSETCATALOG_COMPILER_GLOBAL_ACCENT_COLOR_NAME = AccentColor;
				CODE_SIGN_STYLE = Automatic;
				CURRENT_PROJECT_VERSION = 1;
				DEVELOPMENT_TEAM = QF8H8R2NAV;
				GENERATE_INFOPLIST_FILE = YES;
				INFOPLIST_FILE = MetriKitDemo/Info.plist;
				INFOPLIST_KEY_UIApplicationSupportsIndirectInputEvents = YES;
				INFOPLIST_KEY_UILaunchStoryboardName = LaunchScreen;
				INFOPLIST_KEY_UIMainStoryboardFile = Main;
				INFOPLIST_KEY_UISupportedInterfaceOrientations_iPad = "UIInterfaceOrientationPortrait UIInterfaceOrientationPortraitUpsideDown UIInterfaceOrientationLandscapeLeft UIInterfaceOrientationLandscapeRight";
				INFOPLIST_KEY_UISupportedInterfaceOrientations_iPhone = "UIInterfaceOrientationPortrait UIInterfaceOrientationLandscapeLeft UIInterfaceOrientationLandscapeRight";
				IPHONEOS_DEPLOYMENT_TARGET = 14.0;
				LD_RUNPATH_SEARCH_PATHS = (
					"$(inherited)",
					"@executable_path/Frameworks",
				);
				MARKETING_VERSION = 1.0;
				PRODUCT_BUNDLE_IDENTIFIER = abc.yf.MetriKitDemo;
				PRODUCT_NAME = "$(TARGET_NAME)";
				SWIFT_EMIT_LOC_STRINGS = YES;
				SWIFT_VERSION = 5.0;
				TARGETED_DEVICE_FAMILY = "1,2";
			};
			name = Release;
		};
		3CE6B898295312FC00C5CE4E /* Debug */ = {
			isa = XCBuildConfiguration;
			buildSettings = {
				ALWAYS_EMBED_SWIFT_STANDARD_LIBRARIES = YES;
				BUNDLE_LOADER = "$(TEST_HOST)";
				CODE_SIGN_STYLE = Automatic;
				CURRENT_PROJECT_VERSION = 1;
				DEVELOPMENT_TEAM = QF8H8R2NAV;
				GENERATE_INFOPLIST_FILE = YES;
				IPHONEOS_DEPLOYMENT_TARGET = 16.2;
				MARKETING_VERSION = 1.0;
				PRODUCT_BUNDLE_IDENTIFIER = abc.yf.MetriKitDemoTests;
				PRODUCT_NAME = "$(TARGET_NAME)";
				SWIFT_EMIT_LOC_STRINGS = NO;
				SWIFT_VERSION = 5.0;
				TARGETED_DEVICE_FAMILY = "1,2";
				TEST_HOST = "$(BUILT_PRODUCTS_DIR)/MetriKitDemo.app/$(BUNDLE_EXECUTABLE_FOLDER_PATH)/MetriKitDemo";
			};
			name = Debug;
		};
		3CE6B899295312FC00C5CE4E /* Release */ = {
			isa = XCBuildConfiguration;
			buildSettings = {
				ALWAYS_EMBED_SWIFT_STANDARD_LIBRARIES = YES;
				BUNDLE_LOADER = "$(TEST_HOST)";
				CODE_SIGN_STYLE = Automatic;
				CURRENT_PROJECT_VERSION = 1;
				DEVELOPMENT_TEAM = QF8H8R2NAV;
				GENERATE_INFOPLIST_FILE = YES;
				IPHONEOS_DEPLOYMENT_TARGET = 16.2;
				MARKETING_VERSION = 1.0;
				PRODUCT_BUNDLE_IDENTIFIER = abc.yf.MetriKitDemoTests;
				PRODUCT_NAME = "$(TARGET_NAME)";
				SWIFT_EMIT_LOC_STRINGS = NO;
				SWIFT_VERSION = 5.0;
				TARGETED_DEVICE_FAMILY = "1,2";
				TEST_HOST = "$(BUILT_PRODUCTS_DIR)/MetriKitDemo.app/$(BUNDLE_EXECUTABLE_FOLDER_PATH)/MetriKitDemo";
			};
			name = Release;
		};
		3CE6B89B295312FC00C5CE4E /* Debug */ = {
			isa = XCBuildConfiguration;
			buildSettings = {
				ALWAYS_EMBED_SWIFT_STANDARD_LIBRARIES = YES;
				CODE_SIGN_STYLE = Automatic;
				CURRENT_PROJECT_VERSION = 1;
				DEVELOPMENT_TEAM = QF8H8R2NAV;
				GENERATE_INFOPLIST_FILE = YES;
				MARKETING_VERSION = 1.0;
				PRODUCT_BUNDLE_IDENTIFIER = abc.yf.MetriKitDemoUITests;
				PRODUCT_NAME = "$(TARGET_NAME)";
				SWIFT_EMIT_LOC_STRINGS = NO;
				SWIFT_VERSION = 5.0;
				TARGETED_DEVICE_FAMILY = "1,2";
				TEST_TARGET_NAME = MetriKitDemo;
			};
			name = Debug;
		};
		3CE6B89C295312FC00C5CE4E /* Release */ = {
			isa = XCBuildConfiguration;
			buildSettings = {
				ALWAYS_EMBED_SWIFT_STANDARD_LIBRARIES = YES;
				CODE_SIGN_STYLE = Automatic;
				CURRENT_PROJECT_VERSION = 1;
				DEVELOPMENT_TEAM = QF8H8R2NAV;
				GENERATE_INFOPLIST_FILE = YES;
				MARKETING_VERSION = 1.0;
				PRODUCT_BUNDLE_IDENTIFIER = abc.yf.MetriKitDemoUITests;
				PRODUCT_NAME = "$(TARGET_NAME)";
				SWIFT_EMIT_LOC_STRINGS = NO;
				SWIFT_VERSION = 5.0;
				TARGETED_DEVICE_FAMILY = "1,2";
				TEST_TARGET_NAME = MetriKitDemo;
			};
			name = Release;
		};
/* End XCBuildConfiguration section */

/* Begin XCConfigurationList section */
		3CE6B865295312FB00C5CE4E /* Build configuration list for PBXProject "MetriKitDemo" */ = {
			isa = XCConfigurationList;
			buildConfigurations = (
				3CE6B892295312FC00C5CE4E /* Debug */,
				3CE6B893295312FC00C5CE4E /* Release */,
			);
			defaultConfigurationIsVisible = 0;
			defaultConfigurationName = Release;
		};
		3CE6B894295312FC00C5CE4E /* Build configuration list for PBXNativeTarget "MetriKitDemo" */ = {
			isa = XCConfigurationList;
			buildConfigurations = (
				3CE6B895295312FC00C5CE4E /* Debug */,
				3CE6B896295312FC00C5CE4E /* Release */,
			);
			defaultConfigurationIsVisible = 0;
			defaultConfigurationName = Release;
		};
		3CE6B897295312FC00C5CE4E /* Build configuration list for PBXNativeTarget "MetriKitDemoTests" */ = {
			isa = XCConfigurationList;
			buildConfigurations = (
				3CE6B898295312FC00C5CE4E /* Debug */,
				3CE6B899295312FC00C5CE4E /* Release */,
			);
			defaultConfigurationIsVisible = 0;
			defaultConfigurationName = Release;
		};
		3CE6B89A295312FC00C5CE4E /* Build configuration list for PBXNativeTarget "MetriKitDemoUITests" */ = {
			isa = XCConfigurationList;
			buildConfigurations = (
				3CE6B89B295312FC00C5CE4E /* Debug */,
				3CE6B89C295312FC00C5CE4E /* Release */,
			);
			defaultConfigurationIsVisible = 0;
			defaultConfigurationName = Release;
		};
/* End XCConfigurationList section */
	};
	rootObject = 3CE6B862295312FB00C5CE4E /* Project object */;
}
