// !$*UTF8*$!
{
	archiveVersion = 1;
	classes = {
	};
	objectVersion = 56;
	objects = {

/* Begin PBXBuildFile section */
		3C1AAA5928BB233B00EF5AD6 /* AppDelegate.swift in Sources */ = {isa = PBXBuildFile; fileRef = 3C1AAA5828BB233B00EF5AD6 /* AppDelegate.swift */; };
		3C1AAA5B28BB233B00EF5AD6 /* SceneDelegate.swift in Sources */ = {isa = PBXBuildFile; fileRef = 3C1AAA5A28BB233B00EF5AD6 /* SceneDelegate.swift */; };
		3C1AAA5D28BB233B00EF5AD6 /* ViewController.swift in Sources */ = {isa = PBXBuildFile; fileRef = 3C1AAA5C28BB233B00EF5AD6 /* ViewController.swift */; };
		3C1AAA6028BB233B00EF5AD6 /* Main.storyboard in Resources */ = {isa = PBXBuildFile; fileRef = 3C1AAA5E28BB233B00EF5AD6 /* Main.storyboard */; };
		3C1AAA6228BB233C00EF5AD6 /* Assets.xcassets in Resources */ = {isa = PBXBuildFile; fileRef = 3C1AAA6128BB233C00EF5AD6 /* Assets.xcassets */; };
		3C1AAA6528BB233C00EF5AD6 /* LaunchScreen.storyboard in Resources */ = {isa = PBXBuildFile; fileRef = 3C1AAA6328BB233C00EF5AD6 /* LaunchScreen.storyboard */; };
		3C1AAA7028BB233C00EF5AD6 /* iOS16_OthersTests.swift in Sources */ = {isa = PBXBuildFile; fileRef = 3C1AAA6F28BB233C00EF5AD6 /* iOS16_OthersTests.swift */; };
		3C1AAA7A28BB233C00EF5AD6 /* iOS16_OthersUITests.swift in Sources */ = {isa = PBXBuildFile; fileRef = 3C1AAA7928BB233C00EF5AD6 /* iOS16_OthersUITests.swift */; };
		3C1AAA7C28BB233C00EF5AD6 /* iOS16_OthersUITestsLaunchTests.swift in Sources */ = {isa = PBXBuildFile; fileRef = 3C1AAA7B28BB233C00EF5AD6 /* iOS16_OthersUITestsLaunchTests.swift */; };
/* End PBXBuildFile section */

/* Begin PBXContainerItemProxy section */
		3C1AAA6C28BB233C00EF5AD6 /* PBXContainerItemProxy */ = {
			isa = PBXContainerItemProxy;
			containerPortal = 3C1AAA4D28BB233B00EF5AD6 /* Project object */;
			proxyType = 1;
			remoteGlobalIDString = 3C1AAA5428BB233B00EF5AD6;
			remoteInfo = "iOS16-Others";
		};
		3C1AAA7628BB233C00EF5AD6 /* PBXContainerItemProxy */ = {
			isa = PBXContainerItemProxy;
			containerPortal = 3C1AAA4D28BB233B00EF5AD6 /* Project object */;
			proxyType = 1;
			remoteGlobalIDString = 3C1AAA5428BB233B00EF5AD6;
			remoteInfo = "iOS16-Others";
		};
/* End PBXContainerItemProxy section */

/* Begin PBXFileReference section */
		3C1AAA5528BB233B00EF5AD6 /* iOS16-Others.app */ = {isa = PBXFileReference; explicitFileType = wrapper.application; includeInIndex = 0; path = "iOS16-Others.app"; sourceTree = BUILT_PRODUCTS_DIR; };
		3C1AAA5828BB233B00EF5AD6 /* AppDelegate.swift */ = {isa = PBXFileReference; lastKnownFileType = sourcecode.swift; path = AppDelegate.swift; sourceTree = "<group>"; };
		3C1AAA5A28BB233B00EF5AD6 /* SceneDelegate.swift */ = {isa = PBXFileReference; lastKnownFileType = sourcecode.swift; path = SceneDelegate.swift; sourceTree = "<group>"; };
		3C1AAA5C28BB233B00EF5AD6 /* ViewController.swift */ = {isa = PBXFileReference; lastKnownFileType = sourcecode.swift; path = ViewController.swift; sourceTree = "<group>"; };
		3C1AAA5F28BB233B00EF5AD6 /* Base */ = {isa = PBXFileReference; lastKnownFileType = file.storyboard; name = Base; path = Base.lproj/Main.storyboard; sourceTree = "<group>"; };
		3C1AAA6128BB233C00EF5AD6 /* Assets.xcassets */ = {isa = PBXFileReference; lastKnownFileType = folder.assetcatalog; path = Assets.xcassets; sourceTree = "<group>"; };
		3C1AAA6428BB233C00EF5AD6 /* Base */ = {isa = PBXFileReference; lastKnownFileType = file.storyboard; name = Base; path = Base.lproj/LaunchScreen.storyboard; sourceTree = "<group>"; };
		3C1AAA6628BB233C00EF5AD6 /* Info.plist */ = {isa = PBXFileReference; lastKnownFileType = text.plist.xml; path = Info.plist; sourceTree = "<group>"; };
		3C1AAA6B28BB233C00EF5AD6 /* iOS16-OthersTests.xctest */ = {isa = PBXFileReference; explicitFileType = wrapper.cfbundle; includeInIndex = 0; path = "iOS16-OthersTests.xctest"; sourceTree = BUILT_PRODUCTS_DIR; };
		3C1AAA6F28BB233C00EF5AD6 /* iOS16_OthersTests.swift */ = {isa = PBXFileReference; lastKnownFileType = sourcecode.swift; path = iOS16_OthersTests.swift; sourceTree = "<group>"; };
		3C1AAA7528BB233C00EF5AD6 /* iOS16-OthersUITests.xctest */ = {isa = PBXFileReference; explicitFileType = wrapper.cfbundle; includeInIndex = 0; path = "iOS16-OthersUITests.xctest"; sourceTree = BUILT_PRODUCTS_DIR; };
		3C1AAA7928BB233C00EF5AD6 /* iOS16_OthersUITests.swift */ = {isa = PBXFileReference; lastKnownFileType = sourcecode.swift; path = iOS16_OthersUITests.swift; sourceTree = "<group>"; };
		3C1AAA7B28BB233C00EF5AD6 /* iOS16_OthersUITestsLaunchTests.swift */ = {isa = PBXFileReference; lastKnownFileType = sourcecode.swift; path = iOS16_OthersUITestsLaunchTests.swift; sourceTree = "<group>"; };
/* End PBXFileReference section */

/* Begin PBXFrameworksBuildPhase section */
		3C1AAA5228BB233B00EF5AD6 /* Frameworks */ = {
			isa = PBXFrameworksBuildPhase;
			buildActionMask = 2147483647;
			files = (
			);
			runOnlyForDeploymentPostprocessing = 0;
		};
		3C1AAA6828BB233C00EF5AD6 /* Frameworks */ = {
			isa = PBXFrameworksBuildPhase;
			buildActionMask = 2147483647;
			files = (
			);
			runOnlyForDeploymentPostprocessing = 0;
		};
		3C1AAA7228BB233C00EF5AD6 /* Frameworks */ = {
			isa = PBXFrameworksBuildPhase;
			buildActionMask = 2147483647;
			files = (
			);
			runOnlyForDeploymentPostprocessing = 0;
		};
/* End PBXFrameworksBuildPhase section */

/* Begin PBXGroup section */
		3C1AAA4C28BB233B00EF5AD6 = {
			isa = PBXGroup;
			children = (
				3C1AAA5728BB233B00EF5AD6 /* iOS16-Others */,
				3C1AAA6E28BB233C00EF5AD6 /* iOS16-OthersTests */,
				3C1AAA7828BB233C00EF5AD6 /* iOS16-OthersUITests */,
				3C1AAA5628BB233B00EF5AD6 /* Products */,
			);
			sourceTree = "<group>";
		};
		3C1AAA5628BB233B00EF5AD6 /* Products */ = {
			isa = PBXGroup;
			children = (
				3C1AAA5528BB233B00EF5AD6 /* iOS16-Others.app */,
				3C1AAA6B28BB233C00EF5AD6 /* iOS16-OthersTests.xctest */,
				3C1AAA7528BB233C00EF5AD6 /* iOS16-OthersUITests.xctest */,
			);
			name = Products;
			sourceTree = "<group>";
		};
		3C1AAA5728BB233B00EF5AD6 /* iOS16-Others */ = {
			isa = PBXGroup;
			children = (
				3C1AAA5828BB233B00EF5AD6 /* AppDelegate.swift */,
				3C1AAA5A28BB233B00EF5AD6 /* SceneDelegate.swift */,
				3C1AAA5C28BB233B00EF5AD6 /* ViewController.swift */,
				3C1AAA5E28BB233B00EF5AD6 /* Main.storyboard */,
				3C1AAA6128BB233C00EF5AD6 /* Assets.xcassets */,
				3C1AAA6328BB233C00EF5AD6 /* LaunchScreen.storyboard */,
				3C1AAA6628BB233C00EF5AD6 /* Info.plist */,
			);
			path = "iOS16-Others";
			sourceTree = "<group>";
		};
		3C1AAA6E28BB233C00EF5AD6 /* iOS16-OthersTests */ = {
			isa = PBXGroup;
			children = (
				3C1AAA6F28BB233C00EF5AD6 /* iOS16_OthersTests.swift */,
			);
			path = "iOS16-OthersTests";
			sourceTree = "<group>";
		};
		3C1AAA7828BB233C00EF5AD6 /* iOS16-OthersUITests */ = {
			isa = PBXGroup;
			children = (
				3C1AAA7928BB233C00EF5AD6 /* iOS16_OthersUITests.swift */,
				3C1AAA7B28BB233C00EF5AD6 /* iOS16_OthersUITestsLaunchTests.swift */,
			);
			path = "iOS16-OthersUITests";
			sourceTree = "<group>";
		};
/* End PBXGroup section */

/* Begin PBXNativeTarget section */
		3C1AAA5428BB233B00EF5AD6 /* iOS16-Others */ = {
			isa = PBXNativeTarget;
			buildConfigurationList = 3C1AAA7F28BB233C00EF5AD6 /* Build configuration list for PBXNativeTarget "iOS16-Others" */;
			buildPhases = (
				3C1AAA5128BB233B00EF5AD6 /* Sources */,
				3C1AAA5228BB233B00EF5AD6 /* Frameworks */,
				3C1AAA5328BB233B00EF5AD6 /* Resources */,
			);
			buildRules = (
			);
			dependencies = (
			);
			name = "iOS16-Others";
			productName = "iOS16-Others";
			productReference = 3C1AAA5528BB233B00EF5AD6 /* iOS16-Others.app */;
			productType = "com.apple.product-type.application";
		};
		3C1AAA6A28BB233C00EF5AD6 /* iOS16-OthersTests */ = {
			isa = PBXNativeTarget;
			buildConfigurationList = 3C1AAA8228BB233C00EF5AD6 /* Build configuration list for PBXNativeTarget "iOS16-OthersTests" */;
			buildPhases = (
				3C1AAA6728BB233C00EF5AD6 /* Sources */,
				3C1AAA6828BB233C00EF5AD6 /* Frameworks */,
				3C1AAA6928BB233C00EF5AD6 /* Resources */,
			);
			buildRules = (
			);
			dependencies = (
				3C1AAA6D28BB233C00EF5AD6 /* PBXTargetDependency */,
			);
			name = "iOS16-OthersTests";
			productName = "iOS16-OthersTests";
			productReference = 3C1AAA6B28BB233C00EF5AD6 /* iOS16-OthersTests.xctest */;
			productType = "com.apple.product-type.bundle.unit-test";
		};
		3C1AAA7428BB233C00EF5AD6 /* iOS16-OthersUITests */ = {
			isa = PBXNativeTarget;
			buildConfigurationList = 3C1AAA8528BB233C00EF5AD6 /* Build configuration list for PBXNativeTarget "iOS16-OthersUITests" */;
			buildPhases = (
				3C1AAA7128BB233C00EF5AD6 /* Sources */,
				3C1AAA7228BB233C00EF5AD6 /* Frameworks */,
				3C1AAA7328BB233C00EF5AD6 /* Resources */,
			);
			buildRules = (
			);
			dependencies = (
				3C1AAA7728BB233C00EF5AD6 /* PBXTargetDependency */,
			);
			name = "iOS16-OthersUITests";
			productName = "iOS16-OthersUITests";
			productReference = 3C1AAA7528BB233C00EF5AD6 /* iOS16-OthersUITests.xctest */;
			productType = "com.apple.product-type.bundle.ui-testing";
		};
/* End PBXNativeTarget section */

/* Begin PBXProject section */
		3C1AAA4D28BB233B00EF5AD6 /* Project object */ = {
			isa = PBXProject;
			attributes = {
				BuildIndependentTargetsInParallel = 1;
				LastSwiftUpdateCheck = 1400;
				LastUpgradeCheck = 1400;
				TargetAttributes = {
					3C1AAA5428BB233B00EF5AD6 = {
						CreatedOnToolsVersion = 14.0;
					};
					3C1AAA6A28BB233C00EF5AD6 = {
						CreatedOnToolsVersion = 14.0;
						TestTargetID = 3C1AAA5428BB233B00EF5AD6;
					};
					3C1AAA7428BB233C00EF5AD6 = {
						CreatedOnToolsVersion = 14.0;
						TestTargetID = 3C1AAA5428BB233B00EF5AD6;
					};
				};
			};
			buildConfigurationList = 3C1AAA5028BB233B00EF5AD6 /* Build configuration list for PBXProject "iOS16-Others" */;
			compatibilityVersion = "Xcode 14.0";
			developmentRegion = en;
			hasScannedForEncodings = 0;
			knownRegions = (
				en,
				Base,
			);
			mainGroup = 3C1AAA4C28BB233B00EF5AD6;
			productRefGroup = 3C1AAA5628BB233B00EF5AD6 /* Products */;
			projectDirPath = "";
			projectRoot = "";
			targets = (
				3C1AAA5428BB233B00EF5AD6 /* iOS16-Others */,
				3C1AAA6A28BB233C00EF5AD6 /* iOS16-OthersTests */,
				3C1AAA7428BB233C00EF5AD6 /* iOS16-OthersUITests */,
			);
		};
/* End PBXProject section */

/* Begin PBXResourcesBuildPhase section */
		3C1AAA5328BB233B00EF5AD6 /* Resources */ = {
			isa = PBXResourcesBuildPhase;
			buildActionMask = 2147483647;
			files = (
				3C1AAA6528BB233C00EF5AD6 /* LaunchScreen.storyboard in Resources */,
				3C1AAA6228BB233C00EF5AD6 /* Assets.xcassets in Resources */,
				3C1AAA6028BB233B00EF5AD6 /* Main.storyboard in Resources */,
			);
			runOnlyForDeploymentPostprocessing = 0;
		};
		3C1AAA6928BB233C00EF5AD6 /* Resources */ = {
			isa = PBXResourcesBuildPhase;
			buildActionMask = 2147483647;
			files = (
			);
			runOnlyForDeploymentPostprocessing = 0;
		};
		3C1AAA7328BB233C00EF5AD6 /* Resources */ = {
			isa = PBXResourcesBuildPhase;
			buildActionMask = 2147483647;
			files = (
			);
			runOnlyForDeploymentPostprocessing = 0;
		};
/* End PBXResourcesBuildPhase section */

/* Begin PBXSourcesBuildPhase section */
		3C1AAA5128BB233B00EF5AD6 /* Sources */ = {
			isa = PBXSourcesBuildPhase;
			buildActionMask = 2147483647;
			files = (
				3C1AAA5D28BB233B00EF5AD6 /* ViewController.swift in Sources */,
				3C1AAA5928BB233B00EF5AD6 /* AppDelegate.swift in Sources */,
				3C1AAA5B28BB233B00EF5AD6 /* SceneDelegate.swift in Sources */,
			);
			runOnlyForDeploymentPostprocessing = 0;
		};
		3C1AAA6728BB233C00EF5AD6 /* Sources */ = {
			isa = PBXSourcesBuildPhase;
			buildActionMask = 2147483647;
			files = (
				3C1AAA7028BB233C00EF5AD6 /* iOS16_OthersTests.swift in Sources */,
			);
			runOnlyForDeploymentPostprocessing = 0;
		};
		3C1AAA7128BB233C00EF5AD6 /* Sources */ = {
			isa = PBXSourcesBuildPhase;
			buildActionMask = 2147483647;
			files = (
				3C1AAA7C28BB233C00EF5AD6 /* iOS16_OthersUITestsLaunchTests.swift in Sources */,
				3C1AAA7A28BB233C00EF5AD6 /* iOS16_OthersUITests.swift in Sources */,
			);
			runOnlyForDeploymentPostprocessing = 0;
		};
/* End PBXSourcesBuildPhase section */

/* Begin PBXTargetDependency section */
		3C1AAA6D28BB233C00EF5AD6 /* PBXTargetDependency */ = {
			isa = PBXTargetDependency;
			target = 3C1AAA5428BB233B00EF5AD6 /* iOS16-Others */;
			targetProxy = 3C1AAA6C28BB233C00EF5AD6 /* PBXContainerItemProxy */;
		};
		3C1AAA7728BB233C00EF5AD6 /* PBXTargetDependency */ = {
			isa = PBXTargetDependency;
			target = 3C1AAA5428BB233B00EF5AD6 /* iOS16-Others */;
			targetProxy = 3C1AAA7628BB233C00EF5AD6 /* PBXContainerItemProxy */;
		};
/* End PBXTargetDependency section */

/* Begin PBXVariantGroup section */
		3C1AAA5E28BB233B00EF5AD6 /* Main.storyboard */ = {
			isa = PBXVariantGroup;
			children = (
				3C1AAA5F28BB233B00EF5AD6 /* Base */,
			);
			name = Main.storyboard;
			sourceTree = "<group>";
		};
		3C1AAA6328BB233C00EF5AD6 /* LaunchScreen.storyboard */ = {
			isa = PBXVariantGroup;
			children = (
				3C1AAA6428BB233C00EF5AD6 /* Base */,
			);
			name = LaunchScreen.storyboard;
			sourceTree = "<group>";
		};
/* End PBXVariantGroup section */

/* Begin XCBuildConfiguration section */
		3C1AAA7D28BB233C00EF5AD6 /* Debug */ = {
			isa = XCBuildConfiguration;
			buildSettings = {
				ALWAYS_SEARCH_USER_PATHS = NO;
				CLANG_ANALYZER_NONNULL = YES;
				CLANG_ANALYZER_NUMBER_OBJECT_CONVERSION = YES_AGGRESSIVE;
				CLANG_CXX_LANGUAGE_STANDARD = "gnu++20";
				CLANG_ENABLE_MODULES = YES;
				CLANG_ENABLE_OBJC_ARC = YES;
				CLANG_ENABLE_OBJC_WEAK = YES;
				CLANG_WARN_BLOCK_CAPTURE_AUTORELEASING = YES;
				CLANG_WARN_BOOL_CONVERSION = YES;
				CLANG_WARN_COMMA = YES;
				CLANG_WARN_CONSTANT_CONVERSION = YES;
				CLANG_WARN_DEPRECATED_OBJC_IMPLEMENTATIONS = YES;
				CLANG_WARN_DIRECT_OBJC_ISA_USAGE = YES_ERROR;
				CLANG_WARN_DOCUMENTATION_COMMENTS = YES;
				CLANG_WARN_EMPTY_BODY = YES;
				CLANG_WARN_ENUM_CONVERSION = YES;
				CLANG_WARN_INFINITE_RECURSION = YES;
				CLANG_WARN_INT_CONVERSION = YES;
				CLANG_WARN_NON_LITERAL_NULL_CONVERSION = YES;
				CLANG_WARN_OBJC_IMPLICIT_RETAIN_SELF = YES;
				CLANG_WARN_OBJC_LITERAL_CONVERSION = YES;
				CLANG_WARN_OBJC_ROOT_CLASS = YES_ERROR;
				CLANG_WARN_QUOTED_INCLUDE_IN_FRAMEWORK_HEADER = YES;
				CLANG_WARN_RANGE_LOOP_ANALYSIS = YES;
				CLANG_WARN_STRICT_PROTOTYPES = YES;
				CLANG_WARN_SUSPICIOUS_MOVE = YES;
				CLANG_WARN_UNGUARDED_AVAILABILITY = YES_AGGRESSIVE;
				CLANG_WARN_UNREACHABLE_CODE = YES;
				CLANG_WARN__DUPLICATE_METHOD_MATCH = YES;
				COPY_PHASE_STRIP = NO;
				DEBUG_INFORMATION_FORMAT = dwarf;
				ENABLE_STRICT_OBJC_MSGSEND = YES;
				ENABLE_TESTABILITY = YES;
				GCC_C_LANGUAGE_STANDARD = gnu11;
				GCC_DYNAMIC_NO_PIC = NO;
				GCC_NO_COMMON_BLOCKS = YES;
				GCC_OPTIMIZATION_LEVEL = 0;
				GCC_PREPROCESSOR_DEFINITIONS = (
					"DEBUG=1",
					"$(inherited)",
				);
				GCC_WARN_64_TO_32_BIT_CONVERSION = YES;
				GCC_WARN_ABOUT_RETURN_TYPE = YES_ERROR;
				GCC_WARN_UNDECLARED_SELECTOR = YES;
				GCC_WARN_UNINITIALIZED_AUTOS = YES_AGGRESSIVE;
				GCC_WARN_UNUSED_FUNCTION = YES;
				GCC_WARN_UNUSED_VARIABLE = YES;
				IPHONEOS_DEPLOYMENT_TARGET = 16.0;
				MTL_ENABLE_DEBUG_INFO = INCLUDE_SOURCE;
				MTL_FAST_MATH = YES;
				ONLY_ACTIVE_ARCH = YES;
				SDKROOT = iphoneos;
				SWIFT_ACTIVE_COMPILATION_CONDITIONS = DEBUG;
				SWIFT_OPTIMIZATION_LEVEL = "-Onone";
			};
			name = Debug;
		};
		3C1AAA7E28BB233C00EF5AD6 /* Release */ = {
			isa = XCBuildConfiguration;
			buildSettings = {
				ALWAYS_SEARCH_USER_PATHS = NO;
				CLANG_ANALYZER_NONNULL = YES;
				CLANG_ANALYZER_NUMBER_OBJECT_CONVERSION = YES_AGGRESSIVE;
				CLANG_CXX_LANGUAGE_STANDARD = "gnu++20";
				CLANG_ENABLE_MODULES = YES;
				CLANG_ENABLE_OBJC_ARC = YES;
				CLANG_ENABLE_OBJC_WEAK = YES;
				CLANG_WARN_BLOCK_CAPTURE_AUTORELEASING = YES;
				CLANG_WARN_BOOL_CONVERSION = YES;
				CLANG_WARN_COMMA = YES;
				CLANG_WARN_CONSTANT_CONVERSION = YES;
				CLANG_WARN_DEPRECATED_OBJC_IMPLEMENTATIONS = YES;
				CLANG_WARN_DIRECT_OBJC_ISA_USAGE = YES_ERROR;
				CLANG_WARN_DOCUMENTATION_COMMENTS = YES;
				CLANG_WARN_EMPTY_BODY = YES;
				CLANG_WARN_ENUM_CONVERSION = YES;
				CLANG_WARN_INFINITE_RECURSION = YES;
				CLANG_WARN_INT_CONVERSION = YES;
				CLANG_WARN_NON_LITERAL_NULL_CONVERSION = YES;
				CLANG_WARN_OBJC_IMPLICIT_RETAIN_SELF = YES;
				CLANG_WARN_OBJC_LITERAL_CONVERSION = YES;
				CLANG_WARN_OBJC_ROOT_CLASS = YES_ERROR;
				CLANG_WARN_QUOTED_INCLUDE_IN_FRAMEWORK_HEADER = YES;
				CLANG_WARN_RANGE_LOOP_ANALYSIS = YES;
				CLANG_WARN_STRICT_PROTOTYPES = YES;
				CLANG_WARN_SUSPICIOUS_MOVE = YES;
				CLANG_WARN_UNGUARDED_AVAILABILITY = YES_AGGRESSIVE;
				CLANG_WARN_UNREACHABLE_CODE = YES;
				CLANG_WARN__DUPLICATE_METHOD_MATCH = YES;
				COPY_PHASE_STRIP = NO;
				DEBUG_INFORMATION_FORMAT = "dwarf-with-dsym";
				ENABLE_NS_ASSERTIONS = NO;
				ENABLE_STRICT_OBJC_MSGSEND = YES;
				GCC_C_LANGUAGE_STANDARD = gnu11;
				GCC_NO_COMMON_BLOCKS = YES;
				GCC_WARN_64_TO_32_BIT_CONVERSION = YES;
				GCC_WARN_ABOUT_RETURN_TYPE = YES_ERROR;
				GCC_WARN_UNDECLARED_SELECTOR = YES;
				GCC_WARN_UNINITIALIZED_AUTOS = YES_AGGRESSIVE;
				GCC_WARN_UNUSED_FUNCTION = YES;
				GCC_WARN_UNUSED_VARIABLE = YES;
				IPHONEOS_DEPLOYMENT_TARGET = 16.0;
				MTL_ENABLE_DEBUG_INFO = NO;
				MTL_FAST_MATH = YES;
				SDKROOT = iphoneos;
				SWIFT_COMPILATION_MODE = wholemodule;
				SWIFT_OPTIMIZATION_LEVEL = "-O";
				VALIDATE_PRODUCT = YES;
			};
			name = Release;
		};
		3C1AAA8028BB233C00EF5AD6 /* Debug */ = {
			isa = XCBuildConfiguration;
			buildSettings = {
				ASSETCATALOG_COMPILER_APPICON_NAME = AppIcon;
				ASSETCATALOG_COMPILER_GLOBAL_ACCENT_COLOR_NAME = AccentColor;
				CODE_SIGN_STYLE = Automatic;
				CURRENT_PROJECT_VERSION = 1;
				GENERATE_INFOPLIST_FILE = YES;
				INFOPLIST_FILE = "iOS16-Others/Info.plist";
				INFOPLIST_KEY_UIApplicationSupportsIndirectInputEvents = YES;
				INFOPLIST_KEY_UILaunchStoryboardName = LaunchScreen;
				INFOPLIST_KEY_UIMainStoryboardFile = Main;
				INFOPLIST_KEY_UISupportedInterfaceOrientations_iPad = "UIInterfaceOrientationPortrait UIInterfaceOrientationPortraitUpsideDown UIInterfaceOrientationLandscapeLeft UIInterfaceOrientationLandscapeRight";
				INFOPLIST_KEY_UISupportedInterfaceOrientations_iPhone = "UIInterfaceOrientationPortrait UIInterfaceOrientationLandscapeLeft UIInterfaceOrientationLandscapeRight";
				LD_RUNPATH_SEARCH_PATHS = (
					"$(inherited)",
					"@executable_path/Frameworks",
				);
				MARKETING_VERSION = 1.0;
				PRODUCT_BUNDLE_IDENTIFIER = "cn.developer.yf.iOS16-Others";
				PRODUCT_NAME = "$(TARGET_NAME)";
				SWIFT_EMIT_LOC_STRINGS = YES;
				SWIFT_VERSION = 5.0;
				TARGETED_DEVICE_FAMILY = "1,2";
			};
			name = Debug;
		};
		3C1AAA8128BB233C00EF5AD6 /* Release */ = {
			isa = XCBuildConfiguration;
			buildSettings = {
				ASSETCATALOG_COMPILER_APPICON_NAME = AppIcon;
				ASSETCATALOG_COMPILER_GLOBAL_ACCENT_COLOR_NAME = AccentColor;
				CODE_SIGN_STYLE = Automatic;
				CURRENT_PROJECT_VERSION = 1;
				GENERATE_INFOPLIST_FILE = YES;
				INFOPLIST_FILE = "iOS16-Others/Info.plist";
				INFOPLIST_KEY_UIApplicationSupportsIndirectInputEvents = YES;
				INFOPLIST_KEY_UILaunchStoryboardName = LaunchScreen;
				INFOPLIST_KEY_UIMainStoryboardFile = Main;
				INFOPLIST_KEY_UISupportedInterfaceOrientations_iPad = "UIInterfaceOrientationPortrait UIInterfaceOrientationPortraitUpsideDown UIInterfaceOrientationLandscapeLeft UIInterfaceOrientationLandscapeRight";
				INFOPLIST_KEY_UISupportedInterfaceOrientations_iPhone = "UIInterfaceOrientationPortrait UIInterfaceOrientationLandscapeLeft UIInterfaceOrientationLandscapeRight";
				LD_RUNPATH_SEARCH_PATHS = (
					"$(inherited)",
					"@executable_path/Frameworks",
				);
				MARKETING_VERSION = 1.0;
				PRODUCT_BUNDLE_IDENTIFIER = "cn.developer.yf.iOS16-Others";
				PRODUCT_NAME = "$(TARGET_NAME)";
				SWIFT_EMIT_LOC_STRINGS = YES;
				SWIFT_VERSION = 5.0;
				TARGETED_DEVICE_FAMILY = "1,2";
			};
			name = Release;
		};
		3C1AAA8328BB233C00EF5AD6 /* Debug */ = {
			isa = XCBuildConfiguration;
			buildSettings = {
				ALWAYS_EMBED_SWIFT_STANDARD_LIBRARIES = YES;
				BUNDLE_LOADER = "$(TEST_HOST)";
				CODE_SIGN_STYLE = Automatic;
				CURRENT_PROJECT_VERSION = 1;
				GENERATE_INFOPLIST_FILE = YES;
				IPHONEOS_DEPLOYMENT_TARGET = 16.0;
				MARKETING_VERSION = 1.0;
				PRODUCT_BUNDLE_IDENTIFIER = "cn.developer.yf.iOS16-OthersTests";
				PRODUCT_NAME = "$(TARGET_NAME)";
				SWIFT_EMIT_LOC_STRINGS = NO;
				SWIFT_VERSION = 5.0;
				TARGETED_DEVICE_FAMILY = "1,2";
				TEST_HOST = "$(BUILT_PRODUCTS_DIR)/iOS16-Others.app/$(BUNDLE_EXECUTABLE_FOLDER_PATH)/iOS16-Others";
			};
			name = Debug;
		};
		3C1AAA8428BB233C00EF5AD6 /* Release */ = {
			isa = XCBuildConfiguration;
			buildSettings = {
				ALWAYS_EMBED_SWIFT_STANDARD_LIBRARIES = YES;
				BUNDLE_LOADER = "$(TEST_HOST)";
				CODE_SIGN_STYLE = Automatic;
				CURRENT_PROJECT_VERSION = 1;
				GENERATE_INFOPLIST_FILE = YES;
				IPHONEOS_DEPLOYMENT_TARGET = 16.0;
				MARKETING_VERSION = 1.0;
				PRODUCT_BUNDLE_IDENTIFIER = "cn.developer.yf.iOS16-OthersTests";
				PRODUCT_NAME = "$(TARGET_NAME)";
				SWIFT_EMIT_LOC_STRINGS = NO;
				SWIFT_VERSION = 5.0;
				TARGETED_DEVICE_FAMILY = "1,2";
				TEST_HOST = "$(BUILT_PRODUCTS_DIR)/iOS16-Others.app/$(BUNDLE_EXECUTABLE_FOLDER_PATH)/iOS16-Others";
			};
			name = Release;
		};
		3C1AAA8628BB233C00EF5AD6 /* Debug */ = {
			isa = XCBuildConfiguration;
			buildSettings = {
				ALWAYS_EMBED_SWIFT_STANDARD_LIBRARIES = YES;
				CODE_SIGN_STYLE = Automatic;
				CURRENT_PROJECT_VERSION = 1;
				GENERATE_INFOPLIST_FILE = YES;
				MARKETING_VERSION = 1.0;
				PRODUCT_BUNDLE_IDENTIFIER = "cn.developer.yf.iOS16-OthersUITests";
				PRODUCT_NAME = "$(TARGET_NAME)";
				SWIFT_EMIT_LOC_STRINGS = NO;
				SWIFT_VERSION = 5.0;
				TARGETED_DEVICE_FAMILY = "1,2";
				TEST_TARGET_NAME = "iOS16-Others";
			};
			name = Debug;
		};
		3C1AAA8728BB233C00EF5AD6 /* Release */ = {
			isa = XCBuildConfiguration;
			buildSettings = {
				ALWAYS_EMBED_SWIFT_STANDARD_LIBRARIES = YES;
				CODE_SIGN_STYLE = Automatic;
				CURRENT_PROJECT_VERSION = 1;
				GENERATE_INFOPLIST_FILE = YES;
				MARKETING_VERSION = 1.0;
				PRODUCT_BUNDLE_IDENTIFIER = "cn.developer.yf.iOS16-OthersUITests";
				PRODUCT_NAME = "$(TARGET_NAME)";
				SWIFT_EMIT_LOC_STRINGS = NO;
				SWIFT_VERSION = 5.0;
				TARGETED_DEVICE_FAMILY = "1,2";
				TEST_TARGET_NAME = "iOS16-Others";
			};
			name = Release;
		};
/* End XCBuildConfiguration section */

/* Begin XCConfigurationList section */
		3C1AAA5028BB233B00EF5AD6 /* Build configuration list for PBXProject "iOS16-Others" */ = {
			isa = XCConfigurationList;
			buildConfigurations = (
				3C1AAA7D28BB233C00EF5AD6 /* Debug */,
				3C1AAA7E28BB233C00EF5AD6 /* Release */,
			);
			defaultConfigurationIsVisible = 0;
			defaultConfigurationName = Release;
		};
		3C1AAA7F28BB233C00EF5AD6 /* Build configuration list for PBXNativeTarget "iOS16-Others" */ = {
			isa = XCConfigurationList;
			buildConfigurations = (
				3C1AAA8028BB233C00EF5AD6 /* Debug */,
				3C1AAA8128BB233C00EF5AD6 /* Release */,
			);
			defaultConfigurationIsVisible = 0;
			defaultConfigurationName = Release;
		};
		3C1AAA8228BB233C00EF5AD6 /* Build configuration list for PBXNativeTarget "iOS16-OthersTests" */ = {
			isa = XCConfigurationList;
			buildConfigurations = (
				3C1AAA8328BB233C00EF5AD6 /* Debug */,
				3C1AAA8428BB233C00EF5AD6 /* Release */,
			);
			defaultConfigurationIsVisible = 0;
			defaultConfigurationName = Release;
		};
		3C1AAA8528BB233C00EF5AD6 /* Build configuration list for PBXNativeTarget "iOS16-OthersUITests" */ = {
			isa = XCConfigurationList;
			buildConfigurations = (
				3C1AAA8628BB233C00EF5AD6 /* Debug */,
				3C1AAA8728BB233C00EF5AD6 /* Release */,
			);
			defaultConfigurationIsVisible = 0;
			defaultConfigurationName = Release;
		};
/* End XCConfigurationList section */
	};
	rootObject = 3C1AAA4D28BB233B00EF5AD6 /* Project object */;
}
