// !$*UTF8*$!
{
	archiveVersion = 1;
	classes = {
	};
	objectVersion = 56;
	objects = {

/* Begin PBXBuildFile section */
		3CC752C32AF248E6006AFF18 /* AppDelegate.swift in Sources */ = {isa = PBXBuildFile; fileRef = 3CC752C22AF248E6006AFF18 /* AppDelegate.swift */; };
		3CC752C52AF248E6006AFF18 /* SceneDelegate.swift in Sources */ = {isa = PBXBuildFile; fileRef = 3CC752C42AF248E6006AFF18 /* SceneDelegate.swift */; };
		3CC752C72AF248E6006AFF18 /* ViewController.swift in Sources */ = {isa = PBXBuildFile; fileRef = 3CC752C62AF248E6006AFF18 /* ViewController.swift */; };
		3CC752CA2AF248E6006AFF18 /* Main.storyboard in Resources */ = {isa = PBXBuildFile; fileRef = 3CC752C82AF248E6006AFF18 /* Main.storyboard */; };
		3CC752CC2AF248E8006AFF18 /* Assets.xcassets in Resources */ = {isa = PBXBuildFile; fileRef = 3CC752CB2AF248E8006AFF18 /* Assets.xcassets */; };
		3CC752CF2AF248E8006AFF18 /* LaunchScreen.storyboard in Resources */ = {isa = PBXBuildFile; fileRef = 3CC752CD2AF248E8006AFF18 /* LaunchScreen.storyboard */; };
		3CC752DA2AF248E8006AFF18 /* iOS17_UITraitChangeObservableTests.swift in Sources */ = {isa = PBXBuildFile; fileRef = 3CC752D92AF248E8006AFF18 /* iOS17_UITraitChangeObservableTests.swift */; };
		3CC752E42AF248E8006AFF18 /* iOS17_UITraitChangeObservableUITests.swift in Sources */ = {isa = PBXBuildFile; fileRef = 3CC752E32AF248E8006AFF18 /* iOS17_UITraitChangeObservableUITests.swift */; };
		3CC752E62AF248E8006AFF18 /* iOS17_UITraitChangeObservableUITestsLaunchTests.swift in Sources */ = {isa = PBXBuildFile; fileRef = 3CC752E52AF248E8006AFF18 /* iOS17_UITraitChangeObservableUITestsLaunchTests.swift */; };
/* End PBXBuildFile section */

/* Begin PBXContainerItemProxy section */
		3CC752D62AF248E8006AFF18 /* PBXContainerItemProxy */ = {
			isa = PBXContainerItemProxy;
			containerPortal = 3CC752B72AF248E6006AFF18 /* Project object */;
			proxyType = 1;
			remoteGlobalIDString = 3CC752BE2AF248E6006AFF18;
			remoteInfo = "iOS17-UITraitChangeObservable";
		};
		3CC752E02AF248E8006AFF18 /* PBXContainerItemProxy */ = {
			isa = PBXContainerItemProxy;
			containerPortal = 3CC752B72AF248E6006AFF18 /* Project object */;
			proxyType = 1;
			remoteGlobalIDString = 3CC752BE2AF248E6006AFF18;
			remoteInfo = "iOS17-UITraitChangeObservable";
		};
/* End PBXContainerItemProxy section */

/* Begin PBXFileReference section */
		3CC752BF2AF248E6006AFF18 /* iOS17-UITraitChangeObservable.app */ = {isa = PBXFileReference; explicitFileType = wrapper.application; includeInIndex = 0; path = "iOS17-UITraitChangeObservable.app"; sourceTree = BUILT_PRODUCTS_DIR; };
		3CC752C22AF248E6006AFF18 /* AppDelegate.swift */ = {isa = PBXFileReference; lastKnownFileType = sourcecode.swift; path = AppDelegate.swift; sourceTree = "<group>"; };
		3CC752C42AF248E6006AFF18 /* SceneDelegate.swift */ = {isa = PBXFileReference; lastKnownFileType = sourcecode.swift; path = SceneDelegate.swift; sourceTree = "<group>"; };
		3CC752C62AF248E6006AFF18 /* ViewController.swift */ = {isa = PBXFileReference; lastKnownFileType = sourcecode.swift; path = ViewController.swift; sourceTree = "<group>"; };
		3CC752C92AF248E6006AFF18 /* Base */ = {isa = PBXFileReference; lastKnownFileType = file.storyboard; name = Base; path = Base.lproj/Main.storyboard; sourceTree = "<group>"; };
		3CC752CB2AF248E8006AFF18 /* Assets.xcassets */ = {isa = PBXFileReference; lastKnownFileType = folder.assetcatalog; path = Assets.xcassets; sourceTree = "<group>"; };
		3CC752CE2AF248E8006AFF18 /* Base */ = {isa = PBXFileReference; lastKnownFileType = file.storyboard; name = Base; path = Base.lproj/LaunchScreen.storyboard; sourceTree = "<group>"; };
		3CC752D02AF248E8006AFF18 /* Info.plist */ = {isa = PBXFileReference; lastKnownFileType = text.plist.xml; path = Info.plist; sourceTree = "<group>"; };
		3CC752D52AF248E8006AFF18 /* iOS17-UITraitChangeObservableTests.xctest */ = {isa = PBXFileReference; explicitFileType = wrapper.cfbundle; includeInIndex = 0; path = "iOS17-UITraitChangeObservableTests.xctest"; sourceTree = BUILT_PRODUCTS_DIR; };
		3CC752D92AF248E8006AFF18 /* iOS17_UITraitChangeObservableTests.swift */ = {isa = PBXFileReference; lastKnownFileType = sourcecode.swift; path = iOS17_UITraitChangeObservableTests.swift; sourceTree = "<group>"; };
		3CC752DF2AF248E8006AFF18 /* iOS17-UITraitChangeObservableUITests.xctest */ = {isa = PBXFileReference; explicitFileType = wrapper.cfbundle; includeInIndex = 0; path = "iOS17-UITraitChangeObservableUITests.xctest"; sourceTree = BUILT_PRODUCTS_DIR; };
		3CC752E32AF248E8006AFF18 /* iOS17_UITraitChangeObservableUITests.swift */ = {isa = PBXFileReference; lastKnownFileType = sourcecode.swift; path = iOS17_UITraitChangeObservableUITests.swift; sourceTree = "<group>"; };
		3CC752E52AF248E8006AFF18 /* iOS17_UITraitChangeObservableUITestsLaunchTests.swift */ = {isa = PBXFileReference; lastKnownFileType = sourcecode.swift; path = iOS17_UITraitChangeObservableUITestsLaunchTests.swift; sourceTree = "<group>"; };
/* End PBXFileReference section */

/* Begin PBXFrameworksBuildPhase section */
		3CC752BC2AF248E6006AFF18 /* Frameworks */ = {
			isa = PBXFrameworksBuildPhase;
			buildActionMask = 2147483647;
			files = (
			);
			runOnlyForDeploymentPostprocessing = 0;
		};
		3CC752D22AF248E8006AFF18 /* Frameworks */ = {
			isa = PBXFrameworksBuildPhase;
			buildActionMask = 2147483647;
			files = (
			);
			runOnlyForDeploymentPostprocessing = 0;
		};
		3CC752DC2AF248E8006AFF18 /* Frameworks */ = {
			isa = PBXFrameworksBuildPhase;
			buildActionMask = 2147483647;
			files = (
			);
			runOnlyForDeploymentPostprocessing = 0;
		};
/* End PBXFrameworksBuildPhase section */

/* Begin PBXGroup section */
		3CC752B62AF248E6006AFF18 = {
			isa = PBXGroup;
			children = (
				3CC752C12AF248E6006AFF18 /* iOS17-UITraitChangeObservable */,
				3CC752D82AF248E8006AFF18 /* iOS17-UITraitChangeObservableTests */,
				3CC752E22AF248E8006AFF18 /* iOS17-UITraitChangeObservableUITests */,
				3CC752C02AF248E6006AFF18 /* Products */,
			);
			sourceTree = "<group>";
		};
		3CC752C02AF248E6006AFF18 /* Products */ = {
			isa = PBXGroup;
			children = (
				3CC752BF2AF248E6006AFF18 /* iOS17-UITraitChangeObservable.app */,
				3CC752D52AF248E8006AFF18 /* iOS17-UITraitChangeObservableTests.xctest */,
				3CC752DF2AF248E8006AFF18 /* iOS17-UITraitChangeObservableUITests.xctest */,
			);
			name = Products;
			sourceTree = "<group>";
		};
		3CC752C12AF248E6006AFF18 /* iOS17-UITraitChangeObservable */ = {
			isa = PBXGroup;
			children = (
				3CC752C22AF248E6006AFF18 /* AppDelegate.swift */,
				3CC752C42AF248E6006AFF18 /* SceneDelegate.swift */,
				3CC752C62AF248E6006AFF18 /* ViewController.swift */,
				3CC752C82AF248E6006AFF18 /* Main.storyboard */,
				3CC752CB2AF248E8006AFF18 /* Assets.xcassets */,
				3CC752CD2AF248E8006AFF18 /* LaunchScreen.storyboard */,
				3CC752D02AF248E8006AFF18 /* Info.plist */,
			);
			path = "iOS17-UITraitChangeObservable";
			sourceTree = "<group>";
		};
		3CC752D82AF248E8006AFF18 /* iOS17-UITraitChangeObservableTests */ = {
			isa = PBXGroup;
			children = (
				3CC752D92AF248E8006AFF18 /* iOS17_UITraitChangeObservableTests.swift */,
			);
			path = "iOS17-UITraitChangeObservableTests";
			sourceTree = "<group>";
		};
		3CC752E22AF248E8006AFF18 /* iOS17-UITraitChangeObservableUITests */ = {
			isa = PBXGroup;
			children = (
				3CC752E32AF248E8006AFF18 /* iOS17_UITraitChangeObservableUITests.swift */,
				3CC752E52AF248E8006AFF18 /* iOS17_UITraitChangeObservableUITestsLaunchTests.swift */,
			);
			path = "iOS17-UITraitChangeObservableUITests";
			sourceTree = "<group>";
		};
/* End PBXGroup section */

/* Begin PBXNativeTarget section */
		3CC752BE2AF248E6006AFF18 /* iOS17-UITraitChangeObservable */ = {
			isa = PBXNativeTarget;
			buildConfigurationList = 3CC752E92AF248E8006AFF18 /* Build configuration list for PBXNativeTarget "iOS17-UITraitChangeObservable" */;
			buildPhases = (
				3CC752BB2AF248E6006AFF18 /* Sources */,
				3CC752BC2AF248E6006AFF18 /* Frameworks */,
				3CC752BD2AF248E6006AFF18 /* Resources */,
			);
			buildRules = (
			);
			dependencies = (
			);
			name = "iOS17-UITraitChangeObservable";
			productName = "iOS17-UITraitChangeObservable";
			productReference = 3CC752BF2AF248E6006AFF18 /* iOS17-UITraitChangeObservable.app */;
			productType = "com.apple.product-type.application";
		};
		3CC752D42AF248E8006AFF18 /* iOS17-UITraitChangeObservableTests */ = {
			isa = PBXNativeTarget;
			buildConfigurationList = 3CC752EC2AF248E8006AFF18 /* Build configuration list for PBXNativeTarget "iOS17-UITraitChangeObservableTests" */;
			buildPhases = (
				3CC752D12AF248E8006AFF18 /* Sources */,
				3CC752D22AF248E8006AFF18 /* Frameworks */,
				3CC752D32AF248E8006AFF18 /* Resources */,
			);
			buildRules = (
			);
			dependencies = (
				3CC752D72AF248E8006AFF18 /* PBXTargetDependency */,
			);
			name = "iOS17-UITraitChangeObservableTests";
			productName = "iOS17-UITraitChangeObservableTests";
			productReference = 3CC752D52AF248E8006AFF18 /* iOS17-UITraitChangeObservableTests.xctest */;
			productType = "com.apple.product-type.bundle.unit-test";
		};
		3CC752DE2AF248E8006AFF18 /* iOS17-UITraitChangeObservableUITests */ = {
			isa = PBXNativeTarget;
			buildConfigurationList = 3CC752EF2AF248E8006AFF18 /* Build configuration list for PBXNativeTarget "iOS17-UITraitChangeObservableUITests" */;
			buildPhases = (
				3CC752DB2AF248E8006AFF18 /* Sources */,
				3CC752DC2AF248E8006AFF18 /* Frameworks */,
				3CC752DD2AF248E8006AFF18 /* Resources */,
			);
			buildRules = (
			);
			dependencies = (
				3CC752E12AF248E8006AFF18 /* PBXTargetDependency */,
			);
			name = "iOS17-UITraitChangeObservableUITests";
			productName = "iOS17-UITraitChangeObservableUITests";
			productReference = 3CC752DF2AF248E8006AFF18 /* iOS17-UITraitChangeObservableUITests.xctest */;
			productType = "com.apple.product-type.bundle.ui-testing";
		};
/* End PBXNativeTarget section */

/* Begin PBXProject section */
		3CC752B72AF248E6006AFF18 /* Project object */ = {
			isa = PBXProject;
			attributes = {
				BuildIndependentTargetsInParallel = 1;
				LastSwiftUpdateCheck = 1500;
				LastUpgradeCheck = 1500;
				TargetAttributes = {
					3CC752BE2AF248E6006AFF18 = {
						CreatedOnToolsVersion = 15.0.1;
					};
					3CC752D42AF248E8006AFF18 = {
						CreatedOnToolsVersion = 15.0.1;
						TestTargetID = 3CC752BE2AF248E6006AFF18;
					};
					3CC752DE2AF248E8006AFF18 = {
						CreatedOnToolsVersion = 15.0.1;
						TestTargetID = 3CC752BE2AF248E6006AFF18;
					};
				};
			};
			buildConfigurationList = 3CC752BA2AF248E6006AFF18 /* Build configuration list for PBXProject "iOS17-UITraitChangeObservable" */;
			compatibilityVersion = "Xcode 14.0";
			developmentRegion = en;
			hasScannedForEncodings = 0;
			knownRegions = (
				en,
				Base,
			);
			mainGroup = 3CC752B62AF248E6006AFF18;
			productRefGroup = 3CC752C02AF248E6006AFF18 /* Products */;
			projectDirPath = "";
			projectRoot = "";
			targets = (
				3CC752BE2AF248E6006AFF18 /* iOS17-UITraitChangeObservable */,
				3CC752D42AF248E8006AFF18 /* iOS17-UITraitChangeObservableTests */,
				3CC752DE2AF248E8006AFF18 /* iOS17-UITraitChangeObservableUITests */,
			);
		};
/* End PBXProject section */

/* Begin PBXResourcesBuildPhase section */
		3CC752BD2AF248E6006AFF18 /* Resources */ = {
			isa = PBXResourcesBuildPhase;
			buildActionMask = 2147483647;
			files = (
				3CC752CF2AF248E8006AFF18 /* LaunchScreen.storyboard in Resources */,
				3CC752CC2AF248E8006AFF18 /* Assets.xcassets in Resources */,
				3CC752CA2AF248E6006AFF18 /* Main.storyboard in Resources */,
			);
			runOnlyForDeploymentPostprocessing = 0;
		};
		3CC752D32AF248E8006AFF18 /* Resources */ = {
			isa = PBXResourcesBuildPhase;
			buildActionMask = 2147483647;
			files = (
			);
			runOnlyForDeploymentPostprocessing = 0;
		};
		3CC752DD2AF248E8006AFF18 /* Resources */ = {
			isa = PBXResourcesBuildPhase;
			buildActionMask = 2147483647;
			files = (
			);
			runOnlyForDeploymentPostprocessing = 0;
		};
/* End PBXResourcesBuildPhase section */

/* Begin PBXSourcesBuildPhase section */
		3CC752BB2AF248E6006AFF18 /* Sources */ = {
			isa = PBXSourcesBuildPhase;
			buildActionMask = 2147483647;
			files = (
				3CC752C72AF248E6006AFF18 /* ViewController.swift in Sources */,
				3CC752C32AF248E6006AFF18 /* AppDelegate.swift in Sources */,
				3CC752C52AF248E6006AFF18 /* SceneDelegate.swift in Sources */,
			);
			runOnlyForDeploymentPostprocessing = 0;
		};
		3CC752D12AF248E8006AFF18 /* Sources */ = {
			isa = PBXSourcesBuildPhase;
			buildActionMask = 2147483647;
			files = (
				3CC752DA2AF248E8006AFF18 /* iOS17_UITraitChangeObservableTests.swift in Sources */,
			);
			runOnlyForDeploymentPostprocessing = 0;
		};
		3CC752DB2AF248E8006AFF18 /* Sources */ = {
			isa = PBXSourcesBuildPhase;
			buildActionMask = 2147483647;
			files = (
				3CC752E62AF248E8006AFF18 /* iOS17_UITraitChangeObservableUITestsLaunchTests.swift in Sources */,
				3CC752E42AF248E8006AFF18 /* iOS17_UITraitChangeObservableUITests.swift in Sources */,
			);
			runOnlyForDeploymentPostprocessing = 0;
		};
/* End PBXSourcesBuildPhase section */

/* Begin PBXTargetDependency section */
		3CC752D72AF248E8006AFF18 /* PBXTargetDependency */ = {
			isa = PBXTargetDependency;
			target = 3CC752BE2AF248E6006AFF18 /* iOS17-UITraitChangeObservable */;
			targetProxy = 3CC752D62AF248E8006AFF18 /* PBXContainerItemProxy */;
		};
		3CC752E12AF248E8006AFF18 /* PBXTargetDependency */ = {
			isa = PBXTargetDependency;
			target = 3CC752BE2AF248E6006AFF18 /* iOS17-UITraitChangeObservable */;
			targetProxy = 3CC752E02AF248E8006AFF18 /* PBXContainerItemProxy */;
		};
/* End PBXTargetDependency section */

/* Begin PBXVariantGroup section */
		3CC752C82AF248E6006AFF18 /* Main.storyboard */ = {
			isa = PBXVariantGroup;
			children = (
				3CC752C92AF248E6006AFF18 /* Base */,
			);
			name = Main.storyboard;
			sourceTree = "<group>";
		};
		3CC752CD2AF248E8006AFF18 /* LaunchScreen.storyboard */ = {
			isa = PBXVariantGroup;
			children = (
				3CC752CE2AF248E8006AFF18 /* Base */,
			);
			name = LaunchScreen.storyboard;
			sourceTree = "<group>";
		};
/* End PBXVariantGroup section */

/* Begin XCBuildConfiguration section */
		3CC752E72AF248E8006AFF18 /* Debug */ = {
			isa = XCBuildConfiguration;
			buildSettings = {
				ALWAYS_SEARCH_USER_PATHS = NO;
				ASSETCATALOG_COMPILER_GENERATE_SWIFT_ASSET_SYMBOL_EXTENSIONS = YES;
				CLANG_ANALYZER_NONNULL = YES;
				CLANG_ANALYZER_NUMBER_OBJECT_CONVERSION = YES_AGGRESSIVE;
				CLANG_CXX_LANGUAGE_STANDARD = "gnu++20";
				CLANG_ENABLE_MODULES = YES;
				CLANG_ENABLE_OBJC_ARC = YES;
				CLANG_ENABLE_OBJC_WEAK = YES;
				CLANG_WARN_BLOCK_CAPTURE_AUTORELEASING = YES;
				CLANG_WARN_BOOL_CONVERSION = YES;
				CLANG_WARN_COMMA = YES;
				CLANG_WARN_CONSTANT_CONVERSION = YES;
				CLANG_WARN_DEPRECATED_OBJC_IMPLEMENTATIONS = YES;
				CLANG_WARN_DIRECT_OBJC_ISA_USAGE = YES_ERROR;
				CLANG_WARN_DOCUMENTATION_COMMENTS = YES;
				CLANG_WARN_EMPTY_BODY = YES;
				CLANG_WARN_ENUM_CONVERSION = YES;
				CLANG_WARN_INFINITE_RECURSION = YES;
				CLANG_WARN_INT_CONVERSION = YES;
				CLANG_WARN_NON_LITERAL_NULL_CONVERSION = YES;
				CLANG_WARN_OBJC_IMPLICIT_RETAIN_SELF = YES;
				CLANG_WARN_OBJC_LITERAL_CONVERSION = YES;
				CLANG_WARN_OBJC_ROOT_CLASS = YES_ERROR;
				CLANG_WARN_QUOTED_INCLUDE_IN_FRAMEWORK_HEADER = YES;
				CLANG_WARN_RANGE_LOOP_ANALYSIS = YES;
				CLANG_WARN_STRICT_PROTOTYPES = YES;
				CLANG_WARN_SUSPICIOUS_MOVE = YES;
				CLANG_WARN_UNGUARDED_AVAILABILITY = YES_AGGRESSIVE;
				CLANG_WARN_UNREACHABLE_CODE = YES;
				CLANG_WARN__DUPLICATE_METHOD_MATCH = YES;
				COPY_PHASE_STRIP = NO;
				DEBUG_INFORMATION_FORMAT = dwarf;
				ENABLE_STRICT_OBJC_MSGSEND = YES;
				ENABLE_TESTABILITY = YES;
				ENABLE_USER_SCRIPT_SANDBOXING = YES;
				GCC_C_LANGUAGE_STANDARD = gnu17;
				GCC_DYNAMIC_NO_PIC = NO;
				GCC_NO_COMMON_BLOCKS = YES;
				GCC_OPTIMIZATION_LEVEL = 0;
				GCC_PREPROCESSOR_DEFINITIONS = (
					"DEBUG=1",
					"$(inherited)",
				);
				GCC_WARN_64_TO_32_BIT_CONVERSION = YES;
				GCC_WARN_ABOUT_RETURN_TYPE = YES_ERROR;
				GCC_WARN_UNDECLARED_SELECTOR = YES;
				GCC_WARN_UNINITIALIZED_AUTOS = YES_AGGRESSIVE;
				GCC_WARN_UNUSED_FUNCTION = YES;
				GCC_WARN_UNUSED_VARIABLE = YES;
				IPHONEOS_DEPLOYMENT_TARGET = 17.0;
				LOCALIZATION_PREFERS_STRING_CATALOGS = YES;
				MTL_ENABLE_DEBUG_INFO = INCLUDE_SOURCE;
				MTL_FAST_MATH = YES;
				ONLY_ACTIVE_ARCH = YES;
				SDKROOT = iphoneos;
				SWIFT_ACTIVE_COMPILATION_CONDITIONS = "DEBUG $(inherited)";
				SWIFT_OPTIMIZATION_LEVEL = "-Onone";
			};
			name = Debug;
		};
		3CC752E82AF248E8006AFF18 /* Release */ = {
			isa = XCBuildConfiguration;
			buildSettings = {
				ALWAYS_SEARCH_USER_PATHS = NO;
				ASSETCATALOG_COMPILER_GENERATE_SWIFT_ASSET_SYMBOL_EXTENSIONS = YES;
				CLANG_ANALYZER_NONNULL = YES;
				CLANG_ANALYZER_NUMBER_OBJECT_CONVERSION = YES_AGGRESSIVE;
				CLANG_CXX_LANGUAGE_STANDARD = "gnu++20";
				CLANG_ENABLE_MODULES = YES;
				CLANG_ENABLE_OBJC_ARC = YES;
				CLANG_ENABLE_OBJC_WEAK = YES;
				CLANG_WARN_BLOCK_CAPTURE_AUTORELEASING = YES;
				CLANG_WARN_BOOL_CONVERSION = YES;
				CLANG_WARN_COMMA = YES;
				CLANG_WARN_CONSTANT_CONVERSION = YES;
				CLANG_WARN_DEPRECATED_OBJC_IMPLEMENTATIONS = YES;
				CLANG_WARN_DIRECT_OBJC_ISA_USAGE = YES_ERROR;
				CLANG_WARN_DOCUMENTATION_COMMENTS = YES;
				CLANG_WARN_EMPTY_BODY = YES;
				CLANG_WARN_ENUM_CONVERSION = YES;
				CLANG_WARN_INFINITE_RECURSION = YES;
				CLANG_WARN_INT_CONVERSION = YES;
				CLANG_WARN_NON_LITERAL_NULL_CONVERSION = YES;
				CLANG_WARN_OBJC_IMPLICIT_RETAIN_SELF = YES;
				CLANG_WARN_OBJC_LITERAL_CONVERSION = YES;
				CLANG_WARN_OBJC_ROOT_CLASS = YES_ERROR;
				CLANG_WARN_QUOTED_INCLUDE_IN_FRAMEWORK_HEADER = YES;
				CLANG_WARN_RANGE_LOOP_ANALYSIS = YES;
				CLANG_WARN_STRICT_PROTOTYPES = YES;
				CLANG_WARN_SUSPICIOUS_MOVE = YES;
				CLANG_WARN_UNGUARDED_AVAILABILITY = YES_AGGRESSIVE;
				CLANG_WARN_UNREACHABLE_CODE = YES;
				CLANG_WARN__DUPLICATE_METHOD_MATCH = YES;
				COPY_PHASE_STRIP = NO;
				DEBUG_INFORMATION_FORMAT = "dwarf-with-dsym";
				ENABLE_NS_ASSERTIONS = NO;
				ENABLE_STRICT_OBJC_MSGSEND = YES;
				ENABLE_USER_SCRIPT_SANDBOXING = YES;
				GCC_C_LANGUAGE_STANDARD = gnu17;
				GCC_NO_COMMON_BLOCKS = YES;
				GCC_WARN_64_TO_32_BIT_CONVERSION = YES;
				GCC_WARN_ABOUT_RETURN_TYPE = YES_ERROR;
				GCC_WARN_UNDECLARED_SELECTOR = YES;
				GCC_WARN_UNINITIALIZED_AUTOS = YES_AGGRESSIVE;
				GCC_WARN_UNUSED_FUNCTION = YES;
				GCC_WARN_UNUSED_VARIABLE = YES;
				IPHONEOS_DEPLOYMENT_TARGET = 17.0;
				LOCALIZATION_PREFERS_STRING_CATALOGS = YES;
				MTL_ENABLE_DEBUG_INFO = NO;
				MTL_FAST_MATH = YES;
				SDKROOT = iphoneos;
				SWIFT_COMPILATION_MODE = wholemodule;
				VALIDATE_PRODUCT = YES;
			};
			name = Release;
		};
		3CC752EA2AF248E8006AFF18 /* Debug */ = {
			isa = XCBuildConfiguration;
			buildSettings = {
				ASSETCATALOG_COMPILER_APPICON_NAME = AppIcon;
				ASSETCATALOG_COMPILER_GLOBAL_ACCENT_COLOR_NAME = AccentColor;
				CODE_SIGN_STYLE = Automatic;
				CURRENT_PROJECT_VERSION = 1;
				DEVELOPMENT_TEAM = QF8H8R2NAV;
				GENERATE_INFOPLIST_FILE = YES;
				INFOPLIST_FILE = "iOS17-UITraitChangeObservable/Info.plist";
				INFOPLIST_KEY_UIApplicationSupportsIndirectInputEvents = YES;
				INFOPLIST_KEY_UILaunchStoryboardName = LaunchScreen;
				INFOPLIST_KEY_UIMainStoryboardFile = Main;
				INFOPLIST_KEY_UISupportedInterfaceOrientations_iPad = "UIInterfaceOrientationPortrait UIInterfaceOrientationPortraitUpsideDown UIInterfaceOrientationLandscapeLeft UIInterfaceOrientationLandscapeRight";
				INFOPLIST_KEY_UISupportedInterfaceOrientations_iPhone = "UIInterfaceOrientationPortrait UIInterfaceOrientationLandscapeLeft UIInterfaceOrientationLandscapeRight";
				LD_RUNPATH_SEARCH_PATHS = (
					"$(inherited)",
					"@executable_path/Frameworks",
				);
				MARKETING_VERSION = 1.0;
				PRODUCT_BUNDLE_IDENTIFIER = "yf.developer.cn.iOS17-UITraitChangeObservable";
				PRODUCT_NAME = "$(TARGET_NAME)";
				SWIFT_EMIT_LOC_STRINGS = YES;
				SWIFT_VERSION = 5.0;
				TARGETED_DEVICE_FAMILY = "1,2";
			};
			name = Debug;
		};
		3CC752EB2AF248E8006AFF18 /* Release */ = {
			isa = XCBuildConfiguration;
			buildSettings = {
				ASSETCATALOG_COMPILER_APPICON_NAME = AppIcon;
				ASSETCATALOG_COMPILER_GLOBAL_ACCENT_COLOR_NAME = AccentColor;
				CODE_SIGN_STYLE = Automatic;
				CURRENT_PROJECT_VERSION = 1;
				DEVELOPMENT_TEAM = QF8H8R2NAV;
				GENERATE_INFOPLIST_FILE = YES;
				INFOPLIST_FILE = "iOS17-UITraitChangeObservable/Info.plist";
				INFOPLIST_KEY_UIApplicationSupportsIndirectInputEvents = YES;
				INFOPLIST_KEY_UILaunchStoryboardName = LaunchScreen;
				INFOPLIST_KEY_UIMainStoryboardFile = Main;
				INFOPLIST_KEY_UISupportedInterfaceOrientations_iPad = "UIInterfaceOrientationPortrait UIInterfaceOrientationPortraitUpsideDown UIInterfaceOrientationLandscapeLeft UIInterfaceOrientationLandscapeRight";
				INFOPLIST_KEY_UISupportedInterfaceOrientations_iPhone = "UIInterfaceOrientationPortrait UIInterfaceOrientationLandscapeLeft UIInterfaceOrientationLandscapeRight";
				LD_RUNPATH_SEARCH_PATHS = (
					"$(inherited)",
					"@executable_path/Frameworks",
				);
				MARKETING_VERSION = 1.0;
				PRODUCT_BUNDLE_IDENTIFIER = "yf.developer.cn.iOS17-UITraitChangeObservable";
				PRODUCT_NAME = "$(TARGET_NAME)";
				SWIFT_EMIT_LOC_STRINGS = YES;
				SWIFT_VERSION = 5.0;
				TARGETED_DEVICE_FAMILY = "1,2";
			};
			name = Release;
		};
		3CC752ED2AF248E8006AFF18 /* Debug */ = {
			isa = XCBuildConfiguration;
			buildSettings = {
				ALWAYS_EMBED_SWIFT_STANDARD_LIBRARIES = YES;
				BUNDLE_LOADER = "$(TEST_HOST)";
				CODE_SIGN_STYLE = Automatic;
				CURRENT_PROJECT_VERSION = 1;
				DEVELOPMENT_TEAM = QF8H8R2NAV;
				GENERATE_INFOPLIST_FILE = YES;
				IPHONEOS_DEPLOYMENT_TARGET = 17.0;
				MARKETING_VERSION = 1.0;
				PRODUCT_BUNDLE_IDENTIFIER = "yf.developer.cn.iOS17-UITraitChangeObservableTests";
				PRODUCT_NAME = "$(TARGET_NAME)";
				SWIFT_EMIT_LOC_STRINGS = NO;
				SWIFT_VERSION = 5.0;
				TARGETED_DEVICE_FAMILY = "1,2";
				TEST_HOST = "$(BUILT_PRODUCTS_DIR)/iOS17-UITraitChangeObservable.app/$(BUNDLE_EXECUTABLE_FOLDER_PATH)/iOS17-UITraitChangeObservable";
			};
			name = Debug;
		};
		3CC752EE2AF248E8006AFF18 /* Release */ = {
			isa = XCBuildConfiguration;
			buildSettings = {
				ALWAYS_EMBED_SWIFT_STANDARD_LIBRARIES = YES;
				BUNDLE_LOADER = "$(TEST_HOST)";
				CODE_SIGN_STYLE = Automatic;
				CURRENT_PROJECT_VERSION = 1;
				DEVELOPMENT_TEAM = QF8H8R2NAV;
				GENERATE_INFOPLIST_FILE = YES;
				IPHONEOS_DEPLOYMENT_TARGET = 17.0;
				MARKETING_VERSION = 1.0;
				PRODUCT_BUNDLE_IDENTIFIER = "yf.developer.cn.iOS17-UITraitChangeObservableTests";
				PRODUCT_NAME = "$(TARGET_NAME)";
				SWIFT_EMIT_LOC_STRINGS = NO;
				SWIFT_VERSION = 5.0;
				TARGETED_DEVICE_FAMILY = "1,2";
				TEST_HOST = "$(BUILT_PRODUCTS_DIR)/iOS17-UITraitChangeObservable.app/$(BUNDLE_EXECUTABLE_FOLDER_PATH)/iOS17-UITraitChangeObservable";
			};
			name = Release;
		};
		3CC752F02AF248E8006AFF18 /* Debug */ = {
			isa = XCBuildConfiguration;
			buildSettings = {
				ALWAYS_EMBED_SWIFT_STANDARD_LIBRARIES = YES;
				CODE_SIGN_STYLE = Automatic;
				CURRENT_PROJECT_VERSION = 1;
				DEVELOPMENT_TEAM = QF8H8R2NAV;
				GENERATE_INFOPLIST_FILE = YES;
				MARKETING_VERSION = 1.0;
				PRODUCT_BUNDLE_IDENTIFIER = "yf.developer.cn.iOS17-UITraitChangeObservableUITests";
				PRODUCT_NAME = "$(TARGET_NAME)";
				SWIFT_EMIT_LOC_STRINGS = NO;
				SWIFT_VERSION = 5.0;
				TARGETED_DEVICE_FAMILY = "1,2";
				TEST_TARGET_NAME = "iOS17-UITraitChangeObservable";
			};
			name = Debug;
		};
		3CC752F12AF248E8006AFF18 /* Release */ = {
			isa = XCBuildConfiguration;
			buildSettings = {
				ALWAYS_EMBED_SWIFT_STANDARD_LIBRARIES = YES;
				CODE_SIGN_STYLE = Automatic;
				CURRENT_PROJECT_VERSION = 1;
				DEVELOPMENT_TEAM = QF8H8R2NAV;
				GENERATE_INFOPLIST_FILE = YES;
				MARKETING_VERSION = 1.0;
				PRODUCT_BUNDLE_IDENTIFIER = "yf.developer.cn.iOS17-UITraitChangeObservableUITests";
				PRODUCT_NAME = "$(TARGET_NAME)";
				SWIFT_EMIT_LOC_STRINGS = NO;
				SWIFT_VERSION = 5.0;
				TARGETED_DEVICE_FAMILY = "1,2";
				TEST_TARGET_NAME = "iOS17-UITraitChangeObservable";
			};
			name = Release;
		};
/* End XCBuildConfiguration section */

/* Begin XCConfigurationList section */
		3CC752BA2AF248E6006AFF18 /* Build configuration list for PBXProject "iOS17-UITraitChangeObservable" */ = {
			isa = XCConfigurationList;
			buildConfigurations = (
				3CC752E72AF248E8006AFF18 /* Debug */,
				3CC752E82AF248E8006AFF18 /* Release */,
			);
			defaultConfigurationIsVisible = 0;
			defaultConfigurationName = Release;
		};
		3CC752E92AF248E8006AFF18 /* Build configuration list for PBXNativeTarget "iOS17-UITraitChangeObservable" */ = {
			isa = XCConfigurationList;
			buildConfigurations = (
				3CC752EA2AF248E8006AFF18 /* Debug */,
				3CC752EB2AF248E8006AFF18 /* Release */,
			);
			defaultConfigurationIsVisible = 0;
			defaultConfigurationName = Release;
		};
		3CC752EC2AF248E8006AFF18 /* Build configuration list for PBXNativeTarget "iOS17-UITraitChangeObservableTests" */ = {
			isa = XCConfigurationList;
			buildConfigurations = (
				3CC752ED2AF248E8006AFF18 /* Debug */,
				3CC752EE2AF248E8006AFF18 /* Release */,
			);
			defaultConfigurationIsVisible = 0;
			defaultConfigurationName = Release;
		};
		3CC752EF2AF248E8006AFF18 /* Build configuration list for PBXNativeTarget "iOS17-UITraitChangeObservableUITests" */ = {
			isa = XCConfigurationList;
			buildConfigurations = (
				3CC752F02AF248E8006AFF18 /* Debug */,
				3CC752F12AF248E8006AFF18 /* Release */,
			);
			defaultConfigurationIsVisible = 0;
			defaultConfigurationName = Release;
		};
/* End XCConfigurationList section */
	};
	rootObject = 3CC752B72AF248E6006AFF18 /* Project object */;
}
